{
  "version": 4,
  "terraform_version": "1.4.6",
  "serial": 33,
  "lineage": "9cc1198e-4a31-ae6e-7e4b-f31faeeee7c5",
  "outputs": {},
  "resources": [
    {
      "mode": "data",
      "type": "aws_caller_identity",
      "name": "aws-asset-acct",
      "provider": "provider[\"registry.terraform.io/hashicorp/aws\"].asset-acct",
      "instances": [
        {
          "schema_version": 0,
          "attributes": {
            "account_id": "946429944765",
            "arn": "arn:aws:iam::946429944765:user/sameer.wadkar",
            "id": "946429944765",
            "user_id": "AIDA5YW464O65RDLJEBJ4"
          },
          "sensitive_attributes": []
        }
      ]
    },
    {
      "mode": "data",
      "type": "aws_caller_identity",
      "name": "domino-eks-acct",
      "provider": "provider[\"registry.terraform.io/hashicorp/aws\"]",
      "instances": [
        {
          "schema_version": 0,
          "attributes": {
            "account_id": "946429944765",
            "arn": "arn:aws:iam::946429944765:user/sameer.wadkar",
            "id": "946429944765",
            "user_id": "AIDA5YW464O65RDLJEBJ4"
          },
          "sensitive_attributes": []
        }
      ]
    },
    {
      "mode": "data",
      "type": "aws_eks_cluster",
      "name": "domino-cluster",
      "provider": "provider[\"registry.terraform.io/hashicorp/aws\"]",
      "instances": [
        {
          "schema_version": 0,
          "attributes": {
            "arn": "arn:aws:eks:us-west-2:946429944765:cluster/swdemo27806",
            "certificate_authority": [
              {
                "data": "LS0tLS1CRUdJTiBDRVJUSUZJQ0FURS0tLS0tCk1JSURCVENDQWUyZ0F3SUJBZ0lJUW1STGh0Q0lHRGd3RFFZSktvWklodmNOQVFFTEJRQXdGVEVUTUJFR0ExVUUKQXhNS2EzVmlaWEp1WlhSbGN6QWVGdzB5TXpFeE1EZ3hOakV5TURWYUZ3MHpNekV4TURVeE5qRTNNRFZhTUJVeApFekFSQmdOVkJBTVRDbXQxWW1WeWJtVjBaWE13Z2dFaU1BMEdDU3FHU0liM0RRRUJBUVVBQTRJQkR3QXdnZ0VLCkFvSUJBUURUWmEwVlpUOFBMUzlld09XMDg5YXAyOFltcFVnR2tIZVNSdmpXK1BxK0hPTEsxbFd6eU53TWRybzcKdHpRTk5RSjlvNzFtcE91ZnczNlJGbGhQZU9wL0M1a25VRVZwK2R3TzFQTlpoVzNpOWdwWjVONG9TMG5DTkMwcwp0eHBzRnEvUjUvWUpyR2ZKVmxpellmWDRidVRJZDIvODNBTmRUNWlTQzkvVTlZeTZ1elI1RFJ5YTZ3RjU0YWpnCk5tTlVsQjNwNVhuZVdsbFNmdjBneG14bUZxUFB5dGY5b3FCcHg5TjNLVUpCWEtuKzJ0T2szT1FrMmFkZEZObEgKZEoxQTBpaWhoUU9udkEyb0lXUzYwTmVzNGROK05NOTU4WkRidFNpVmhwQ3poWW9HMEtCQ2JQNmpraUwzUDNPSwpHS2Z4LzdHMDhhUXJ1QVl1TmhuMDlzV1dzT2JMQWdNQkFBR2pXVEJYTUE0R0ExVWREd0VCL3dRRUF3SUNwREFQCkJnTlZIUk1CQWY4RUJUQURBUUgvTUIwR0ExVWREZ1FXQkJRQjdXRTdUdFdPM1JBQVFLVDJkWWgrMUQzcUZEQVYKQmdOVkhSRUVEakFNZ2dwcmRXSmxjbTVsZEdWek1BMEdDU3FHU0liM0RRRUJDd1VBQTRJQkFRQzZMUy9mdENBUQo3OGl4VS9RTUd2c3B2aGUzZlFhbkMxazJUNWk1WXVEQWx3ekFDeEZ1YnYzcEtkT2hadlQ3YVNCbytRM3hiWGhoCmZOSjRVeGc4amJBd2pxSk5EWS9pSC8wT3duTllVRk1EVTJQVkVwRmREZVdNcmU5TVlRNVNjRDVvaCtzV0Q4b3YKTks1V3RQNWRjY2RFdzcyb2Y2ZktrZU5QM3VsOFk1RVBHd1Y0d3BhU3lUbW9CTDlTWmZ5Q3hUOFJWUU5pYmtzbgp6QzhLU3FnRkJmVzFUVUs3Sm95RXI1MTRidWFUQzh5di82djJtWHJnek53eWtycE00NUYrcm9UVHdYRkNXRkQ3Ck15THZiVjBmZmxqRVFMdHVtQkpRdVZxZEJhOVZKcEx3TVpJRXJJRmdTcjluelRObFRkUzd6RGhJVFBwRzhXS3oKanlWZkgwa1MzaUduCi0tLS0tRU5EIENFUlRJRklDQVRFLS0tLS0K"
              }
            ],
            "cluster_id": null,
            "created_at": "2023-11-08 16:13:03.889 +0000 UTC",
            "enabled_cluster_log_types": [
              "api",
              "audit",
              "authenticator",
              "controllerManager",
              "scheduler"
            ],
            "endpoint": "https://CE43713C833C45CD4B04FB618078555B.gr7.us-west-2.eks.amazonaws.com",
            "id": "swdemo27806",
            "identity": [
              {
                "oidc": [
                  {
                    "issuer": "https://oidc.eks.us-west-2.amazonaws.com/id/CE43713C833C45CD4B04FB618078555B"
                  }
                ]
              }
            ],
            "kubernetes_network_config": [
              {
                "ip_family": "ipv4",
                "service_ipv4_cidr": "172.20.0.0/16",
                "service_ipv6_cidr": ""
              }
            ],
            "name": "swdemo27806",
            "outpost_config": [],
            "platform_version": "eks.3",
            "role_arn": "arn:aws:iam::946429944765:role/swdemo27806-eks",
            "status": "ACTIVE",
            "tags": {
              "artifacts_image_tag": "dummy",
              "build_timestamp": "2023-11-08T16:08:43.959126",
              "customer_name": "bridgewaters",
              "deploy_id": "swdemo27806",
              "deploy_tag": "latest",
              "deploy_type": "dev-aws-eks",
              "infosec_accountability": "Domino CloudOps",
              "infosec_classification": "sensitive",
              "infosec_purpose": "Domino Deployment",
              "user_email": "sameer.wadkar@dominodatalab.com"
            },
            "version": "1.28",
            "vpc_config": [
              {
                "cluster_security_group_id": "sg-0df13a1c0b3b52a85",
                "endpoint_private_access": true,
                "endpoint_public_access": false,
                "public_access_cidrs": [],
                "security_group_ids": [
                  "sg-0ed2ef04926dd5668"
                ],
                "subnet_ids": [
                  "subnet-0a4b65ba0f7d4ffbb",
                  "subnet-0cf66a9d6388e288b"
                ],
                "vpc_id": "vpc-09a4739007a0510be"
              }
            ]
          },
          "sensitive_attributes": []
        }
      ]
    },
    {
      "mode": "data",
      "type": "aws_iam_openid_connect_provider",
      "name": "domino-cluster-provider",
      "provider": "provider[\"registry.terraform.io/hashicorp/aws\"]",
      "instances": [
        {
          "schema_version": 0,
          "attributes": {
            "arn": "arn:aws:iam::946429944765:oidc-provider/oidc.eks.us-west-2.amazonaws.com/id/CE43713C833C45CD4B04FB618078555B",
            "client_id_list": [
              "sts.amazonaws.com"
            ],
            "id": "arn:aws:iam::946429944765:oidc-provider/oidc.eks.us-west-2.amazonaws.com/id/CE43713C833C45CD4B04FB618078555B",
            "tags": {
              "artifacts_image_tag": "dummy",
              "build_timestamp": "2023-11-08T16:08:43.959126",
              "customer_name": "bridgewaters",
              "deploy_id": "swdemo27806",
              "deploy_tag": "latest",
              "deploy_type": "dev-aws-eks",
              "infosec_accountability": "Domino CloudOps",
              "infosec_classification": "sensitive",
              "infosec_purpose": "Domino Deployment",
              "user_email": "sameer.wadkar@dominodatalab.com"
            },
            "thumbprint_list": [
              "9e99a48a9960b14926bb7f3b02e22da2b0ab7280",
              "06b25927c42a721631c1efd9431e648fa62e1e39",
              "2ad974a775f73cbdbbd8f5ac3a49255fa8fb1f8c",
              "e1d31a1f94725daaef02dcf1c1bb0ff4a28a6060"
            ],
            "url": "oidc.eks.us-west-2.amazonaws.com/id/CE43713C833C45CD4B04FB618078555B"
          },
          "sensitive_attributes": []
        }
      ]
    },
    {
      "mode": "data",
      "type": "aws_iam_policy_document",
      "name": "domino-eks-irsa-role-trust-policy",
      "provider": "provider[\"registry.terraform.io/hashicorp/aws\"]",
      "instances": [
        {
          "schema_version": 0,
          "attributes": {
            "id": "1390766392",
            "json": "{\n  \"Version\": \"2012-10-17\",\n  \"Statement\": [\n    {\n      \"Effect\": \"Allow\",\n      \"Action\": \"sts:AssumeRoleWithWebIdentity\",\n      \"Principal\": {\n        \"Federated\": \"arn:aws:iam::946429944765:oidc-provider/oidc.eks.us-west-2.amazonaws.com/id/CE43713C833C45CD4B04FB618078555B\"\n      },\n      \"Condition\": {\n        \"StringEquals\": {\n          \"oidc.eks.us-west-2.amazonaws.com/id/CE43713C833C45CD4B04FB618078555B:sub\": \"system:serviceaccount:domino-field:irsa\"\n        }\n      }\n    }\n  ]\n}",
            "override_policy_documents": null,
            "policy_id": null,
            "source_policy_documents": null,
            "statement": [
              {
                "actions": [
                  "sts:AssumeRoleWithWebIdentity"
                ],
                "condition": [
                  {
                    "test": "StringEquals",
                    "values": [
                      "system:serviceaccount:domino-field:irsa"
                    ],
                    "variable": "oidc.eks.us-west-2.amazonaws.com/id/CE43713C833C45CD4B04FB618078555B:sub"
                  }
                ],
                "effect": "Allow",
                "not_actions": [],
                "not_principals": [],
                "not_resources": [],
                "principals": [
                  {
                    "identifiers": [
                      "arn:aws:iam::946429944765:oidc-provider/oidc.eks.us-west-2.amazonaws.com/id/CE43713C833C45CD4B04FB618078555B"
                    ],
                    "type": "Federated"
                  }
                ],
                "resources": [],
                "sid": ""
              }
            ],
            "version": "2012-10-17"
          },
          "sensitive_attributes": []
        }
      ]
    },
    {
      "mode": "data",
      "type": "aws_iam_policy_document",
      "name": "domino-irsa-svc-policy",
      "provider": "provider[\"registry.terraform.io/hashicorp/aws\"]",
      "instances": [
        {
          "schema_version": 0,
          "attributes": {
            "id": "1336220789",
            "json": "{\n  \"Version\": \"2012-10-17\",\n  \"Statement\": [\n    {\n      \"Sid\": \"IRSAAdmin\",\n      \"Effect\": \"Allow\",\n      \"Action\": [\n        \"iam:UpdateAssumeRolePolicy\",\n        \"iam:PutRolePolicy\",\n        \"iam:ListRoles\",\n        \"iam:ListRolePolicies\",\n        \"iam:ListPolicyVersions\",\n        \"iam:ListPolicies\",\n        \"iam:GetRole\"\n      ],\n      \"Resource\": [\n        \"arn:aws:iam::946429944765:role/sw-domino-proxy-project4-role-1\",\n        \"arn:aws:iam::946429944765:role/sw-domino-proxy-project3-role-1\",\n        \"arn:aws:iam::946429944765:role/sw-domino-proxy-project2-role-1\",\n        \"arn:aws:iam::946429944765:role/sw-domino-proxy-project1-role-1\"\n      ]\n    }\n  ]\n}",
            "override_policy_documents": null,
            "policy_id": null,
            "source_policy_documents": null,
            "statement": [
              {
                "actions": [
                  "iam:GetRole",
                  "iam:ListPolicies",
                  "iam:ListPolicyVersions",
                  "iam:ListRolePolicies",
                  "iam:ListRoles",
                  "iam:PutRolePolicy",
                  "iam:UpdateAssumeRolePolicy"
                ],
                "condition": [],
                "effect": "Allow",
                "not_actions": [],
                "not_principals": [],
                "not_resources": [],
                "principals": [],
                "resources": [
                  "arn:aws:iam::946429944765:role/sw-domino-proxy-project1-role-1",
                  "arn:aws:iam::946429944765:role/sw-domino-proxy-project2-role-1",
                  "arn:aws:iam::946429944765:role/sw-domino-proxy-project3-role-1",
                  "arn:aws:iam::946429944765:role/sw-domino-proxy-project4-role-1"
                ],
                "sid": "IRSAAdmin"
              }
            ],
            "version": "2012-10-17"
          },
          "sensitive_attributes": []
        }
      ]
    },
    {
      "mode": "data",
      "type": "aws_iam_policy_document",
      "name": "workload-1-policy",
      "provider": "provider[\"registry.terraform.io/hashicorp/aws\"].asset-acct",
      "instances": [
        {
          "schema_version": 0,
          "attributes": {
            "id": "2134818338",
            "json": "{\n  \"Version\": \"2012-10-17\",\n  \"Statement\": [\n    {\n      \"Effect\": \"Allow\",\n      \"Action\": \"s3:ListBucket\",\n      \"Resource\": \"*\"\n    }\n  ]\n}",
            "override_policy_documents": null,
            "policy_id": null,
            "source_policy_documents": null,
            "statement": [
              {
                "actions": [
                  "s3:ListBucket"
                ],
                "condition": [],
                "effect": "Allow",
                "not_actions": [],
                "not_principals": [],
                "not_resources": [],
                "principals": [],
                "resources": [
                  "*"
                ],
                "sid": ""
              }
            ],
            "version": "2012-10-17"
          },
          "sensitive_attributes": []
        }
      ]
    },
    {
      "mode": "data",
      "type": "aws_iam_policy_document",
      "name": "workload-2-policy",
      "provider": "provider[\"registry.terraform.io/hashicorp/aws\"].asset-acct",
      "instances": [
        {
          "schema_version": 0,
          "attributes": {
            "id": "2134818338",
            "json": "{\n  \"Version\": \"2012-10-17\",\n  \"Statement\": [\n    {\n      \"Effect\": \"Allow\",\n      \"Action\": \"s3:ListBucket\",\n      \"Resource\": \"*\"\n    }\n  ]\n}",
            "override_policy_documents": null,
            "policy_id": null,
            "source_policy_documents": null,
            "statement": [
              {
                "actions": [
                  "s3:ListBucket"
                ],
                "condition": [],
                "effect": "Allow",
                "not_actions": [],
                "not_principals": [],
                "not_resources": [],
                "principals": [],
                "resources": [
                  "*"
                ],
                "sid": ""
              }
            ],
            "version": "2012-10-17"
          },
          "sensitive_attributes": []
        }
      ]
    },
    {
      "mode": "data",
      "type": "aws_iam_policy_document",
      "name": "workload-3-policy",
      "provider": "provider[\"registry.terraform.io/hashicorp/aws\"].asset-acct",
      "instances": [
        {
          "schema_version": 0,
          "attributes": {
            "id": "2134818338",
            "json": "{\n  \"Version\": \"2012-10-17\",\n  \"Statement\": [\n    {\n      \"Effect\": \"Allow\",\n      \"Action\": \"s3:ListBucket\",\n      \"Resource\": \"*\"\n    }\n  ]\n}",
            "override_policy_documents": null,
            "policy_id": null,
            "source_policy_documents": null,
            "statement": [
              {
                "actions": [
                  "s3:ListBucket"
                ],
                "condition": [],
                "effect": "Allow",
                "not_actions": [],
                "not_principals": [],
                "not_resources": [],
                "principals": [],
                "resources": [
                  "*"
                ],
                "sid": ""
              }
            ],
            "version": "2012-10-17"
          },
          "sensitive_attributes": []
        }
      ]
    },
    {
      "mode": "data",
      "type": "aws_iam_policy_document",
      "name": "workload-4-policy",
      "provider": "provider[\"registry.terraform.io/hashicorp/aws\"].asset-acct",
      "instances": [
        {
          "schema_version": 0,
          "attributes": {
            "id": "2134818338",
            "json": "{\n  \"Version\": \"2012-10-17\",\n  \"Statement\": [\n    {\n      \"Effect\": \"Allow\",\n      \"Action\": \"s3:ListBucket\",\n      \"Resource\": \"*\"\n    }\n  ]\n}",
            "override_policy_documents": null,
            "policy_id": null,
            "source_policy_documents": null,
            "statement": [
              {
                "actions": [
                  "s3:ListBucket"
                ],
                "condition": [],
                "effect": "Allow",
                "not_actions": [],
                "not_principals": [],
                "not_resources": [],
                "principals": [],
                "resources": [
                  "*"
                ],
                "sid": ""
              }
            ],
            "version": "2012-10-17"
          },
          "sensitive_attributes": []
        }
      ]
    },
    {
      "mode": "managed",
      "type": "aws_iam_policy",
      "name": "domino-irsa-svc-policy",
      "provider": "provider[\"registry.terraform.io/hashicorp/aws\"]",
      "instances": [
        {
          "schema_version": 0,
          "attributes": {
            "arn": "arn:aws:iam::946429944765:policy/sw-domino-irsa-svc-role-policy",
            "description": "",
            "id": "arn:aws:iam::946429944765:policy/sw-domino-irsa-svc-role-policy",
            "name": "sw-domino-irsa-svc-role-policy",
            "name_prefix": "",
            "path": "/",
            "policy": "{\"Statement\":[{\"Action\":[\"iam:UpdateAssumeRolePolicy\",\"iam:PutRolePolicy\",\"iam:ListRoles\",\"iam:ListRolePolicies\",\"iam:ListPolicyVersions\",\"iam:ListPolicies\",\"iam:GetRole\"],\"Effect\":\"Allow\",\"Resource\":[\"arn:aws:iam::946429944765:role/sw-domino-proxy-project4-role-1\",\"arn:aws:iam::946429944765:role/sw-domino-proxy-project3-role-1\",\"arn:aws:iam::946429944765:role/sw-domino-proxy-project2-role-1\",\"arn:aws:iam::946429944765:role/sw-domino-proxy-project1-role-1\"],\"Sid\":\"IRSAAdmin\"}],\"Version\":\"2012-10-17\"}",
            "policy_id": "ANPA5YW464O6VFGPOOVK5",
            "tags": null,
            "tags_all": {}
          },
          "sensitive_attributes": [],
          "private": "bnVsbA==",
          "dependencies": [
            "data.aws_iam_policy_document.domino-irsa-svc-policy",
            "module.irsa_proxy_role1.aws_iam_policy.domino-irsa-proxy-policy",
            "module.irsa_proxy_role1.aws_iam_role.domino-irsa-proxy",
            "module.irsa_proxy_role1.aws_iam_role_policy_attachment.domino-irsa-proxy",
            "module.irsa_proxy_role1.data.aws_caller_identity.current",
            "module.irsa_proxy_role1.data.aws_eks_cluster.domino-cluster",
            "module.irsa_proxy_role1.data.aws_iam_openid_connect_provider.domino-cluster-provider",
            "module.irsa_proxy_role1.data.aws_iam_policy_document.domino-irsa-proxy-policy",
            "module.irsa_proxy_role1.data.aws_iam_policy_document.irsa-proxy-role-trust-policy",
            "module.irsa_proxy_role2.aws_iam_policy.domino-irsa-proxy-policy",
            "module.irsa_proxy_role2.aws_iam_role.domino-irsa-proxy",
            "module.irsa_proxy_role2.aws_iam_role_policy_attachment.domino-irsa-proxy",
            "module.irsa_proxy_role2.data.aws_caller_identity.current",
            "module.irsa_proxy_role2.data.aws_eks_cluster.domino-cluster",
            "module.irsa_proxy_role2.data.aws_iam_openid_connect_provider.domino-cluster-provider",
            "module.irsa_proxy_role2.data.aws_iam_policy_document.domino-irsa-proxy-policy",
            "module.irsa_proxy_role2.data.aws_iam_policy_document.irsa-proxy-role-trust-policy",
            "module.irsa_proxy_role3.aws_iam_policy.domino-irsa-proxy-policy",
            "module.irsa_proxy_role3.aws_iam_role.domino-irsa-proxy",
            "module.irsa_proxy_role3.aws_iam_role_policy_attachment.domino-irsa-proxy",
            "module.irsa_proxy_role3.data.aws_caller_identity.current",
            "module.irsa_proxy_role3.data.aws_eks_cluster.domino-cluster",
            "module.irsa_proxy_role3.data.aws_iam_openid_connect_provider.domino-cluster-provider",
            "module.irsa_proxy_role3.data.aws_iam_policy_document.domino-irsa-proxy-policy",
            "module.irsa_proxy_role3.data.aws_iam_policy_document.irsa-proxy-role-trust-policy",
            "module.irsa_proxy_role4.aws_iam_policy.domino-irsa-proxy-policy",
            "module.irsa_proxy_role4.aws_iam_role.domino-irsa-proxy",
            "module.irsa_proxy_role4.aws_iam_role_policy_attachment.domino-irsa-proxy",
            "module.irsa_proxy_role4.data.aws_caller_identity.current",
            "module.irsa_proxy_role4.data.aws_eks_cluster.domino-cluster",
            "module.irsa_proxy_role4.data.aws_iam_openid_connect_provider.domino-cluster-provider",
            "module.irsa_proxy_role4.data.aws_iam_policy_document.domino-irsa-proxy-policy",
            "module.irsa_proxy_role4.data.aws_iam_policy_document.irsa-proxy-role-trust-policy"
          ]
        }
      ]
    },
    {
      "mode": "managed",
      "type": "aws_iam_policy",
      "name": "irsa-workload-1-policy",
      "provider": "provider[\"registry.terraform.io/hashicorp/aws\"].asset-acct",
      "instances": [
        {
          "schema_version": 0,
          "attributes": {
            "arn": "arn:aws:iam::946429944765:policy/sw-domino-project1-policy",
            "description": "",
            "id": "arn:aws:iam::946429944765:policy/sw-domino-project1-policy",
            "name": "sw-domino-project1-policy",
            "name_prefix": "",
            "path": "/",
            "policy": "{\"Statement\":[{\"Action\":\"s3:ListBucket\",\"Effect\":\"Allow\",\"Resource\":\"*\"}],\"Version\":\"2012-10-17\"}",
            "policy_id": "ANPA5YW464O6WADPYPFVN",
            "tags": null,
            "tags_all": {}
          },
          "sensitive_attributes": [],
          "private": "bnVsbA==",
          "dependencies": [
            "data.aws_iam_policy_document.workload-1-policy"
          ]
        }
      ]
    },
    {
      "mode": "managed",
      "type": "aws_iam_policy",
      "name": "irsa-workload-2-policy",
      "provider": "provider[\"registry.terraform.io/hashicorp/aws\"].asset-acct",
      "instances": [
        {
          "schema_version": 0,
          "attributes": {
            "arn": "arn:aws:iam::946429944765:policy/sw-domino-project2-policy",
            "description": "",
            "id": "arn:aws:iam::946429944765:policy/sw-domino-project2-policy",
            "name": "sw-domino-project2-policy",
            "name_prefix": "",
            "path": "/",
            "policy": "{\"Statement\":[{\"Action\":\"s3:ListBucket\",\"Effect\":\"Allow\",\"Resource\":\"*\"}],\"Version\":\"2012-10-17\"}",
            "policy_id": "ANPA5YW464O66LQELGEC3",
            "tags": null,
            "tags_all": {}
          },
          "sensitive_attributes": [],
          "private": "bnVsbA==",
          "dependencies": [
            "data.aws_iam_policy_document.workload-2-policy"
          ]
        }
      ]
    },
    {
      "mode": "managed",
      "type": "aws_iam_policy",
      "name": "irsa-workload-3-policy",
      "provider": "provider[\"registry.terraform.io/hashicorp/aws\"].asset-acct",
      "instances": [
        {
          "schema_version": 0,
          "attributes": {
            "arn": "arn:aws:iam::946429944765:policy/sw-domino-project3-policy",
            "description": "",
            "id": "arn:aws:iam::946429944765:policy/sw-domino-project3-policy",
            "name": "sw-domino-project3-policy",
            "name_prefix": "",
            "path": "/",
            "policy": "{\"Statement\":[{\"Action\":\"s3:ListBucket\",\"Effect\":\"Allow\",\"Resource\":\"*\"}],\"Version\":\"2012-10-17\"}",
            "policy_id": "ANPA5YW464O63GKIZOP5D",
            "tags": null,
            "tags_all": {}
          },
          "sensitive_attributes": [],
          "private": "bnVsbA==",
          "dependencies": [
            "data.aws_iam_policy_document.workload-3-policy"
          ]
        }
      ]
    },
    {
      "mode": "managed",
      "type": "aws_iam_policy",
      "name": "irsa-workload-4-policy",
      "provider": "provider[\"registry.terraform.io/hashicorp/aws\"].asset-acct",
      "instances": [
        {
          "schema_version": 0,
          "attributes": {
            "arn": "arn:aws:iam::946429944765:policy/sw-domino-project4-policy",
            "description": "",
            "id": "arn:aws:iam::946429944765:policy/sw-domino-project4-policy",
            "name": "sw-domino-project4-policy",
            "name_prefix": "",
            "path": "/",
            "policy": "{\"Statement\":[{\"Action\":\"s3:ListBucket\",\"Effect\":\"Allow\",\"Resource\":\"*\"}],\"Version\":\"2012-10-17\"}",
            "policy_id": "ANPA5YW464O6Y533GRM6G",
            "tags": null,
            "tags_all": {}
          },
          "sensitive_attributes": [],
          "private": "bnVsbA==",
          "dependencies": [
            "data.aws_iam_policy_document.workload-4-policy"
          ]
        }
      ]
    },
    {
      "mode": "managed",
      "type": "aws_iam_role",
      "name": "domino-irsa-svc",
      "provider": "provider[\"registry.terraform.io/hashicorp/aws\"]",
      "instances": [
        {
          "schema_version": 0,
          "attributes": {
            "arn": "arn:aws:iam::946429944765:role/sw-domino-irsa-svc-role",
            "assume_role_policy": "{\"Statement\":[{\"Action\":\"sts:AssumeRoleWithWebIdentity\",\"Condition\":{\"StringEquals\":{\"oidc.eks.us-west-2.amazonaws.com/id/CE43713C833C45CD4B04FB618078555B:sub\":\"system:serviceaccount:domino-field:irsa\"}},\"Effect\":\"Allow\",\"Principal\":{\"Federated\":\"arn:aws:iam::946429944765:oidc-provider/oidc.eks.us-west-2.amazonaws.com/id/CE43713C833C45CD4B04FB618078555B\"}}],\"Version\":\"2012-10-17\"}",
            "create_date": "2023-11-08T19:14:34Z",
            "description": "",
            "force_detach_policies": false,
            "id": "sw-domino-irsa-svc-role",
            "inline_policy": [],
            "managed_policy_arns": [],
            "max_session_duration": 3600,
            "name": "sw-domino-irsa-svc-role",
            "name_prefix": "",
            "path": "/",
            "permissions_boundary": "",
            "tags": null,
            "tags_all": {},
            "unique_id": "AROA5YW464O6342IJ3DLC"
          },
          "sensitive_attributes": [],
          "private": "bnVsbA==",
          "dependencies": [
            "data.aws_iam_policy_document.domino-eks-irsa-role-trust-policy"
          ]
        }
      ]
    },
    {
      "mode": "managed",
      "type": "aws_iam_role_policy_attachment",
      "name": "domino-irsa-svc",
      "provider": "provider[\"registry.terraform.io/hashicorp/aws\"]",
      "instances": [
        {
          "schema_version": 0,
          "attributes": {
            "id": "sw-domino-irsa-svc-role-20231108191437152800000005",
            "policy_arn": "arn:aws:iam::946429944765:policy/sw-domino-irsa-svc-role-policy",
            "role": "sw-domino-irsa-svc-role"
          },
          "sensitive_attributes": [],
          "private": "bnVsbA==",
          "dependencies": [
            "aws_iam_policy.domino-irsa-svc-policy",
            "aws_iam_role.domino-irsa-svc",
            "data.aws_iam_policy_document.domino-eks-irsa-role-trust-policy",
            "data.aws_iam_policy_document.domino-irsa-svc-policy",
            "module.irsa_proxy_role1.aws_iam_policy.domino-irsa-proxy-policy",
            "module.irsa_proxy_role1.aws_iam_role.domino-irsa-proxy",
            "module.irsa_proxy_role1.aws_iam_role_policy_attachment.domino-irsa-proxy",
            "module.irsa_proxy_role1.data.aws_caller_identity.current",
            "module.irsa_proxy_role1.data.aws_eks_cluster.domino-cluster",
            "module.irsa_proxy_role1.data.aws_iam_openid_connect_provider.domino-cluster-provider",
            "module.irsa_proxy_role1.data.aws_iam_policy_document.domino-irsa-proxy-policy",
            "module.irsa_proxy_role1.data.aws_iam_policy_document.irsa-proxy-role-trust-policy",
            "module.irsa_proxy_role2.aws_iam_policy.domino-irsa-proxy-policy",
            "module.irsa_proxy_role2.aws_iam_role.domino-irsa-proxy",
            "module.irsa_proxy_role2.aws_iam_role_policy_attachment.domino-irsa-proxy",
            "module.irsa_proxy_role2.data.aws_caller_identity.current",
            "module.irsa_proxy_role2.data.aws_eks_cluster.domino-cluster",
            "module.irsa_proxy_role2.data.aws_iam_openid_connect_provider.domino-cluster-provider",
            "module.irsa_proxy_role2.data.aws_iam_policy_document.domino-irsa-proxy-policy",
            "module.irsa_proxy_role2.data.aws_iam_policy_document.irsa-proxy-role-trust-policy",
            "module.irsa_proxy_role3.aws_iam_policy.domino-irsa-proxy-policy",
            "module.irsa_proxy_role3.aws_iam_role.domino-irsa-proxy",
            "module.irsa_proxy_role3.aws_iam_role_policy_attachment.domino-irsa-proxy",
            "module.irsa_proxy_role3.data.aws_caller_identity.current",
            "module.irsa_proxy_role3.data.aws_eks_cluster.domino-cluster",
            "module.irsa_proxy_role3.data.aws_iam_openid_connect_provider.domino-cluster-provider",
            "module.irsa_proxy_role3.data.aws_iam_policy_document.domino-irsa-proxy-policy",
            "module.irsa_proxy_role3.data.aws_iam_policy_document.irsa-proxy-role-trust-policy",
            "module.irsa_proxy_role4.aws_iam_policy.domino-irsa-proxy-policy",
            "module.irsa_proxy_role4.aws_iam_role.domino-irsa-proxy",
            "module.irsa_proxy_role4.aws_iam_role_policy_attachment.domino-irsa-proxy",
            "module.irsa_proxy_role4.data.aws_caller_identity.current",
            "module.irsa_proxy_role4.data.aws_eks_cluster.domino-cluster",
            "module.irsa_proxy_role4.data.aws_iam_openid_connect_provider.domino-cluster-provider",
            "module.irsa_proxy_role4.data.aws_iam_policy_document.domino-irsa-proxy-policy",
            "module.irsa_proxy_role4.data.aws_iam_policy_document.irsa-proxy-role-trust-policy"
          ]
        }
      ]
    },
    {
      "mode": "managed",
      "type": "aws_iam_role_policy_attachment",
      "name": "irsa-workload-1",
      "provider": "provider[\"registry.terraform.io/hashicorp/aws\"].asset-acct",
      "instances": [
        {
          "schema_version": 0,
          "attributes": {
            "id": "sw-domino-project1-role-20231108191443700700000003",
            "policy_arn": "arn:aws:iam::946429944765:policy/sw-domino-project1-policy",
            "role": "sw-domino-project1-role"
          },
          "sensitive_attributes": [],
          "private": "bnVsbA==",
          "dependencies": [
            "aws_iam_policy.irsa-workload-1-policy",
            "data.aws_iam_policy_document.workload-1-policy",
            "module.irsa_proxy_role1.aws_iam_policy.domino-irsa-proxy-policy",
            "module.irsa_proxy_role1.aws_iam_role.domino-irsa-proxy",
            "module.irsa_proxy_role1.aws_iam_role_policy_attachment.domino-irsa-proxy",
            "module.irsa_proxy_role1.data.aws_caller_identity.current",
            "module.irsa_proxy_role1.data.aws_eks_cluster.domino-cluster",
            "module.irsa_proxy_role1.data.aws_iam_openid_connect_provider.domino-cluster-provider",
            "module.irsa_proxy_role1.data.aws_iam_policy_document.domino-irsa-proxy-policy",
            "module.irsa_proxy_role1.data.aws_iam_policy_document.irsa-proxy-role-trust-policy",
            "module.irsa_workload_role1.aws_iam_role.irsa-workload-role",
            "module.irsa_workload_role1.data.aws_iam_policy_document.workload-role-trust-policy"
          ]
        }
      ]
    },
    {
      "mode": "managed",
      "type": "aws_iam_role_policy_attachment",
      "name": "irsa-workload-2",
      "provider": "provider[\"registry.terraform.io/hashicorp/aws\"].asset-acct",
      "instances": [
        {
          "schema_version": 0,
          "attributes": {
            "id": "sw-domino-project2-role-20231108191451661700000004",
            "policy_arn": "arn:aws:iam::946429944765:policy/sw-domino-project2-policy",
            "role": "sw-domino-project2-role"
          },
          "sensitive_attributes": [],
          "private": "bnVsbA==",
          "dependencies": [
            "aws_iam_policy.irsa-workload-2-policy",
            "data.aws_iam_policy_document.workload-2-policy",
            "module.irsa_proxy_role2.aws_iam_policy.domino-irsa-proxy-policy",
            "module.irsa_proxy_role2.aws_iam_role.domino-irsa-proxy",
            "module.irsa_proxy_role2.aws_iam_role_policy_attachment.domino-irsa-proxy",
            "module.irsa_proxy_role2.data.aws_caller_identity.current",
            "module.irsa_proxy_role2.data.aws_eks_cluster.domino-cluster",
            "module.irsa_proxy_role2.data.aws_iam_openid_connect_provider.domino-cluster-provider",
            "module.irsa_proxy_role2.data.aws_iam_policy_document.domino-irsa-proxy-policy",
            "module.irsa_proxy_role2.data.aws_iam_policy_document.irsa-proxy-role-trust-policy",
            "module.irsa_workload_role2.aws_iam_role.irsa-workload-role",
            "module.irsa_workload_role2.data.aws_iam_policy_document.workload-role-trust-policy"
          ]
        }
      ]
    },
    {
      "mode": "managed",
      "type": "aws_iam_role_policy_attachment",
      "name": "irsa-workload-3",
      "provider": "provider[\"registry.terraform.io/hashicorp/aws\"].asset-acct",
      "instances": [
        {
          "schema_version": 0,
          "attributes": {
            "id": "sw-domino-project3-role-20231108191443488800000002",
            "policy_arn": "arn:aws:iam::946429944765:policy/sw-domino-project3-policy",
            "role": "sw-domino-project3-role"
          },
          "sensitive_attributes": [],
          "private": "bnVsbA==",
          "dependencies": [
            "aws_iam_policy.irsa-workload-3-policy",
            "data.aws_iam_policy_document.workload-3-policy",
            "module.irsa_proxy_role2.aws_iam_policy.domino-irsa-proxy-policy",
            "module.irsa_proxy_role2.aws_iam_role.domino-irsa-proxy",
            "module.irsa_proxy_role2.aws_iam_role_policy_attachment.domino-irsa-proxy",
            "module.irsa_proxy_role2.data.aws_caller_identity.current",
            "module.irsa_proxy_role2.data.aws_eks_cluster.domino-cluster",
            "module.irsa_proxy_role2.data.aws_iam_openid_connect_provider.domino-cluster-provider",
            "module.irsa_proxy_role2.data.aws_iam_policy_document.domino-irsa-proxy-policy",
            "module.irsa_proxy_role2.data.aws_iam_policy_document.irsa-proxy-role-trust-policy",
            "module.irsa_workload_role3.aws_iam_role.irsa-workload-role",
            "module.irsa_workload_role3.data.aws_iam_policy_document.workload-role-trust-policy"
          ]
        }
      ]
    },
    {
      "mode": "managed",
      "type": "aws_iam_role_policy_attachment",
      "name": "irsa-workload-4",
      "provider": "provider[\"registry.terraform.io/hashicorp/aws\"].asset-acct",
      "instances": [
        {
          "schema_version": 0,
          "attributes": {
            "id": "sw-domino-project4-role-20231108191443398300000001",
            "policy_arn": "arn:aws:iam::946429944765:policy/sw-domino-project4-policy",
            "role": "sw-domino-project4-role"
          },
          "sensitive_attributes": [],
          "private": "bnVsbA==",
          "dependencies": [
            "aws_iam_policy.irsa-workload-4-policy",
            "data.aws_iam_policy_document.workload-4-policy",
            "module.irsa_proxy_role2.aws_iam_policy.domino-irsa-proxy-policy",
            "module.irsa_proxy_role2.aws_iam_role.domino-irsa-proxy",
            "module.irsa_proxy_role2.aws_iam_role_policy_attachment.domino-irsa-proxy",
            "module.irsa_proxy_role2.data.aws_caller_identity.current",
            "module.irsa_proxy_role2.data.aws_eks_cluster.domino-cluster",
            "module.irsa_proxy_role2.data.aws_iam_openid_connect_provider.domino-cluster-provider",
            "module.irsa_proxy_role2.data.aws_iam_policy_document.domino-irsa-proxy-policy",
            "module.irsa_proxy_role2.data.aws_iam_policy_document.irsa-proxy-role-trust-policy",
            "module.irsa_workload_role4.aws_iam_role.irsa-workload-role",
            "module.irsa_workload_role4.data.aws_iam_policy_document.workload-role-trust-policy"
          ]
        }
      ]
    },
    {
      "module": "module.irsa_proxy_role1[0]",
      "mode": "data",
      "type": "aws_caller_identity",
      "name": "current",
      "provider": "provider[\"registry.terraform.io/hashicorp/aws\"]",
      "instances": [
        {
          "schema_version": 0,
          "attributes": {
            "account_id": "946429944765",
            "arn": "arn:aws:iam::946429944765:user/sameer.wadkar",
            "id": "946429944765",
            "user_id": "AIDA5YW464O65RDLJEBJ4"
          },
          "sensitive_attributes": []
        }
      ]
    },
    {
      "module": "module.irsa_proxy_role1[0]",
      "mode": "data",
      "type": "aws_eks_cluster",
      "name": "domino-cluster",
      "provider": "provider[\"registry.terraform.io/hashicorp/aws\"]",
      "instances": [
        {
          "schema_version": 0,
          "attributes": {
            "arn": "arn:aws:eks:us-west-2:946429944765:cluster/swdemo27806",
            "certificate_authority": [
              {
                "data": "LS0tLS1CRUdJTiBDRVJUSUZJQ0FURS0tLS0tCk1JSURCVENDQWUyZ0F3SUJBZ0lJUW1STGh0Q0lHRGd3RFFZSktvWklodmNOQVFFTEJRQXdGVEVUTUJFR0ExVUUKQXhNS2EzVmlaWEp1WlhSbGN6QWVGdzB5TXpFeE1EZ3hOakV5TURWYUZ3MHpNekV4TURVeE5qRTNNRFZhTUJVeApFekFSQmdOVkJBTVRDbXQxWW1WeWJtVjBaWE13Z2dFaU1BMEdDU3FHU0liM0RRRUJBUVVBQTRJQkR3QXdnZ0VLCkFvSUJBUURUWmEwVlpUOFBMUzlld09XMDg5YXAyOFltcFVnR2tIZVNSdmpXK1BxK0hPTEsxbFd6eU53TWRybzcKdHpRTk5RSjlvNzFtcE91ZnczNlJGbGhQZU9wL0M1a25VRVZwK2R3TzFQTlpoVzNpOWdwWjVONG9TMG5DTkMwcwp0eHBzRnEvUjUvWUpyR2ZKVmxpellmWDRidVRJZDIvODNBTmRUNWlTQzkvVTlZeTZ1elI1RFJ5YTZ3RjU0YWpnCk5tTlVsQjNwNVhuZVdsbFNmdjBneG14bUZxUFB5dGY5b3FCcHg5TjNLVUpCWEtuKzJ0T2szT1FrMmFkZEZObEgKZEoxQTBpaWhoUU9udkEyb0lXUzYwTmVzNGROK05NOTU4WkRidFNpVmhwQ3poWW9HMEtCQ2JQNmpraUwzUDNPSwpHS2Z4LzdHMDhhUXJ1QVl1TmhuMDlzV1dzT2JMQWdNQkFBR2pXVEJYTUE0R0ExVWREd0VCL3dRRUF3SUNwREFQCkJnTlZIUk1CQWY4RUJUQURBUUgvTUIwR0ExVWREZ1FXQkJRQjdXRTdUdFdPM1JBQVFLVDJkWWgrMUQzcUZEQVYKQmdOVkhSRUVEakFNZ2dwcmRXSmxjbTVsZEdWek1BMEdDU3FHU0liM0RRRUJDd1VBQTRJQkFRQzZMUy9mdENBUQo3OGl4VS9RTUd2c3B2aGUzZlFhbkMxazJUNWk1WXVEQWx3ekFDeEZ1YnYzcEtkT2hadlQ3YVNCbytRM3hiWGhoCmZOSjRVeGc4amJBd2pxSk5EWS9pSC8wT3duTllVRk1EVTJQVkVwRmREZVdNcmU5TVlRNVNjRDVvaCtzV0Q4b3YKTks1V3RQNWRjY2RFdzcyb2Y2ZktrZU5QM3VsOFk1RVBHd1Y0d3BhU3lUbW9CTDlTWmZ5Q3hUOFJWUU5pYmtzbgp6QzhLU3FnRkJmVzFUVUs3Sm95RXI1MTRidWFUQzh5di82djJtWHJnek53eWtycE00NUYrcm9UVHdYRkNXRkQ3Ck15THZiVjBmZmxqRVFMdHVtQkpRdVZxZEJhOVZKcEx3TVpJRXJJRmdTcjluelRObFRkUzd6RGhJVFBwRzhXS3oKanlWZkgwa1MzaUduCi0tLS0tRU5EIENFUlRJRklDQVRFLS0tLS0K"
              }
            ],
            "cluster_id": null,
            "created_at": "2023-11-08 16:13:03.889 +0000 UTC",
            "enabled_cluster_log_types": [
              "api",
              "audit",
              "authenticator",
              "controllerManager",
              "scheduler"
            ],
            "endpoint": "https://CE43713C833C45CD4B04FB618078555B.gr7.us-west-2.eks.amazonaws.com",
            "id": "swdemo27806",
            "identity": [
              {
                "oidc": [
                  {
                    "issuer": "https://oidc.eks.us-west-2.amazonaws.com/id/CE43713C833C45CD4B04FB618078555B"
                  }
                ]
              }
            ],
            "kubernetes_network_config": [
              {
                "ip_family": "ipv4",
                "service_ipv4_cidr": "172.20.0.0/16",
                "service_ipv6_cidr": ""
              }
            ],
            "name": "swdemo27806",
            "outpost_config": [],
            "platform_version": "eks.3",
            "role_arn": "arn:aws:iam::946429944765:role/swdemo27806-eks",
            "status": "ACTIVE",
            "tags": {
              "artifacts_image_tag": "dummy",
              "build_timestamp": "2023-11-08T16:08:43.959126",
              "customer_name": "bridgewaters",
              "deploy_id": "swdemo27806",
              "deploy_tag": "latest",
              "deploy_type": "dev-aws-eks",
              "infosec_accountability": "Domino CloudOps",
              "infosec_classification": "sensitive",
              "infosec_purpose": "Domino Deployment",
              "user_email": "sameer.wadkar@dominodatalab.com"
            },
            "version": "1.28",
            "vpc_config": [
              {
                "cluster_security_group_id": "sg-0df13a1c0b3b52a85",
                "endpoint_private_access": true,
                "endpoint_public_access": false,
                "public_access_cidrs": [],
                "security_group_ids": [
                  "sg-0ed2ef04926dd5668"
                ],
                "subnet_ids": [
                  "subnet-0a4b65ba0f7d4ffbb",
                  "subnet-0cf66a9d6388e288b"
                ],
                "vpc_id": "vpc-09a4739007a0510be"
              }
            ]
          },
          "sensitive_attributes": []
        }
      ]
    },
    {
      "module": "module.irsa_proxy_role1[0]",
      "mode": "data",
      "type": "aws_iam_openid_connect_provider",
      "name": "domino-cluster-provider",
      "provider": "provider[\"registry.terraform.io/hashicorp/aws\"]",
      "instances": [
        {
          "schema_version": 0,
          "attributes": {
            "arn": "arn:aws:iam::946429944765:oidc-provider/oidc.eks.us-west-2.amazonaws.com/id/CE43713C833C45CD4B04FB618078555B",
            "client_id_list": [
              "sts.amazonaws.com"
            ],
            "id": "arn:aws:iam::946429944765:oidc-provider/oidc.eks.us-west-2.amazonaws.com/id/CE43713C833C45CD4B04FB618078555B",
            "tags": {
              "artifacts_image_tag": "dummy",
              "build_timestamp": "2023-11-08T16:08:43.959126",
              "customer_name": "bridgewaters",
              "deploy_id": "swdemo27806",
              "deploy_tag": "latest",
              "deploy_type": "dev-aws-eks",
              "infosec_accountability": "Domino CloudOps",
              "infosec_classification": "sensitive",
              "infosec_purpose": "Domino Deployment",
              "user_email": "sameer.wadkar@dominodatalab.com"
            },
            "thumbprint_list": [
              "9e99a48a9960b14926bb7f3b02e22da2b0ab7280",
              "06b25927c42a721631c1efd9431e648fa62e1e39",
              "2ad974a775f73cbdbbd8f5ac3a49255fa8fb1f8c",
              "e1d31a1f94725daaef02dcf1c1bb0ff4a28a6060"
            ],
            "url": "oidc.eks.us-west-2.amazonaws.com/id/CE43713C833C45CD4B04FB618078555B"
          },
          "sensitive_attributes": []
        }
      ]
    },
    {
      "module": "module.irsa_proxy_role1[0]",
      "mode": "data",
      "type": "aws_iam_policy_document",
      "name": "domino-irsa-proxy-policy",
      "provider": "provider[\"registry.terraform.io/hashicorp/aws\"]",
      "instances": [
        {
          "schema_version": 0,
          "attributes": {
            "id": "4290911683",
            "json": "{\n  \"Version\": \"2012-10-17\",\n  \"Statement\": [\n    {\n      \"Effect\": \"Allow\",\n      \"Action\": \"sts:AssumeRole\",\n      \"Resource\": \"arn:aws:iam::946429944765:role/sw-domino-project1-role\"\n    }\n  ]\n}",
            "override_policy_documents": null,
            "policy_id": null,
            "source_policy_documents": null,
            "statement": [
              {
                "actions": [
                  "sts:AssumeRole"
                ],
                "condition": [],
                "effect": "Allow",
                "not_actions": [],
                "not_principals": [],
                "not_resources": [],
                "principals": [],
                "resources": [
                  "arn:aws:iam::946429944765:role/sw-domino-project1-role"
                ],
                "sid": ""
              }
            ],
            "version": "2012-10-17"
          },
          "sensitive_attributes": []
        }
      ]
    },
    {
      "module": "module.irsa_proxy_role1[0]",
      "mode": "data",
      "type": "aws_iam_policy_document",
      "name": "irsa-proxy-role-trust-policy",
      "provider": "provider[\"registry.terraform.io/hashicorp/aws\"]",
      "instances": [
        {
          "schema_version": 0,
          "attributes": {
            "id": "2141557282",
            "json": "{\n  \"Version\": \"2012-10-17\",\n  \"Statement\": [\n    {\n      \"Effect\": \"Allow\",\n      \"Action\": \"sts:AssumeRoleWithWebIdentity\",\n      \"Principal\": {\n        \"Federated\": \"arn:aws:iam::946429944765:oidc-provider/oidc.eks.us-west-2.amazonaws.com/id/CE43713C833C45CD4B04FB618078555B\"\n      },\n      \"Condition\": {\n        \"StringLike\": {\n          \"oidc.eks.us-west-2.amazonaws.com/id/CE43713C833C45CD4B04FB618078555B:sub\": \"\"\n        }\n      }\n    }\n  ]\n}",
            "override_policy_documents": null,
            "policy_id": null,
            "source_policy_documents": null,
            "statement": [
              {
                "actions": [
                  "sts:AssumeRoleWithWebIdentity"
                ],
                "condition": [
                  {
                    "test": "StringLike",
                    "values": [
                      ""
                    ],
                    "variable": "oidc.eks.us-west-2.amazonaws.com/id/CE43713C833C45CD4B04FB618078555B:sub"
                  }
                ],
                "effect": "Allow",
                "not_actions": [],
                "not_principals": [],
                "not_resources": [],
                "principals": [
                  {
                    "identifiers": [
                      "arn:aws:iam::946429944765:oidc-provider/oidc.eks.us-west-2.amazonaws.com/id/CE43713C833C45CD4B04FB618078555B"
                    ],
                    "type": "Federated"
                  }
                ],
                "resources": [],
                "sid": ""
              }
            ],
            "version": "2012-10-17"
          },
          "sensitive_attributes": []
        }
      ]
    },
    {
      "module": "module.irsa_proxy_role1[0]",
      "mode": "managed",
      "type": "aws_iam_policy",
      "name": "domino-irsa-proxy-policy",
      "provider": "provider[\"registry.terraform.io/hashicorp/aws\"]",
      "instances": [
        {
          "schema_version": 0,
          "attributes": {
            "arn": "arn:aws:iam::946429944765:policy/sw-domino-proxy-project1-role-1-policy",
            "description": "",
            "id": "arn:aws:iam::946429944765:policy/sw-domino-proxy-project1-role-1-policy",
            "name": "sw-domino-proxy-project1-role-1-policy",
            "name_prefix": "",
            "path": "/",
            "policy": "{\"Statement\":[{\"Action\":\"sts:AssumeRole\",\"Effect\":\"Allow\",\"Resource\":\"arn:aws:iam::946429944765:role/sw-domino-project1-role\"}],\"Version\":\"2012-10-17\"}",
            "policy_id": "ANPA5YW464O677RRH452J",
            "tags": null,
            "tags_all": {}
          },
          "sensitive_attributes": [],
          "private": "bnVsbA==",
          "dependencies": [
            "module.irsa_proxy_role1.data.aws_iam_policy_document.domino-irsa-proxy-policy"
          ]
        }
      ]
    },
    {
      "module": "module.irsa_proxy_role1[0]",
      "mode": "managed",
      "type": "aws_iam_role",
      "name": "domino-irsa-proxy",
      "provider": "provider[\"registry.terraform.io/hashicorp/aws\"]",
      "instances": [
        {
          "schema_version": 0,
          "attributes": {
            "arn": "arn:aws:iam::946429944765:role/sw-domino-proxy-project1-role-1",
            "assume_role_policy": "{\"Statement\":[{\"Action\":\"sts:AssumeRoleWithWebIdentity\",\"Condition\":{\"StringLike\":{\"oidc.eks.us-west-2.amazonaws.com/id/CE43713C833C45CD4B04FB618078555B:sub\":\"\"}},\"Effect\":\"Allow\",\"Principal\":{\"Federated\":\"arn:aws:iam::946429944765:oidc-provider/oidc.eks.us-west-2.amazonaws.com/id/CE43713C833C45CD4B04FB618078555B\"}}],\"Version\":\"2012-10-17\"}",
            "create_date": "2023-11-08T19:14:34Z",
            "description": "",
            "force_detach_policies": false,
            "id": "sw-domino-proxy-project1-role-1",
            "inline_policy": [],
            "managed_policy_arns": [],
            "max_session_duration": 3600,
            "name": "sw-domino-proxy-project1-role-1",
            "name_prefix": "",
            "path": "/",
            "permissions_boundary": "",
            "tags": null,
            "tags_all": {},
            "unique_id": "AROA5YW464O6SPVECKH3Q"
          },
          "sensitive_attributes": [],
          "private": "bnVsbA==",
          "dependencies": [
            "module.irsa_proxy_role1.data.aws_iam_policy_document.irsa-proxy-role-trust-policy"
          ]
        }
      ]
    },
    {
      "module": "module.irsa_proxy_role1[0]",
      "mode": "managed",
      "type": "aws_iam_role_policy_attachment",
      "name": "domino-irsa-proxy",
      "provider": "provider[\"registry.terraform.io/hashicorp/aws\"]",
      "instances": [
        {
          "schema_version": 0,
          "attributes": {
            "id": "sw-domino-proxy-project1-role-1-20231108191434741500000002",
            "policy_arn": "arn:aws:iam::946429944765:policy/sw-domino-proxy-project1-role-1-policy",
            "role": "sw-domino-proxy-project1-role-1"
          },
          "sensitive_attributes": [],
          "private": "bnVsbA==",
          "dependencies": [
            "module.irsa_proxy_role1.aws_iam_policy.domino-irsa-proxy-policy",
            "module.irsa_proxy_role1.aws_iam_role.domino-irsa-proxy",
            "module.irsa_proxy_role1.data.aws_iam_policy_document.domino-irsa-proxy-policy",
            "module.irsa_proxy_role1.data.aws_iam_policy_document.irsa-proxy-role-trust-policy"
          ]
        }
      ]
    },
    {
      "module": "module.irsa_proxy_role2[0]",
      "mode": "data",
      "type": "aws_caller_identity",
      "name": "current",
      "provider": "provider[\"registry.terraform.io/hashicorp/aws\"]",
      "instances": [
        {
          "schema_version": 0,
          "attributes": {
            "account_id": "946429944765",
            "arn": "arn:aws:iam::946429944765:user/sameer.wadkar",
            "id": "946429944765",
            "user_id": "AIDA5YW464O65RDLJEBJ4"
          },
          "sensitive_attributes": []
        }
      ]
    },
    {
      "module": "module.irsa_proxy_role2[0]",
      "mode": "data",
      "type": "aws_eks_cluster",
      "name": "domino-cluster",
      "provider": "provider[\"registry.terraform.io/hashicorp/aws\"]",
      "instances": [
        {
          "schema_version": 0,
          "attributes": {
            "arn": "arn:aws:eks:us-west-2:946429944765:cluster/swdemo27806",
            "certificate_authority": [
              {
                "data": "LS0tLS1CRUdJTiBDRVJUSUZJQ0FURS0tLS0tCk1JSURCVENDQWUyZ0F3SUJBZ0lJUW1STGh0Q0lHRGd3RFFZSktvWklodmNOQVFFTEJRQXdGVEVUTUJFR0ExVUUKQXhNS2EzVmlaWEp1WlhSbGN6QWVGdzB5TXpFeE1EZ3hOakV5TURWYUZ3MHpNekV4TURVeE5qRTNNRFZhTUJVeApFekFSQmdOVkJBTVRDbXQxWW1WeWJtVjBaWE13Z2dFaU1BMEdDU3FHU0liM0RRRUJBUVVBQTRJQkR3QXdnZ0VLCkFvSUJBUURUWmEwVlpUOFBMUzlld09XMDg5YXAyOFltcFVnR2tIZVNSdmpXK1BxK0hPTEsxbFd6eU53TWRybzcKdHpRTk5RSjlvNzFtcE91ZnczNlJGbGhQZU9wL0M1a25VRVZwK2R3TzFQTlpoVzNpOWdwWjVONG9TMG5DTkMwcwp0eHBzRnEvUjUvWUpyR2ZKVmxpellmWDRidVRJZDIvODNBTmRUNWlTQzkvVTlZeTZ1elI1RFJ5YTZ3RjU0YWpnCk5tTlVsQjNwNVhuZVdsbFNmdjBneG14bUZxUFB5dGY5b3FCcHg5TjNLVUpCWEtuKzJ0T2szT1FrMmFkZEZObEgKZEoxQTBpaWhoUU9udkEyb0lXUzYwTmVzNGROK05NOTU4WkRidFNpVmhwQ3poWW9HMEtCQ2JQNmpraUwzUDNPSwpHS2Z4LzdHMDhhUXJ1QVl1TmhuMDlzV1dzT2JMQWdNQkFBR2pXVEJYTUE0R0ExVWREd0VCL3dRRUF3SUNwREFQCkJnTlZIUk1CQWY4RUJUQURBUUgvTUIwR0ExVWREZ1FXQkJRQjdXRTdUdFdPM1JBQVFLVDJkWWgrMUQzcUZEQVYKQmdOVkhSRUVEakFNZ2dwcmRXSmxjbTVsZEdWek1BMEdDU3FHU0liM0RRRUJDd1VBQTRJQkFRQzZMUy9mdENBUQo3OGl4VS9RTUd2c3B2aGUzZlFhbkMxazJUNWk1WXVEQWx3ekFDeEZ1YnYzcEtkT2hadlQ3YVNCbytRM3hiWGhoCmZOSjRVeGc4amJBd2pxSk5EWS9pSC8wT3duTllVRk1EVTJQVkVwRmREZVdNcmU5TVlRNVNjRDVvaCtzV0Q4b3YKTks1V3RQNWRjY2RFdzcyb2Y2ZktrZU5QM3VsOFk1RVBHd1Y0d3BhU3lUbW9CTDlTWmZ5Q3hUOFJWUU5pYmtzbgp6QzhLU3FnRkJmVzFUVUs3Sm95RXI1MTRidWFUQzh5di82djJtWHJnek53eWtycE00NUYrcm9UVHdYRkNXRkQ3Ck15THZiVjBmZmxqRVFMdHVtQkpRdVZxZEJhOVZKcEx3TVpJRXJJRmdTcjluelRObFRkUzd6RGhJVFBwRzhXS3oKanlWZkgwa1MzaUduCi0tLS0tRU5EIENFUlRJRklDQVRFLS0tLS0K"
              }
            ],
            "cluster_id": null,
            "created_at": "2023-11-08 16:13:03.889 +0000 UTC",
            "enabled_cluster_log_types": [
              "api",
              "audit",
              "authenticator",
              "controllerManager",
              "scheduler"
            ],
            "endpoint": "https://CE43713C833C45CD4B04FB618078555B.gr7.us-west-2.eks.amazonaws.com",
            "id": "swdemo27806",
            "identity": [
              {
                "oidc": [
                  {
                    "issuer": "https://oidc.eks.us-west-2.amazonaws.com/id/CE43713C833C45CD4B04FB618078555B"
                  }
                ]
              }
            ],
            "kubernetes_network_config": [
              {
                "ip_family": "ipv4",
                "service_ipv4_cidr": "172.20.0.0/16",
                "service_ipv6_cidr": ""
              }
            ],
            "name": "swdemo27806",
            "outpost_config": [],
            "platform_version": "eks.3",
            "role_arn": "arn:aws:iam::946429944765:role/swdemo27806-eks",
            "status": "ACTIVE",
            "tags": {
              "artifacts_image_tag": "dummy",
              "build_timestamp": "2023-11-08T16:08:43.959126",
              "customer_name": "bridgewaters",
              "deploy_id": "swdemo27806",
              "deploy_tag": "latest",
              "deploy_type": "dev-aws-eks",
              "infosec_accountability": "Domino CloudOps",
              "infosec_classification": "sensitive",
              "infosec_purpose": "Domino Deployment",
              "user_email": "sameer.wadkar@dominodatalab.com"
            },
            "version": "1.28",
            "vpc_config": [
              {
                "cluster_security_group_id": "sg-0df13a1c0b3b52a85",
                "endpoint_private_access": true,
                "endpoint_public_access": false,
                "public_access_cidrs": [],
                "security_group_ids": [
                  "sg-0ed2ef04926dd5668"
                ],
                "subnet_ids": [
                  "subnet-0a4b65ba0f7d4ffbb",
                  "subnet-0cf66a9d6388e288b"
                ],
                "vpc_id": "vpc-09a4739007a0510be"
              }
            ]
          },
          "sensitive_attributes": []
        }
      ]
    },
    {
      "module": "module.irsa_proxy_role2[0]",
      "mode": "data",
      "type": "aws_iam_openid_connect_provider",
      "name": "domino-cluster-provider",
      "provider": "provider[\"registry.terraform.io/hashicorp/aws\"]",
      "instances": [
        {
          "schema_version": 0,
          "attributes": {
            "arn": "arn:aws:iam::946429944765:oidc-provider/oidc.eks.us-west-2.amazonaws.com/id/CE43713C833C45CD4B04FB618078555B",
            "client_id_list": [
              "sts.amazonaws.com"
            ],
            "id": "arn:aws:iam::946429944765:oidc-provider/oidc.eks.us-west-2.amazonaws.com/id/CE43713C833C45CD4B04FB618078555B",
            "tags": {
              "artifacts_image_tag": "dummy",
              "build_timestamp": "2023-11-08T16:08:43.959126",
              "customer_name": "bridgewaters",
              "deploy_id": "swdemo27806",
              "deploy_tag": "latest",
              "deploy_type": "dev-aws-eks",
              "infosec_accountability": "Domino CloudOps",
              "infosec_classification": "sensitive",
              "infosec_purpose": "Domino Deployment",
              "user_email": "sameer.wadkar@dominodatalab.com"
            },
            "thumbprint_list": [
              "9e99a48a9960b14926bb7f3b02e22da2b0ab7280",
              "06b25927c42a721631c1efd9431e648fa62e1e39",
              "2ad974a775f73cbdbbd8f5ac3a49255fa8fb1f8c",
              "e1d31a1f94725daaef02dcf1c1bb0ff4a28a6060"
            ],
            "url": "oidc.eks.us-west-2.amazonaws.com/id/CE43713C833C45CD4B04FB618078555B"
          },
          "sensitive_attributes": []
        }
      ]
    },
    {
      "module": "module.irsa_proxy_role2[0]",
      "mode": "data",
      "type": "aws_iam_policy_document",
      "name": "domino-irsa-proxy-policy",
      "provider": "provider[\"registry.terraform.io/hashicorp/aws\"]",
      "instances": [
        {
          "schema_version": 0,
          "attributes": {
            "id": "1553242986",
            "json": "{\n  \"Version\": \"2012-10-17\",\n  \"Statement\": [\n    {\n      \"Effect\": \"Allow\",\n      \"Action\": \"sts:AssumeRole\",\n      \"Resource\": \"arn:aws:iam::946429944765:role/sw-domino-project2-role\"\n    }\n  ]\n}",
            "override_policy_documents": null,
            "policy_id": null,
            "source_policy_documents": null,
            "statement": [
              {
                "actions": [
                  "sts:AssumeRole"
                ],
                "condition": [],
                "effect": "Allow",
                "not_actions": [],
                "not_principals": [],
                "not_resources": [],
                "principals": [],
                "resources": [
                  "arn:aws:iam::946429944765:role/sw-domino-project2-role"
                ],
                "sid": ""
              }
            ],
            "version": "2012-10-17"
          },
          "sensitive_attributes": []
        }
      ]
    },
    {
      "module": "module.irsa_proxy_role2[0]",
      "mode": "data",
      "type": "aws_iam_policy_document",
      "name": "irsa-proxy-role-trust-policy",
      "provider": "provider[\"registry.terraform.io/hashicorp/aws\"]",
      "instances": [
        {
          "schema_version": 0,
          "attributes": {
            "id": "2141557282",
            "json": "{\n  \"Version\": \"2012-10-17\",\n  \"Statement\": [\n    {\n      \"Effect\": \"Allow\",\n      \"Action\": \"sts:AssumeRoleWithWebIdentity\",\n      \"Principal\": {\n        \"Federated\": \"arn:aws:iam::946429944765:oidc-provider/oidc.eks.us-west-2.amazonaws.com/id/CE43713C833C45CD4B04FB618078555B\"\n      },\n      \"Condition\": {\n        \"StringLike\": {\n          \"oidc.eks.us-west-2.amazonaws.com/id/CE43713C833C45CD4B04FB618078555B:sub\": \"\"\n        }\n      }\n    }\n  ]\n}",
            "override_policy_documents": null,
            "policy_id": null,
            "source_policy_documents": null,
            "statement": [
              {
                "actions": [
                  "sts:AssumeRoleWithWebIdentity"
                ],
                "condition": [
                  {
                    "test": "StringLike",
                    "values": [
                      ""
                    ],
                    "variable": "oidc.eks.us-west-2.amazonaws.com/id/CE43713C833C45CD4B04FB618078555B:sub"
                  }
                ],
                "effect": "Allow",
                "not_actions": [],
                "not_principals": [],
                "not_resources": [],
                "principals": [
                  {
                    "identifiers": [
                      "arn:aws:iam::946429944765:oidc-provider/oidc.eks.us-west-2.amazonaws.com/id/CE43713C833C45CD4B04FB618078555B"
                    ],
                    "type": "Federated"
                  }
                ],
                "resources": [],
                "sid": ""
              }
            ],
            "version": "2012-10-17"
          },
          "sensitive_attributes": []
        }
      ]
    },
    {
      "module": "module.irsa_proxy_role2[0]",
      "mode": "managed",
      "type": "aws_iam_policy",
      "name": "domino-irsa-proxy-policy",
      "provider": "provider[\"registry.terraform.io/hashicorp/aws\"]",
      "instances": [
        {
          "schema_version": 0,
          "attributes": {
            "arn": "arn:aws:iam::946429944765:policy/sw-domino-proxy-project2-role-1-policy",
            "description": "",
            "id": "arn:aws:iam::946429944765:policy/sw-domino-proxy-project2-role-1-policy",
            "name": "sw-domino-proxy-project2-role-1-policy",
            "name_prefix": "",
            "path": "/",
            "policy": "{\"Statement\":[{\"Action\":\"sts:AssumeRole\",\"Effect\":\"Allow\",\"Resource\":\"arn:aws:iam::946429944765:role/sw-domino-project2-role\"}],\"Version\":\"2012-10-17\"}",
            "policy_id": "ANPA5YW464O62ZKM3FRFN",
            "tags": null,
            "tags_all": {}
          },
          "sensitive_attributes": [],
          "private": "bnVsbA==",
          "dependencies": [
            "module.irsa_proxy_role2.data.aws_iam_policy_document.domino-irsa-proxy-policy"
          ]
        }
      ]
    },
    {
      "module": "module.irsa_proxy_role2[0]",
      "mode": "managed",
      "type": "aws_iam_role",
      "name": "domino-irsa-proxy",
      "provider": "provider[\"registry.terraform.io/hashicorp/aws\"]",
      "instances": [
        {
          "schema_version": 0,
          "attributes": {
            "arn": "arn:aws:iam::946429944765:role/sw-domino-proxy-project2-role-1",
            "assume_role_policy": "{\"Statement\":[{\"Action\":\"sts:AssumeRoleWithWebIdentity\",\"Condition\":{\"StringLike\":{\"oidc.eks.us-west-2.amazonaws.com/id/CE43713C833C45CD4B04FB618078555B:sub\":\"\"}},\"Effect\":\"Allow\",\"Principal\":{\"Federated\":\"arn:aws:iam::946429944765:oidc-provider/oidc.eks.us-west-2.amazonaws.com/id/CE43713C833C45CD4B04FB618078555B\"}}],\"Version\":\"2012-10-17\"}",
            "create_date": "2023-11-08T19:14:34Z",
            "description": "",
            "force_detach_policies": false,
            "id": "sw-domino-proxy-project2-role-1",
            "inline_policy": [],
            "managed_policy_arns": [],
            "max_session_duration": 3600,
            "name": "sw-domino-proxy-project2-role-1",
            "name_prefix": "",
            "path": "/",
            "permissions_boundary": "",
            "tags": null,
            "tags_all": {},
            "unique_id": "AROA5YW464O63GUE6NWSL"
          },
          "sensitive_attributes": [],
          "private": "bnVsbA==",
          "dependencies": [
            "module.irsa_proxy_role2.data.aws_iam_policy_document.irsa-proxy-role-trust-policy"
          ]
        }
      ]
    },
    {
      "module": "module.irsa_proxy_role2[0]",
      "mode": "managed",
      "type": "aws_iam_role_policy_attachment",
      "name": "domino-irsa-proxy",
      "provider": "provider[\"registry.terraform.io/hashicorp/aws\"]",
      "instances": [
        {
          "schema_version": 0,
          "attributes": {
            "id": "sw-domino-proxy-project2-role-1-20231108191434727100000001",
            "policy_arn": "arn:aws:iam::946429944765:policy/sw-domino-proxy-project2-role-1-policy",
            "role": "sw-domino-proxy-project2-role-1"
          },
          "sensitive_attributes": [],
          "private": "bnVsbA==",
          "dependencies": [
            "module.irsa_proxy_role2.aws_iam_policy.domino-irsa-proxy-policy",
            "module.irsa_proxy_role2.aws_iam_role.domino-irsa-proxy",
            "module.irsa_proxy_role2.data.aws_iam_policy_document.domino-irsa-proxy-policy",
            "module.irsa_proxy_role2.data.aws_iam_policy_document.irsa-proxy-role-trust-policy"
          ]
        }
      ]
    },
    {
      "module": "module.irsa_proxy_role3[0]",
      "mode": "data",
      "type": "aws_caller_identity",
      "name": "current",
      "provider": "provider[\"registry.terraform.io/hashicorp/aws\"]",
      "instances": [
        {
          "schema_version": 0,
          "attributes": {
            "account_id": "946429944765",
            "arn": "arn:aws:iam::946429944765:user/sameer.wadkar",
            "id": "946429944765",
            "user_id": "AIDA5YW464O65RDLJEBJ4"
          },
          "sensitive_attributes": []
        }
      ]
    },
    {
      "module": "module.irsa_proxy_role3[0]",
      "mode": "data",
      "type": "aws_eks_cluster",
      "name": "domino-cluster",
      "provider": "provider[\"registry.terraform.io/hashicorp/aws\"]",
      "instances": [
        {
          "schema_version": 0,
          "attributes": {
            "arn": "arn:aws:eks:us-west-2:946429944765:cluster/swdemo27806",
            "certificate_authority": [
              {
                "data": "LS0tLS1CRUdJTiBDRVJUSUZJQ0FURS0tLS0tCk1JSURCVENDQWUyZ0F3SUJBZ0lJUW1STGh0Q0lHRGd3RFFZSktvWklodmNOQVFFTEJRQXdGVEVUTUJFR0ExVUUKQXhNS2EzVmlaWEp1WlhSbGN6QWVGdzB5TXpFeE1EZ3hOakV5TURWYUZ3MHpNekV4TURVeE5qRTNNRFZhTUJVeApFekFSQmdOVkJBTVRDbXQxWW1WeWJtVjBaWE13Z2dFaU1BMEdDU3FHU0liM0RRRUJBUVVBQTRJQkR3QXdnZ0VLCkFvSUJBUURUWmEwVlpUOFBMUzlld09XMDg5YXAyOFltcFVnR2tIZVNSdmpXK1BxK0hPTEsxbFd6eU53TWRybzcKdHpRTk5RSjlvNzFtcE91ZnczNlJGbGhQZU9wL0M1a25VRVZwK2R3TzFQTlpoVzNpOWdwWjVONG9TMG5DTkMwcwp0eHBzRnEvUjUvWUpyR2ZKVmxpellmWDRidVRJZDIvODNBTmRUNWlTQzkvVTlZeTZ1elI1RFJ5YTZ3RjU0YWpnCk5tTlVsQjNwNVhuZVdsbFNmdjBneG14bUZxUFB5dGY5b3FCcHg5TjNLVUpCWEtuKzJ0T2szT1FrMmFkZEZObEgKZEoxQTBpaWhoUU9udkEyb0lXUzYwTmVzNGROK05NOTU4WkRidFNpVmhwQ3poWW9HMEtCQ2JQNmpraUwzUDNPSwpHS2Z4LzdHMDhhUXJ1QVl1TmhuMDlzV1dzT2JMQWdNQkFBR2pXVEJYTUE0R0ExVWREd0VCL3dRRUF3SUNwREFQCkJnTlZIUk1CQWY4RUJUQURBUUgvTUIwR0ExVWREZ1FXQkJRQjdXRTdUdFdPM1JBQVFLVDJkWWgrMUQzcUZEQVYKQmdOVkhSRUVEakFNZ2dwcmRXSmxjbTVsZEdWek1BMEdDU3FHU0liM0RRRUJDd1VBQTRJQkFRQzZMUy9mdENBUQo3OGl4VS9RTUd2c3B2aGUzZlFhbkMxazJUNWk1WXVEQWx3ekFDeEZ1YnYzcEtkT2hadlQ3YVNCbytRM3hiWGhoCmZOSjRVeGc4amJBd2pxSk5EWS9pSC8wT3duTllVRk1EVTJQVkVwRmREZVdNcmU5TVlRNVNjRDVvaCtzV0Q4b3YKTks1V3RQNWRjY2RFdzcyb2Y2ZktrZU5QM3VsOFk1RVBHd1Y0d3BhU3lUbW9CTDlTWmZ5Q3hUOFJWUU5pYmtzbgp6QzhLU3FnRkJmVzFUVUs3Sm95RXI1MTRidWFUQzh5di82djJtWHJnek53eWtycE00NUYrcm9UVHdYRkNXRkQ3Ck15THZiVjBmZmxqRVFMdHVtQkpRdVZxZEJhOVZKcEx3TVpJRXJJRmdTcjluelRObFRkUzd6RGhJVFBwRzhXS3oKanlWZkgwa1MzaUduCi0tLS0tRU5EIENFUlRJRklDQVRFLS0tLS0K"
              }
            ],
            "cluster_id": null,
            "created_at": "2023-11-08 16:13:03.889 +0000 UTC",
            "enabled_cluster_log_types": [
              "api",
              "audit",
              "authenticator",
              "controllerManager",
              "scheduler"
            ],
            "endpoint": "https://CE43713C833C45CD4B04FB618078555B.gr7.us-west-2.eks.amazonaws.com",
            "id": "swdemo27806",
            "identity": [
              {
                "oidc": [
                  {
                    "issuer": "https://oidc.eks.us-west-2.amazonaws.com/id/CE43713C833C45CD4B04FB618078555B"
                  }
                ]
              }
            ],
            "kubernetes_network_config": [
              {
                "ip_family": "ipv4",
                "service_ipv4_cidr": "172.20.0.0/16",
                "service_ipv6_cidr": ""
              }
            ],
            "name": "swdemo27806",
            "outpost_config": [],
            "platform_version": "eks.3",
            "role_arn": "arn:aws:iam::946429944765:role/swdemo27806-eks",
            "status": "ACTIVE",
            "tags": {
              "artifacts_image_tag": "dummy",
              "build_timestamp": "2023-11-08T16:08:43.959126",
              "customer_name": "bridgewaters",
              "deploy_id": "swdemo27806",
              "deploy_tag": "latest",
              "deploy_type": "dev-aws-eks",
              "infosec_accountability": "Domino CloudOps",
              "infosec_classification": "sensitive",
              "infosec_purpose": "Domino Deployment",
              "user_email": "sameer.wadkar@dominodatalab.com"
            },
            "version": "1.28",
            "vpc_config": [
              {
                "cluster_security_group_id": "sg-0df13a1c0b3b52a85",
                "endpoint_private_access": true,
                "endpoint_public_access": false,
                "public_access_cidrs": [],
                "security_group_ids": [
                  "sg-0ed2ef04926dd5668"
                ],
                "subnet_ids": [
                  "subnet-0a4b65ba0f7d4ffbb",
                  "subnet-0cf66a9d6388e288b"
                ],
                "vpc_id": "vpc-09a4739007a0510be"
              }
            ]
          },
          "sensitive_attributes": []
        }
      ]
    },
    {
      "module": "module.irsa_proxy_role3[0]",
      "mode": "data",
      "type": "aws_iam_openid_connect_provider",
      "name": "domino-cluster-provider",
      "provider": "provider[\"registry.terraform.io/hashicorp/aws\"]",
      "instances": [
        {
          "schema_version": 0,
          "attributes": {
            "arn": "arn:aws:iam::946429944765:oidc-provider/oidc.eks.us-west-2.amazonaws.com/id/CE43713C833C45CD4B04FB618078555B",
            "client_id_list": [
              "sts.amazonaws.com"
            ],
            "id": "arn:aws:iam::946429944765:oidc-provider/oidc.eks.us-west-2.amazonaws.com/id/CE43713C833C45CD4B04FB618078555B",
            "tags": {
              "artifacts_image_tag": "dummy",
              "build_timestamp": "2023-11-08T16:08:43.959126",
              "customer_name": "bridgewaters",
              "deploy_id": "swdemo27806",
              "deploy_tag": "latest",
              "deploy_type": "dev-aws-eks",
              "infosec_accountability": "Domino CloudOps",
              "infosec_classification": "sensitive",
              "infosec_purpose": "Domino Deployment",
              "user_email": "sameer.wadkar@dominodatalab.com"
            },
            "thumbprint_list": [
              "9e99a48a9960b14926bb7f3b02e22da2b0ab7280",
              "06b25927c42a721631c1efd9431e648fa62e1e39",
              "2ad974a775f73cbdbbd8f5ac3a49255fa8fb1f8c",
              "e1d31a1f94725daaef02dcf1c1bb0ff4a28a6060"
            ],
            "url": "oidc.eks.us-west-2.amazonaws.com/id/CE43713C833C45CD4B04FB618078555B"
          },
          "sensitive_attributes": []
        }
      ]
    },
    {
      "module": "module.irsa_proxy_role3[0]",
      "mode": "data",
      "type": "aws_iam_policy_document",
      "name": "domino-irsa-proxy-policy",
      "provider": "provider[\"registry.terraform.io/hashicorp/aws\"]",
      "instances": [
        {
          "schema_version": 0,
          "attributes": {
            "id": "2339773234",
            "json": "{\n  \"Version\": \"2012-10-17\",\n  \"Statement\": [\n    {\n      \"Effect\": \"Allow\",\n      \"Action\": \"sts:AssumeRole\",\n      \"Resource\": \"arn:aws:iam::946429944765:role/sw-domino-project3-role\"\n    }\n  ]\n}",
            "override_policy_documents": null,
            "policy_id": null,
            "source_policy_documents": null,
            "statement": [
              {
                "actions": [
                  "sts:AssumeRole"
                ],
                "condition": [],
                "effect": "Allow",
                "not_actions": [],
                "not_principals": [],
                "not_resources": [],
                "principals": [],
                "resources": [
                  "arn:aws:iam::946429944765:role/sw-domino-project3-role"
                ],
                "sid": ""
              }
            ],
            "version": "2012-10-17"
          },
          "sensitive_attributes": []
        }
      ]
    },
    {
      "module": "module.irsa_proxy_role3[0]",
      "mode": "data",
      "type": "aws_iam_policy_document",
      "name": "irsa-proxy-role-trust-policy",
      "provider": "provider[\"registry.terraform.io/hashicorp/aws\"]",
      "instances": [
        {
          "schema_version": 0,
          "attributes": {
            "id": "2141557282",
            "json": "{\n  \"Version\": \"2012-10-17\",\n  \"Statement\": [\n    {\n      \"Effect\": \"Allow\",\n      \"Action\": \"sts:AssumeRoleWithWebIdentity\",\n      \"Principal\": {\n        \"Federated\": \"arn:aws:iam::946429944765:oidc-provider/oidc.eks.us-west-2.amazonaws.com/id/CE43713C833C45CD4B04FB618078555B\"\n      },\n      \"Condition\": {\n        \"StringLike\": {\n          \"oidc.eks.us-west-2.amazonaws.com/id/CE43713C833C45CD4B04FB618078555B:sub\": \"\"\n        }\n      }\n    }\n  ]\n}",
            "override_policy_documents": null,
            "policy_id": null,
            "source_policy_documents": null,
            "statement": [
              {
                "actions": [
                  "sts:AssumeRoleWithWebIdentity"
                ],
                "condition": [
                  {
                    "test": "StringLike",
                    "values": [
                      ""
                    ],
                    "variable": "oidc.eks.us-west-2.amazonaws.com/id/CE43713C833C45CD4B04FB618078555B:sub"
                  }
                ],
                "effect": "Allow",
                "not_actions": [],
                "not_principals": [],
                "not_resources": [],
                "principals": [
                  {
                    "identifiers": [
                      "arn:aws:iam::946429944765:oidc-provider/oidc.eks.us-west-2.amazonaws.com/id/CE43713C833C45CD4B04FB618078555B"
                    ],
                    "type": "Federated"
                  }
                ],
                "resources": [],
                "sid": ""
              }
            ],
            "version": "2012-10-17"
          },
          "sensitive_attributes": []
        }
      ]
    },
    {
      "module": "module.irsa_proxy_role3[0]",
      "mode": "managed",
      "type": "aws_iam_policy",
      "name": "domino-irsa-proxy-policy",
      "provider": "provider[\"registry.terraform.io/hashicorp/aws\"]",
      "instances": [
        {
          "schema_version": 0,
          "attributes": {
            "arn": "arn:aws:iam::946429944765:policy/sw-domino-proxy-project3-role-1-policy",
            "description": "",
            "id": "arn:aws:iam::946429944765:policy/sw-domino-proxy-project3-role-1-policy",
            "name": "sw-domino-proxy-project3-role-1-policy",
            "name_prefix": "",
            "path": "/",
            "policy": "{\"Statement\":[{\"Action\":\"sts:AssumeRole\",\"Effect\":\"Allow\",\"Resource\":\"arn:aws:iam::946429944765:role/sw-domino-project3-role\"}],\"Version\":\"2012-10-17\"}",
            "policy_id": "ANPA5YW464O6T7ZQO74OU",
            "tags": null,
            "tags_all": {}
          },
          "sensitive_attributes": [],
          "private": "bnVsbA==",
          "dependencies": [
            "module.irsa_proxy_role3.data.aws_iam_policy_document.domino-irsa-proxy-policy"
          ]
        }
      ]
    },
    {
      "module": "module.irsa_proxy_role3[0]",
      "mode": "managed",
      "type": "aws_iam_role",
      "name": "domino-irsa-proxy",
      "provider": "provider[\"registry.terraform.io/hashicorp/aws\"]",
      "instances": [
        {
          "schema_version": 0,
          "attributes": {
            "arn": "arn:aws:iam::946429944765:role/sw-domino-proxy-project3-role-1",
            "assume_role_policy": "{\"Statement\":[{\"Action\":\"sts:AssumeRoleWithWebIdentity\",\"Condition\":{\"StringLike\":{\"oidc.eks.us-west-2.amazonaws.com/id/CE43713C833C45CD4B04FB618078555B:sub\":\"\"}},\"Effect\":\"Allow\",\"Principal\":{\"Federated\":\"arn:aws:iam::946429944765:oidc-provider/oidc.eks.us-west-2.amazonaws.com/id/CE43713C833C45CD4B04FB618078555B\"}}],\"Version\":\"2012-10-17\"}",
            "create_date": "2023-11-08T19:14:34Z",
            "description": "",
            "force_detach_policies": false,
            "id": "sw-domino-proxy-project3-role-1",
            "inline_policy": [],
            "managed_policy_arns": [],
            "max_session_duration": 3600,
            "name": "sw-domino-proxy-project3-role-1",
            "name_prefix": "",
            "path": "/",
            "permissions_boundary": "",
            "tags": null,
            "tags_all": {},
            "unique_id": "AROA5YW464O6XJAKR56KW"
          },
          "sensitive_attributes": [],
          "private": "bnVsbA==",
          "dependencies": [
            "module.irsa_proxy_role3.data.aws_iam_policy_document.irsa-proxy-role-trust-policy"
          ]
        }
      ]
    },
    {
      "module": "module.irsa_proxy_role3[0]",
      "mode": "managed",
      "type": "aws_iam_role_policy_attachment",
      "name": "domino-irsa-proxy",
      "provider": "provider[\"registry.terraform.io/hashicorp/aws\"]",
      "instances": [
        {
          "schema_version": 0,
          "attributes": {
            "id": "sw-domino-proxy-project3-role-1-20231108191434900100000004",
            "policy_arn": "arn:aws:iam::946429944765:policy/sw-domino-proxy-project3-role-1-policy",
            "role": "sw-domino-proxy-project3-role-1"
          },
          "sensitive_attributes": [],
          "private": "bnVsbA==",
          "dependencies": [
            "module.irsa_proxy_role3.aws_iam_policy.domino-irsa-proxy-policy",
            "module.irsa_proxy_role3.aws_iam_role.domino-irsa-proxy",
            "module.irsa_proxy_role3.data.aws_iam_policy_document.domino-irsa-proxy-policy",
            "module.irsa_proxy_role3.data.aws_iam_policy_document.irsa-proxy-role-trust-policy"
          ]
        }
      ]
    },
    {
      "module": "module.irsa_proxy_role4[0]",
      "mode": "data",
      "type": "aws_caller_identity",
      "name": "current",
      "provider": "provider[\"registry.terraform.io/hashicorp/aws\"]",
      "instances": [
        {
          "schema_version": 0,
          "attributes": {
            "account_id": "946429944765",
            "arn": "arn:aws:iam::946429944765:user/sameer.wadkar",
            "id": "946429944765",
            "user_id": "AIDA5YW464O65RDLJEBJ4"
          },
          "sensitive_attributes": []
        }
      ]
    },
    {
      "module": "module.irsa_proxy_role4[0]",
      "mode": "data",
      "type": "aws_eks_cluster",
      "name": "domino-cluster",
      "provider": "provider[\"registry.terraform.io/hashicorp/aws\"]",
      "instances": [
        {
          "schema_version": 0,
          "attributes": {
            "arn": "arn:aws:eks:us-west-2:946429944765:cluster/swdemo27806",
            "certificate_authority": [
              {
                "data": "LS0tLS1CRUdJTiBDRVJUSUZJQ0FURS0tLS0tCk1JSURCVENDQWUyZ0F3SUJBZ0lJUW1STGh0Q0lHRGd3RFFZSktvWklodmNOQVFFTEJRQXdGVEVUTUJFR0ExVUUKQXhNS2EzVmlaWEp1WlhSbGN6QWVGdzB5TXpFeE1EZ3hOakV5TURWYUZ3MHpNekV4TURVeE5qRTNNRFZhTUJVeApFekFSQmdOVkJBTVRDbXQxWW1WeWJtVjBaWE13Z2dFaU1BMEdDU3FHU0liM0RRRUJBUVVBQTRJQkR3QXdnZ0VLCkFvSUJBUURUWmEwVlpUOFBMUzlld09XMDg5YXAyOFltcFVnR2tIZVNSdmpXK1BxK0hPTEsxbFd6eU53TWRybzcKdHpRTk5RSjlvNzFtcE91ZnczNlJGbGhQZU9wL0M1a25VRVZwK2R3TzFQTlpoVzNpOWdwWjVONG9TMG5DTkMwcwp0eHBzRnEvUjUvWUpyR2ZKVmxpellmWDRidVRJZDIvODNBTmRUNWlTQzkvVTlZeTZ1elI1RFJ5YTZ3RjU0YWpnCk5tTlVsQjNwNVhuZVdsbFNmdjBneG14bUZxUFB5dGY5b3FCcHg5TjNLVUpCWEtuKzJ0T2szT1FrMmFkZEZObEgKZEoxQTBpaWhoUU9udkEyb0lXUzYwTmVzNGROK05NOTU4WkRidFNpVmhwQ3poWW9HMEtCQ2JQNmpraUwzUDNPSwpHS2Z4LzdHMDhhUXJ1QVl1TmhuMDlzV1dzT2JMQWdNQkFBR2pXVEJYTUE0R0ExVWREd0VCL3dRRUF3SUNwREFQCkJnTlZIUk1CQWY4RUJUQURBUUgvTUIwR0ExVWREZ1FXQkJRQjdXRTdUdFdPM1JBQVFLVDJkWWgrMUQzcUZEQVYKQmdOVkhSRUVEakFNZ2dwcmRXSmxjbTVsZEdWek1BMEdDU3FHU0liM0RRRUJDd1VBQTRJQkFRQzZMUy9mdENBUQo3OGl4VS9RTUd2c3B2aGUzZlFhbkMxazJUNWk1WXVEQWx3ekFDeEZ1YnYzcEtkT2hadlQ3YVNCbytRM3hiWGhoCmZOSjRVeGc4amJBd2pxSk5EWS9pSC8wT3duTllVRk1EVTJQVkVwRmREZVdNcmU5TVlRNVNjRDVvaCtzV0Q4b3YKTks1V3RQNWRjY2RFdzcyb2Y2ZktrZU5QM3VsOFk1RVBHd1Y0d3BhU3lUbW9CTDlTWmZ5Q3hUOFJWUU5pYmtzbgp6QzhLU3FnRkJmVzFUVUs3Sm95RXI1MTRidWFUQzh5di82djJtWHJnek53eWtycE00NUYrcm9UVHdYRkNXRkQ3Ck15THZiVjBmZmxqRVFMdHVtQkpRdVZxZEJhOVZKcEx3TVpJRXJJRmdTcjluelRObFRkUzd6RGhJVFBwRzhXS3oKanlWZkgwa1MzaUduCi0tLS0tRU5EIENFUlRJRklDQVRFLS0tLS0K"
              }
            ],
            "cluster_id": null,
            "created_at": "2023-11-08 16:13:03.889 +0000 UTC",
            "enabled_cluster_log_types": [
              "api",
              "audit",
              "authenticator",
              "controllerManager",
              "scheduler"
            ],
            "endpoint": "https://CE43713C833C45CD4B04FB618078555B.gr7.us-west-2.eks.amazonaws.com",
            "id": "swdemo27806",
            "identity": [
              {
                "oidc": [
                  {
                    "issuer": "https://oidc.eks.us-west-2.amazonaws.com/id/CE43713C833C45CD4B04FB618078555B"
                  }
                ]
              }
            ],
            "kubernetes_network_config": [
              {
                "ip_family": "ipv4",
                "service_ipv4_cidr": "172.20.0.0/16",
                "service_ipv6_cidr": ""
              }
            ],
            "name": "swdemo27806",
            "outpost_config": [],
            "platform_version": "eks.3",
            "role_arn": "arn:aws:iam::946429944765:role/swdemo27806-eks",
            "status": "ACTIVE",
            "tags": {
              "artifacts_image_tag": "dummy",
              "build_timestamp": "2023-11-08T16:08:43.959126",
              "customer_name": "bridgewaters",
              "deploy_id": "swdemo27806",
              "deploy_tag": "latest",
              "deploy_type": "dev-aws-eks",
              "infosec_accountability": "Domino CloudOps",
              "infosec_classification": "sensitive",
              "infosec_purpose": "Domino Deployment",
              "user_email": "sameer.wadkar@dominodatalab.com"
            },
            "version": "1.28",
            "vpc_config": [
              {
                "cluster_security_group_id": "sg-0df13a1c0b3b52a85",
                "endpoint_private_access": true,
                "endpoint_public_access": false,
                "public_access_cidrs": [],
                "security_group_ids": [
                  "sg-0ed2ef04926dd5668"
                ],
                "subnet_ids": [
                  "subnet-0a4b65ba0f7d4ffbb",
                  "subnet-0cf66a9d6388e288b"
                ],
                "vpc_id": "vpc-09a4739007a0510be"
              }
            ]
          },
          "sensitive_attributes": []
        }
      ]
    },
    {
      "module": "module.irsa_proxy_role4[0]",
      "mode": "data",
      "type": "aws_iam_openid_connect_provider",
      "name": "domino-cluster-provider",
      "provider": "provider[\"registry.terraform.io/hashicorp/aws\"]",
      "instances": [
        {
          "schema_version": 0,
          "attributes": {
            "arn": "arn:aws:iam::946429944765:oidc-provider/oidc.eks.us-west-2.amazonaws.com/id/CE43713C833C45CD4B04FB618078555B",
            "client_id_list": [
              "sts.amazonaws.com"
            ],
            "id": "arn:aws:iam::946429944765:oidc-provider/oidc.eks.us-west-2.amazonaws.com/id/CE43713C833C45CD4B04FB618078555B",
            "tags": {
              "artifacts_image_tag": "dummy",
              "build_timestamp": "2023-11-08T16:08:43.959126",
              "customer_name": "bridgewaters",
              "deploy_id": "swdemo27806",
              "deploy_tag": "latest",
              "deploy_type": "dev-aws-eks",
              "infosec_accountability": "Domino CloudOps",
              "infosec_classification": "sensitive",
              "infosec_purpose": "Domino Deployment",
              "user_email": "sameer.wadkar@dominodatalab.com"
            },
            "thumbprint_list": [
              "9e99a48a9960b14926bb7f3b02e22da2b0ab7280",
              "06b25927c42a721631c1efd9431e648fa62e1e39",
              "2ad974a775f73cbdbbd8f5ac3a49255fa8fb1f8c",
              "e1d31a1f94725daaef02dcf1c1bb0ff4a28a6060"
            ],
            "url": "oidc.eks.us-west-2.amazonaws.com/id/CE43713C833C45CD4B04FB618078555B"
          },
          "sensitive_attributes": []
        }
      ]
    },
    {
      "module": "module.irsa_proxy_role4[0]",
      "mode": "data",
      "type": "aws_iam_policy_document",
      "name": "domino-irsa-proxy-policy",
      "provider": "provider[\"registry.terraform.io/hashicorp/aws\"]",
      "instances": [
        {
          "schema_version": 0,
          "attributes": {
            "id": "3242758265",
            "json": "{\n  \"Version\": \"2012-10-17\",\n  \"Statement\": [\n    {\n      \"Effect\": \"Allow\",\n      \"Action\": \"sts:AssumeRole\",\n      \"Resource\": \"arn:aws:iam::946429944765:role/sw-domino-project4-role\"\n    }\n  ]\n}",
            "override_policy_documents": null,
            "policy_id": null,
            "source_policy_documents": null,
            "statement": [
              {
                "actions": [
                  "sts:AssumeRole"
                ],
                "condition": [],
                "effect": "Allow",
                "not_actions": [],
                "not_principals": [],
                "not_resources": [],
                "principals": [],
                "resources": [
                  "arn:aws:iam::946429944765:role/sw-domino-project4-role"
                ],
                "sid": ""
              }
            ],
            "version": "2012-10-17"
          },
          "sensitive_attributes": []
        }
      ]
    },
    {
      "module": "module.irsa_proxy_role4[0]",
      "mode": "data",
      "type": "aws_iam_policy_document",
      "name": "irsa-proxy-role-trust-policy",
      "provider": "provider[\"registry.terraform.io/hashicorp/aws\"]",
      "instances": [
        {
          "schema_version": 0,
          "attributes": {
            "id": "2141557282",
            "json": "{\n  \"Version\": \"2012-10-17\",\n  \"Statement\": [\n    {\n      \"Effect\": \"Allow\",\n      \"Action\": \"sts:AssumeRoleWithWebIdentity\",\n      \"Principal\": {\n        \"Federated\": \"arn:aws:iam::946429944765:oidc-provider/oidc.eks.us-west-2.amazonaws.com/id/CE43713C833C45CD4B04FB618078555B\"\n      },\n      \"Condition\": {\n        \"StringLike\": {\n          \"oidc.eks.us-west-2.amazonaws.com/id/CE43713C833C45CD4B04FB618078555B:sub\": \"\"\n        }\n      }\n    }\n  ]\n}",
            "override_policy_documents": null,
            "policy_id": null,
            "source_policy_documents": null,
            "statement": [
              {
                "actions": [
                  "sts:AssumeRoleWithWebIdentity"
                ],
                "condition": [
                  {
                    "test": "StringLike",
                    "values": [
                      ""
                    ],
                    "variable": "oidc.eks.us-west-2.amazonaws.com/id/CE43713C833C45CD4B04FB618078555B:sub"
                  }
                ],
                "effect": "Allow",
                "not_actions": [],
                "not_principals": [],
                "not_resources": [],
                "principals": [
                  {
                    "identifiers": [
                      "arn:aws:iam::946429944765:oidc-provider/oidc.eks.us-west-2.amazonaws.com/id/CE43713C833C45CD4B04FB618078555B"
                    ],
                    "type": "Federated"
                  }
                ],
                "resources": [],
                "sid": ""
              }
            ],
            "version": "2012-10-17"
          },
          "sensitive_attributes": []
        }
      ]
    },
    {
      "module": "module.irsa_proxy_role4[0]",
      "mode": "managed",
      "type": "aws_iam_policy",
      "name": "domino-irsa-proxy-policy",
      "provider": "provider[\"registry.terraform.io/hashicorp/aws\"]",
      "instances": [
        {
          "schema_version": 0,
          "attributes": {
            "arn": "arn:aws:iam::946429944765:policy/sw-domino-proxy-project4-role-1-policy",
            "description": "",
            "id": "arn:aws:iam::946429944765:policy/sw-domino-proxy-project4-role-1-policy",
            "name": "sw-domino-proxy-project4-role-1-policy",
            "name_prefix": "",
            "path": "/",
            "policy": "{\"Statement\":[{\"Action\":\"sts:AssumeRole\",\"Effect\":\"Allow\",\"Resource\":\"arn:aws:iam::946429944765:role/sw-domino-project4-role\"}],\"Version\":\"2012-10-17\"}",
            "policy_id": "ANPA5YW464O6QSLUTGPYJ",
            "tags": null,
            "tags_all": {}
          },
          "sensitive_attributes": [],
          "private": "bnVsbA==",
          "dependencies": [
            "module.irsa_proxy_role4.data.aws_iam_policy_document.domino-irsa-proxy-policy"
          ]
        }
      ]
    },
    {
      "module": "module.irsa_proxy_role4[0]",
      "mode": "managed",
      "type": "aws_iam_role",
      "name": "domino-irsa-proxy",
      "provider": "provider[\"registry.terraform.io/hashicorp/aws\"]",
      "instances": [
        {
          "schema_version": 0,
          "attributes": {
            "arn": "arn:aws:iam::946429944765:role/sw-domino-proxy-project4-role-1",
            "assume_role_policy": "{\"Statement\":[{\"Action\":\"sts:AssumeRoleWithWebIdentity\",\"Condition\":{\"StringLike\":{\"oidc.eks.us-west-2.amazonaws.com/id/CE43713C833C45CD4B04FB618078555B:sub\":\"\"}},\"Effect\":\"Allow\",\"Principal\":{\"Federated\":\"arn:aws:iam::946429944765:oidc-provider/oidc.eks.us-west-2.amazonaws.com/id/CE43713C833C45CD4B04FB618078555B\"}}],\"Version\":\"2012-10-17\"}",
            "create_date": "2023-11-08T19:14:34Z",
            "description": "",
            "force_detach_policies": false,
            "id": "sw-domino-proxy-project4-role-1",
            "inline_policy": [],
            "managed_policy_arns": [],
            "max_session_duration": 3600,
            "name": "sw-domino-proxy-project4-role-1",
            "name_prefix": "",
            "path": "/",
            "permissions_boundary": "",
            "tags": null,
            "tags_all": {},
            "unique_id": "AROA5YW464O6UFC57ICRR"
          },
          "sensitive_attributes": [],
          "private": "bnVsbA==",
          "dependencies": [
            "module.irsa_proxy_role4.data.aws_iam_policy_document.irsa-proxy-role-trust-policy"
          ]
        }
      ]
    },
    {
      "module": "module.irsa_proxy_role4[0]",
      "mode": "managed",
      "type": "aws_iam_role_policy_attachment",
      "name": "domino-irsa-proxy",
      "provider": "provider[\"registry.terraform.io/hashicorp/aws\"]",
      "instances": [
        {
          "schema_version": 0,
          "attributes": {
            "id": "sw-domino-proxy-project4-role-1-20231108191434835400000003",
            "policy_arn": "arn:aws:iam::946429944765:policy/sw-domino-proxy-project4-role-1-policy",
            "role": "sw-domino-proxy-project4-role-1"
          },
          "sensitive_attributes": [],
          "private": "bnVsbA==",
          "dependencies": [
            "module.irsa_proxy_role4.aws_iam_policy.domino-irsa-proxy-policy",
            "module.irsa_proxy_role4.aws_iam_role.domino-irsa-proxy",
            "module.irsa_proxy_role4.data.aws_iam_policy_document.domino-irsa-proxy-policy",
            "module.irsa_proxy_role4.data.aws_iam_policy_document.irsa-proxy-role-trust-policy"
          ]
        }
      ]
    },
    {
      "module": "module.irsa_workload_role1",
      "mode": "data",
      "type": "aws_iam_policy_document",
      "name": "workload-role-trust-policy",
      "provider": "provider[\"registry.terraform.io/hashicorp/aws\"]",
      "instances": [
        {
          "schema_version": 0,
          "attributes": {
            "id": "3077913299",
            "json": "{\n  \"Version\": \"2012-10-17\",\n  \"Statement\": [\n    {\n      \"Effect\": \"Allow\",\n      \"Action\": \"sts:AssumeRole\",\n      \"Principal\": {\n        \"AWS\": \"arn:aws:iam::946429944765:role/sw-domino-proxy-project1-role-1\"\n      }\n    }\n  ]\n}",
            "override_policy_documents": null,
            "policy_id": null,
            "source_policy_documents": null,
            "statement": [
              {
                "actions": [
                  "sts:AssumeRole"
                ],
                "condition": [],
                "effect": "Allow",
                "not_actions": [],
                "not_principals": [],
                "not_resources": [],
                "principals": [
                  {
                    "identifiers": [
                      "arn:aws:iam::946429944765:role/sw-domino-proxy-project1-role-1"
                    ],
                    "type": "AWS"
                  }
                ],
                "resources": [],
                "sid": ""
              }
            ],
            "version": "2012-10-17"
          },
          "sensitive_attributes": []
        }
      ]
    },
    {
      "module": "module.irsa_workload_role1",
      "mode": "managed",
      "type": "aws_iam_role",
      "name": "irsa-workload-role",
      "provider": "provider[\"registry.terraform.io/hashicorp/aws\"]",
      "instances": [
        {
          "schema_version": 0,
          "attributes": {
            "arn": "arn:aws:iam::946429944765:role/sw-domino-project1-role",
            "assume_role_policy": "{\"Statement\":[{\"Action\":\"sts:AssumeRole\",\"Effect\":\"Allow\",\"Principal\":{\"AWS\":\"arn:aws:iam::946429944765:role/sw-domino-proxy-project1-role-1\"}}],\"Version\":\"2012-10-17\"}",
            "create_date": "2023-11-08T19:14:43Z",
            "description": "",
            "force_detach_policies": false,
            "id": "sw-domino-project1-role",
            "inline_policy": [],
            "managed_policy_arns": [],
            "max_session_duration": 3600,
            "name": "sw-domino-project1-role",
            "name_prefix": "",
            "path": "/",
            "permissions_boundary": "",
            "tags": null,
            "tags_all": {},
            "unique_id": "AROA5YW464O6VDSK7REXM"
          },
          "sensitive_attributes": [],
          "private": "bnVsbA==",
          "dependencies": [
            "module.irsa_proxy_role1.aws_iam_policy.domino-irsa-proxy-policy",
            "module.irsa_proxy_role1.aws_iam_role.domino-irsa-proxy",
            "module.irsa_proxy_role1.aws_iam_role_policy_attachment.domino-irsa-proxy",
            "module.irsa_proxy_role1.data.aws_caller_identity.current",
            "module.irsa_proxy_role1.data.aws_eks_cluster.domino-cluster",
            "module.irsa_proxy_role1.data.aws_iam_openid_connect_provider.domino-cluster-provider",
            "module.irsa_proxy_role1.data.aws_iam_policy_document.domino-irsa-proxy-policy",
            "module.irsa_proxy_role1.data.aws_iam_policy_document.irsa-proxy-role-trust-policy",
            "module.irsa_workload_role1.data.aws_iam_policy_document.workload-role-trust-policy"
          ]
        }
      ]
    },
    {
      "module": "module.irsa_workload_role2",
      "mode": "data",
      "type": "aws_iam_policy_document",
      "name": "workload-role-trust-policy",
      "provider": "provider[\"registry.terraform.io/hashicorp/aws\"]",
      "instances": [
        {
          "schema_version": 0,
          "attributes": {
            "id": "310202815",
            "json": "{\n  \"Version\": \"2012-10-17\",\n  \"Statement\": [\n    {\n      \"Effect\": \"Allow\",\n      \"Action\": \"sts:AssumeRole\",\n      \"Principal\": {\n        \"AWS\": \"arn:aws:iam::946429944765:role/sw-domino-proxy-project2-role-1\"\n      }\n    }\n  ]\n}",
            "override_policy_documents": null,
            "policy_id": null,
            "source_policy_documents": null,
            "statement": [
              {
                "actions": [
                  "sts:AssumeRole"
                ],
                "condition": [],
                "effect": "Allow",
                "not_actions": [],
                "not_principals": [],
                "not_resources": [],
                "principals": [
                  {
                    "identifiers": [
                      "arn:aws:iam::946429944765:role/sw-domino-proxy-project2-role-1"
                    ],
                    "type": "AWS"
                  }
                ],
                "resources": [],
                "sid": ""
              }
            ],
            "version": "2012-10-17"
          },
          "sensitive_attributes": []
        }
      ]
    },
    {
      "module": "module.irsa_workload_role2",
      "mode": "managed",
      "type": "aws_iam_role",
      "name": "irsa-workload-role",
      "provider": "provider[\"registry.terraform.io/hashicorp/aws\"]",
      "instances": [
        {
          "schema_version": 0,
          "attributes": {
            "arn": "arn:aws:iam::946429944765:role/sw-domino-project2-role",
            "assume_role_policy": "{\"Statement\":[{\"Action\":\"sts:AssumeRole\",\"Effect\":\"Allow\",\"Principal\":{\"AWS\":\"arn:aws:iam::946429944765:role/sw-domino-proxy-project2-role-1\"}}],\"Version\":\"2012-10-17\"}",
            "create_date": "2023-11-08T19:14:51Z",
            "description": "",
            "force_detach_policies": false,
            "id": "sw-domino-project2-role",
            "inline_policy": [],
            "managed_policy_arns": [],
            "max_session_duration": 3600,
            "name": "sw-domino-project2-role",
            "name_prefix": "",
            "path": "/",
            "permissions_boundary": "",
            "tags": null,
            "tags_all": {},
            "unique_id": "AROA5YW464O67GAJGNVLM"
          },
          "sensitive_attributes": [],
          "private": "bnVsbA==",
          "dependencies": [
            "module.irsa_proxy_role2.aws_iam_policy.domino-irsa-proxy-policy",
            "module.irsa_proxy_role2.aws_iam_role.domino-irsa-proxy",
            "module.irsa_proxy_role2.aws_iam_role_policy_attachment.domino-irsa-proxy",
            "module.irsa_proxy_role2.data.aws_caller_identity.current",
            "module.irsa_proxy_role2.data.aws_eks_cluster.domino-cluster",
            "module.irsa_proxy_role2.data.aws_iam_openid_connect_provider.domino-cluster-provider",
            "module.irsa_proxy_role2.data.aws_iam_policy_document.domino-irsa-proxy-policy",
            "module.irsa_proxy_role2.data.aws_iam_policy_document.irsa-proxy-role-trust-policy",
            "module.irsa_workload_role2.data.aws_iam_policy_document.workload-role-trust-policy"
          ]
        }
      ]
    },
    {
      "module": "module.irsa_workload_role3",
      "mode": "data",
      "type": "aws_iam_policy_document",
      "name": "workload-role-trust-policy",
      "provider": "provider[\"registry.terraform.io/hashicorp/aws\"]",
      "instances": [
        {
          "schema_version": 0,
          "attributes": {
            "id": "310202815",
            "json": "{\n  \"Version\": \"2012-10-17\",\n  \"Statement\": [\n    {\n      \"Effect\": \"Allow\",\n      \"Action\": \"sts:AssumeRole\",\n      \"Principal\": {\n        \"AWS\": \"arn:aws:iam::946429944765:role/sw-domino-proxy-project2-role-1\"\n      }\n    }\n  ]\n}",
            "override_policy_documents": null,
            "policy_id": null,
            "source_policy_documents": null,
            "statement": [
              {
                "actions": [
                  "sts:AssumeRole"
                ],
                "condition": [],
                "effect": "Allow",
                "not_actions": [],
                "not_principals": [],
                "not_resources": [],
                "principals": [
                  {
                    "identifiers": [
                      "arn:aws:iam::946429944765:role/sw-domino-proxy-project2-role-1"
                    ],
                    "type": "AWS"
                  }
                ],
                "resources": [],
                "sid": ""
              }
            ],
            "version": "2012-10-17"
          },
          "sensitive_attributes": []
        }
      ]
    },
    {
      "module": "module.irsa_workload_role3",
      "mode": "managed",
      "type": "aws_iam_role",
      "name": "irsa-workload-role",
      "provider": "provider[\"registry.terraform.io/hashicorp/aws\"]",
      "instances": [
        {
          "schema_version": 0,
          "attributes": {
            "arn": "arn:aws:iam::946429944765:role/sw-domino-project3-role",
            "assume_role_policy": "{\"Statement\":[{\"Action\":\"sts:AssumeRole\",\"Effect\":\"Allow\",\"Principal\":{\"AWS\":\"arn:aws:iam::946429944765:role/sw-domino-proxy-project2-role-1\"}}],\"Version\":\"2012-10-17\"}",
            "create_date": "2023-11-08T19:14:43Z",
            "description": "",
            "force_detach_policies": false,
            "id": "sw-domino-project3-role",
            "inline_policy": [],
            "managed_policy_arns": [],
            "max_session_duration": 3600,
            "name": "sw-domino-project3-role",
            "name_prefix": "",
            "path": "/",
            "permissions_boundary": "",
            "tags": null,
            "tags_all": {},
            "unique_id": "AROA5YW464O6XES3M2W37"
          },
          "sensitive_attributes": [],
          "private": "bnVsbA==",
          "dependencies": [
            "module.irsa_proxy_role2.aws_iam_policy.domino-irsa-proxy-policy",
            "module.irsa_proxy_role2.aws_iam_role.domino-irsa-proxy",
            "module.irsa_proxy_role2.aws_iam_role_policy_attachment.domino-irsa-proxy",
            "module.irsa_proxy_role2.data.aws_caller_identity.current",
            "module.irsa_proxy_role2.data.aws_eks_cluster.domino-cluster",
            "module.irsa_proxy_role2.data.aws_iam_openid_connect_provider.domino-cluster-provider",
            "module.irsa_proxy_role2.data.aws_iam_policy_document.domino-irsa-proxy-policy",
            "module.irsa_proxy_role2.data.aws_iam_policy_document.irsa-proxy-role-trust-policy",
            "module.irsa_workload_role3.data.aws_iam_policy_document.workload-role-trust-policy"
          ]
        }
      ]
    },
    {
      "module": "module.irsa_workload_role4",
      "mode": "data",
      "type": "aws_iam_policy_document",
      "name": "workload-role-trust-policy",
      "provider": "provider[\"registry.terraform.io/hashicorp/aws\"]",
      "instances": [
        {
          "schema_version": 0,
          "attributes": {
            "id": "310202815",
            "json": "{\n  \"Version\": \"2012-10-17\",\n  \"Statement\": [\n    {\n      \"Effect\": \"Allow\",\n      \"Action\": \"sts:AssumeRole\",\n      \"Principal\": {\n        \"AWS\": \"arn:aws:iam::946429944765:role/sw-domino-proxy-project2-role-1\"\n      }\n    }\n  ]\n}",
            "override_policy_documents": null,
            "policy_id": null,
            "source_policy_documents": null,
            "statement": [
              {
                "actions": [
                  "sts:AssumeRole"
                ],
                "condition": [],
                "effect": "Allow",
                "not_actions": [],
                "not_principals": [],
                "not_resources": [],
                "principals": [
                  {
                    "identifiers": [
                      "arn:aws:iam::946429944765:role/sw-domino-proxy-project2-role-1"
                    ],
                    "type": "AWS"
                  }
                ],
                "resources": [],
                "sid": ""
              }
            ],
            "version": "2012-10-17"
          },
          "sensitive_attributes": []
        }
      ]
    },
    {
      "module": "module.irsa_workload_role4",
      "mode": "managed",
      "type": "aws_iam_role",
      "name": "irsa-workload-role",
      "provider": "provider[\"registry.terraform.io/hashicorp/aws\"]",
      "instances": [
        {
          "schema_version": 0,
          "attributes": {
            "arn": "arn:aws:iam::946429944765:role/sw-domino-project4-role",
            "assume_role_policy": "{\"Statement\":[{\"Action\":\"sts:AssumeRole\",\"Effect\":\"Allow\",\"Principal\":{\"AWS\":\"arn:aws:iam::946429944765:role/sw-domino-proxy-project2-role-1\"}}],\"Version\":\"2012-10-17\"}",
            "create_date": "2023-11-08T19:14:43Z",
            "description": "",
            "force_detach_policies": false,
            "id": "sw-domino-project4-role",
            "inline_policy": [],
            "managed_policy_arns": [],
            "max_session_duration": 3600,
            "name": "sw-domino-project4-role",
            "name_prefix": "",
            "path": "/",
            "permissions_boundary": "",
            "tags": null,
            "tags_all": {},
            "unique_id": "AROA5YW464O6RIPZMACQV"
          },
          "sensitive_attributes": [],
          "private": "bnVsbA==",
          "dependencies": [
            "module.irsa_proxy_role2.aws_iam_policy.domino-irsa-proxy-policy",
            "module.irsa_proxy_role2.aws_iam_role.domino-irsa-proxy",
            "module.irsa_proxy_role2.aws_iam_role_policy_attachment.domino-irsa-proxy",
            "module.irsa_proxy_role2.data.aws_caller_identity.current",
            "module.irsa_proxy_role2.data.aws_eks_cluster.domino-cluster",
            "module.irsa_proxy_role2.data.aws_iam_openid_connect_provider.domino-cluster-provider",
            "module.irsa_proxy_role2.data.aws_iam_policy_document.domino-irsa-proxy-policy",
            "module.irsa_proxy_role2.data.aws_iam_policy_document.irsa-proxy-role-trust-policy",
            "module.irsa_workload_role4.data.aws_iam_policy_document.workload-role-trust-policy"
          ]
        }
      ]
    }
  ],
  "check_results": null
}
