{
  "version": 4,
  "terraform_version": "1.4.6",
  "serial": 147,
  "lineage": "e4aa1456-a7a4-40b6-05e5-8ae6d80b61da",
  "outputs": {},
  "resources": [
    {
      "mode": "data",
      "type": "aws_caller_identity",
      "name": "aws-asset-acct",
      "provider": "provider[\"registry.terraform.io/hashicorp/aws\"].asset-acct",
      "instances": [
        {
          "schema_version": 0,
          "attributes": {
            "account_id": "946429944765",
            "arn": "arn:aws:iam::946429944765:user/sameer.wadkar",
            "id": "946429944765",
            "user_id": "AIDA5YW464O65RDLJEBJ4"
          },
          "sensitive_attributes": []
        }
      ]
    },
    {
      "mode": "data",
      "type": "aws_caller_identity",
      "name": "domino-eks-acct",
      "provider": "provider[\"registry.terraform.io/hashicorp/aws\"]",
      "instances": [
        {
          "schema_version": 0,
          "attributes": {
            "account_id": "946429944765",
            "arn": "arn:aws:iam::946429944765:user/sameer.wadkar",
            "id": "946429944765",
            "user_id": "AIDA5YW464O65RDLJEBJ4"
          },
          "sensitive_attributes": []
        }
      ]
    },
    {
      "mode": "data",
      "type": "aws_eks_cluster",
      "name": "domino-cluster",
      "provider": "provider[\"registry.terraform.io/hashicorp/aws\"]",
      "instances": [
        {
          "schema_version": 0,
          "attributes": {
            "arn": "arn:aws:eks:us-west-2:946429944765:cluster/swdemo24499",
            "certificate_authority": [
              {
                "data": "LS0tLS1CRUdJTiBDRVJUSUZJQ0FURS0tLS0tCk1JSURCVENDQWUyZ0F3SUJBZ0lJQi9YdHhVTitpNHN3RFFZSktvWklodmNOQVFFTEJRQXdGVEVUTUJFR0ExVUUKQXhNS2EzVmlaWEp1WlhSbGN6QWVGdzB5TXpFd01UQXhOVEEwTlRWYUZ3MHpNekV3TURjeE5UQTBOVFZhTUJVeApFekFSQmdOVkJBTVRDbXQxWW1WeWJtVjBaWE13Z2dFaU1BMEdDU3FHU0liM0RRRUJBUVVBQTRJQkR3QXdnZ0VLCkFvSUJBUURIbVErK2FTZUhpMTJwTXpsdVRuNXBFTTJrL0Y1dnBCUmd6em92dUdFWnpNMUdsL2ovK0JOSG5Fb2kKeFNqS1JmVHlpVlorN0RwOWJWYS9EZERBWGhuanA4MzFYbkk4QmtOdE9mcXNjL1ZwVFBNdDVpVlNtdkFzMUdDTgovUnZxMlpqY2Y4YXpDaG1qMHJsVzdtejlQYzNUZFJWc1ZmNWtJK25XRzVpMFJId0V4TXRlSGhWT3ZJS0I4Z3hsCm5mcjdVdFMwTE1jQ0xCdnN2Qmd1MHgwbmZ0K3ZRZndZODBNWlBleEtPVHJ1UDF6VGdXLzBNMzVlRDA0am9SbVgKUDFhdXNjdVZNNmZhMHBBejZTZ2wvZGRTcU1uQkJFK1piNkVHR1VmR0RMT0RvcnhtSmJsVysyR1NiZDkxcUhjNgo3dXo4bFRLUEk0VkxjQXBHQjdpckhRMEVXaHJkQWdNQkFBR2pXVEJYTUE0R0ExVWREd0VCL3dRRUF3SUNwREFQCkJnTlZIUk1CQWY4RUJUQURBUUgvTUIwR0ExVWREZ1FXQkJRNlFpeE9ReFEwV3VrR1djR1ZDMHh2bkYzbkR6QVYKQmdOVkhSRUVEakFNZ2dwcmRXSmxjbTVsZEdWek1BMEdDU3FHU0liM0RRRUJDd1VBQTRJQkFRQWExNHRaZmJsQQphUVBNSnJVR2FDUHhZRDFkQXRoTkZnUlJrblBWYitzZnp0ZGpSZWE4cy9HN0hUVlVNb0ppdkZDOWxtZWJJSVpTCmdvWlZRVEtqQ295b0xLNFIwNnlYUy9zUWxsbGpmOUd4VjF6T2p4VTBxSEVPNzFjb2ViMWpIZ2ZsamRLOURJQkgKN2NkN000M2UyUDRXMXYzTHRPbm1lMHNLenBydXFNWnVlVUZxV3Y3enVTbjJ2NGY0alVscHcxTjdIMlRpdjhKMwpndksvTGN0L2dnYXBjT0VxVXZLRVg0RkZ5UFVYSmdYYURQQzJJNHphcDBNbEdYeHJpVTNYMHUwbTdRSEoxdXFQCitNUURndlR5cFdzNzRzL1JjNHpOUk9qZnFPaTBXaUtML1czM0RZY3pLakQyV0w1STNrdG9KWnZGM0dCaXVhZXMKQTB4VFBYWEc3S1RXCi0tLS0tRU5EIENFUlRJRklDQVRFLS0tLS0K"
              }
            ],
            "cluster_id": null,
            "created_at": "2023-10-10 15:00:37.805 +0000 UTC",
            "enabled_cluster_log_types": [
              "api",
              "audit",
              "authenticator",
              "controllerManager",
              "scheduler"
            ],
            "endpoint": "https://4AFE6A6675337E4A6530E68AC8137C0B.gr7.us-west-2.eks.amazonaws.com",
            "id": "swdemo24499",
            "identity": [
              {
                "oidc": [
                  {
                    "issuer": "https://oidc.eks.us-west-2.amazonaws.com/id/4AFE6A6675337E4A6530E68AC8137C0B"
                  }
                ]
              }
            ],
            "kubernetes_network_config": [
              {
                "ip_family": "ipv4",
                "service_ipv4_cidr": "172.20.0.0/16",
                "service_ipv6_cidr": ""
              }
            ],
            "name": "swdemo24499",
            "outpost_config": [],
            "platform_version": "eks.5",
            "role_arn": "arn:aws:iam::946429944765:role/swdemo24499-eks",
            "status": "ACTIVE",
            "tags": {
              "artifacts_image_tag": "dummy",
              "build_timestamp": "2023-10-10T14:55:51.635280",
              "deploy_id": "swdemo24499",
              "deploy_tag": "release-v65.latest",
              "deploy_type": "dev-aws-eks",
              "infosec_classification": "sensitive",
              "user_email": "sameer.wadkar@dominodatalab.com"
            },
            "version": "1.27",
            "vpc_config": [
              {
                "cluster_security_group_id": "sg-07fa72b2a62916d1a",
                "endpoint_private_access": true,
                "endpoint_public_access": false,
                "public_access_cidrs": [],
                "security_group_ids": [
                  "sg-05f7d460964f84bd8"
                ],
                "subnet_ids": [
                  "subnet-02e2b42d5697ee75f",
                  "subnet-0a28cf3146acec3cd"
                ],
                "vpc_id": "vpc-00ecad9101150feab"
              }
            ]
          },
          "sensitive_attributes": []
        }
      ]
    },
    {
      "mode": "data",
      "type": "aws_iam_openid_connect_provider",
      "name": "domino-cluster-provider",
      "provider": "provider[\"registry.terraform.io/hashicorp/aws\"]",
      "instances": [
        {
          "schema_version": 0,
          "attributes": {
            "arn": "arn:aws:iam::946429944765:oidc-provider/oidc.eks.us-west-2.amazonaws.com/id/4AFE6A6675337E4A6530E68AC8137C0B",
            "client_id_list": [
              "sts.amazonaws.com"
            ],
            "id": "arn:aws:iam::946429944765:oidc-provider/oidc.eks.us-west-2.amazonaws.com/id/4AFE6A6675337E4A6530E68AC8137C0B",
            "tags": {
              "artifacts_image_tag": "dummy",
              "build_timestamp": "2023-10-10T14:55:51.635280",
              "deploy_id": "swdemo24499",
              "deploy_tag": "release-v65.latest",
              "deploy_type": "dev-aws-eks",
              "infosec_classification": "sensitive",
              "user_email": "sameer.wadkar@dominodatalab.com"
            },
            "thumbprint_list": [
              "9e99a48a9960b14926bb7f3b02e22da2b0ab7280",
              "06b25927c42a721631c1efd9431e648fa62e1e39",
              "2ad974a775f73cbdbbd8f5ac3a49255fa8fb1f8c",
              "e1d31a1f94725daaef02dcf1c1bb0ff4a28a6060"
            ],
            "url": "oidc.eks.us-west-2.amazonaws.com/id/4AFE6A6675337E4A6530E68AC8137C0B"
          },
          "sensitive_attributes": []
        }
      ]
    },
    {
      "mode": "data",
      "type": "aws_iam_policy_document",
      "name": "domino-eks-irsa-role-trust-policy",
      "provider": "provider[\"registry.terraform.io/hashicorp/aws\"]",
      "instances": [
        {
          "schema_version": 0,
          "attributes": {
            "id": "3155852851",
            "json": "{\n  \"Version\": \"2012-10-17\",\n  \"Statement\": [\n    {\n      \"Effect\": \"Allow\",\n      \"Action\": \"sts:AssumeRoleWithWebIdentity\",\n      \"Principal\": {\n        \"Federated\": \"arn:aws:iam::946429944765:oidc-provider/oidc.eks.us-west-2.amazonaws.com/id/4AFE6A6675337E4A6530E68AC8137C0B\"\n      },\n      \"Condition\": {\n        \"StringEquals\": {\n          \"oidc.eks.us-west-2.amazonaws.com/id/4AFE6A6675337E4A6530E68AC8137C0B:sub\": \"system:serviceaccount:domino-field:irsa\"\n        }\n      }\n    }\n  ]\n}",
            "override_policy_documents": null,
            "policy_id": null,
            "source_policy_documents": null,
            "statement": [
              {
                "actions": [
                  "sts:AssumeRoleWithWebIdentity"
                ],
                "condition": [
                  {
                    "test": "StringEquals",
                    "values": [
                      "system:serviceaccount:domino-field:irsa"
                    ],
                    "variable": "oidc.eks.us-west-2.amazonaws.com/id/4AFE6A6675337E4A6530E68AC8137C0B:sub"
                  }
                ],
                "effect": "Allow",
                "not_actions": [],
                "not_principals": [],
                "not_resources": [],
                "principals": [
                  {
                    "identifiers": [
                      "arn:aws:iam::946429944765:oidc-provider/oidc.eks.us-west-2.amazonaws.com/id/4AFE6A6675337E4A6530E68AC8137C0B"
                    ],
                    "type": "Federated"
                  }
                ],
                "resources": [],
                "sid": ""
              }
            ],
            "version": "2012-10-17"
          },
          "sensitive_attributes": []
        }
      ]
    },
    {
      "mode": "data",
      "type": "aws_iam_policy_document",
      "name": "domino-irsa-svc-policy",
      "provider": "provider[\"registry.terraform.io/hashicorp/aws\"]",
      "instances": [
        {
          "schema_version": 0,
          "attributes": {
            "id": "2290512617",
            "json": "{\n  \"Version\": \"2012-10-17\",\n  \"Statement\": [\n    {\n      \"Sid\": \"IRSAAdmin\",\n      \"Effect\": \"Allow\",\n      \"Action\": [\n        \"iam:UpdateAssumeRolePolicy\",\n        \"iam:PutRolePolicy\",\n        \"iam:ListRoles\",\n        \"iam:ListRolePolicies\",\n        \"iam:ListPolicyVersions\",\n        \"iam:ListPolicies\",\n        \"iam:GetRole\"\n      ],\n      \"Resource\": [\n        \"arn:aws:iam::946429944765:role/jhu-domino-proxy-write-bucket-role-1\",\n        \"arn:aws:iam::946429944765:role/jhu-domino-proxy-read-bucket-role-1\",\n        \"arn:aws:iam::946429944765:role/jhu-domino-proxy-list-bucket-role-1\"\n      ]\n    }\n  ]\n}",
            "override_policy_documents": null,
            "policy_id": null,
            "source_policy_documents": null,
            "statement": [
              {
                "actions": [
                  "iam:GetRole",
                  "iam:ListPolicies",
                  "iam:ListPolicyVersions",
                  "iam:ListRolePolicies",
                  "iam:ListRoles",
                  "iam:PutRolePolicy",
                  "iam:UpdateAssumeRolePolicy"
                ],
                "condition": [],
                "effect": "Allow",
                "not_actions": [],
                "not_principals": [],
                "not_resources": [],
                "principals": [],
                "resources": [
                  "arn:aws:iam::946429944765:role/jhu-domino-proxy-list-bucket-role-1",
                  "arn:aws:iam::946429944765:role/jhu-domino-proxy-read-bucket-role-1",
                  "arn:aws:iam::946429944765:role/jhu-domino-proxy-write-bucket-role-1"
                ],
                "sid": "IRSAAdmin"
              }
            ],
            "version": "2012-10-17"
          },
          "sensitive_attributes": []
        }
      ]
    },
    {
      "mode": "data",
      "type": "aws_iam_policy_document",
      "name": "irsa-workload-example-policy",
      "provider": "provider[\"registry.terraform.io/hashicorp/aws\"].asset-acct",
      "instances": [
        {
          "schema_version": 0,
          "attributes": {
            "id": "2134818338",
            "json": "{\n  \"Version\": \"2012-10-17\",\n  \"Statement\": [\n    {\n      \"Effect\": \"Allow\",\n      \"Action\": \"s3:ListBucket\",\n      \"Resource\": \"*\"\n    }\n  ]\n}",
            "override_policy_documents": null,
            "policy_id": null,
            "source_policy_documents": null,
            "statement": [
              {
                "actions": [
                  "s3:ListBucket"
                ],
                "condition": [],
                "effect": "Allow",
                "not_actions": [],
                "not_principals": [],
                "not_resources": [],
                "principals": [],
                "resources": [
                  "*"
                ],
                "sid": ""
              }
            ],
            "version": "2012-10-17"
          },
          "sensitive_attributes": []
        }
      ]
    },
    {
      "mode": "managed",
      "type": "aws_iam_policy",
      "name": "domino-irsa-svc-policy",
      "provider": "provider[\"registry.terraform.io/hashicorp/aws\"]",
      "instances": [
        {
          "schema_version": 0,
          "attributes": {
            "arn": "arn:aws:iam::946429944765:policy/jhu-domino-irsa-svc-role-policy",
            "description": "",
            "id": "arn:aws:iam::946429944765:policy/jhu-domino-irsa-svc-role-policy",
            "name": "jhu-domino-irsa-svc-role-policy",
            "name_prefix": "",
            "path": "/",
            "policy": "{\"Statement\":[{\"Action\":[\"iam:UpdateAssumeRolePolicy\",\"iam:PutRolePolicy\",\"iam:ListRoles\",\"iam:ListRolePolicies\",\"iam:ListPolicyVersions\",\"iam:ListPolicies\",\"iam:GetRole\"],\"Effect\":\"Allow\",\"Resource\":[\"arn:aws:iam::946429944765:role/jhu-domino-proxy-write-bucket-role-1\",\"arn:aws:iam::946429944765:role/jhu-domino-proxy-read-bucket-role-1\",\"arn:aws:iam::946429944765:role/jhu-domino-proxy-list-bucket-role-1\"],\"Sid\":\"IRSAAdmin\"}],\"Version\":\"2012-10-17\"}",
            "policy_id": "ANPA5YW464O6W7AKXOVEA",
            "tags": {},
            "tags_all": {}
          },
          "sensitive_attributes": [],
          "private": "bnVsbA==",
          "dependencies": [
            "data.aws_iam_policy_document.domino-irsa-svc-policy"
          ]
        }
      ]
    },
    {
      "mode": "managed",
      "type": "aws_iam_role",
      "name": "domino-irsa-svc",
      "provider": "provider[\"registry.terraform.io/hashicorp/aws\"]",
      "instances": [
        {
          "schema_version": 0,
          "attributes": {
            "arn": "arn:aws:iam::946429944765:role/jhu-domino-irsa-svc-role",
            "assume_role_policy": "{\"Statement\":[{\"Action\":\"sts:AssumeRoleWithWebIdentity\",\"Condition\":{\"StringEquals\":{\"oidc.eks.us-west-2.amazonaws.com/id/4AFE6A6675337E4A6530E68AC8137C0B:sub\":\"system:serviceaccount:domino-field:irsa\"}},\"Effect\":\"Allow\",\"Principal\":{\"Federated\":\"arn:aws:iam::946429944765:oidc-provider/oidc.eks.us-west-2.amazonaws.com/id/4AFE6A6675337E4A6530E68AC8137C0B\"}}],\"Version\":\"2012-10-17\"}",
            "create_date": "2023-10-12T21:03:14Z",
            "description": "",
            "force_detach_policies": false,
            "id": "jhu-domino-irsa-svc-role",
            "inline_policy": [],
            "managed_policy_arns": [
              "arn:aws:iam::946429944765:policy/jhu-domino-irsa-svc-role-policy"
            ],
            "max_session_duration": 3600,
            "name": "jhu-domino-irsa-svc-role",
            "name_prefix": "",
            "path": "/",
            "permissions_boundary": null,
            "tags": {},
            "tags_all": {},
            "unique_id": "AROA5YW464O6RMZJ42UEY"
          },
          "sensitive_attributes": [],
          "private": "bnVsbA==",
          "dependencies": [
            "data.aws_eks_cluster.domino-cluster",
            "data.aws_iam_openid_connect_provider.domino-cluster-provider",
            "data.aws_iam_policy_document.domino-eks-irsa-role-trust-policy"
          ]
        }
      ]
    },
    {
      "mode": "managed",
      "type": "aws_iam_role_policy_attachment",
      "name": "domino-irsa-svc",
      "provider": "provider[\"registry.terraform.io/hashicorp/aws\"]",
      "instances": [
        {
          "schema_version": 0,
          "attributes": {
            "id": "jhu-domino-irsa-svc-role-20231012210315326400000004",
            "policy_arn": "arn:aws:iam::946429944765:policy/jhu-domino-irsa-svc-role-policy",
            "role": "jhu-domino-irsa-svc-role"
          },
          "sensitive_attributes": [],
          "private": "bnVsbA==",
          "dependencies": [
            "aws_iam_policy.domino-irsa-svc-policy",
            "aws_iam_role.domino-irsa-svc",
            "data.aws_eks_cluster.domino-cluster",
            "data.aws_iam_openid_connect_provider.domino-cluster-provider",
            "data.aws_iam_policy_document.domino-eks-irsa-role-trust-policy",
            "data.aws_iam_policy_document.domino-irsa-svc-policy",
            "module.irsa_proxy_role1.aws_iam_policy.domino-irsa-proxy-policy",
            "module.irsa_proxy_role1.aws_iam_role.domino-irsa-proxy",
            "module.irsa_proxy_role1.aws_iam_role_policy_attachment.domino-irsa-proxy",
            "module.irsa_proxy_role1.data.aws_caller_identity.current",
            "module.irsa_proxy_role1.data.aws_eks_cluster.domino-cluster",
            "module.irsa_proxy_role1.data.aws_iam_openid_connect_provider.domino-cluster-provider",
            "module.irsa_proxy_role1.data.aws_iam_policy_document.domino-irsa-proxy-policy",
            "module.irsa_proxy_role1.data.aws_iam_policy_document.irsa-proxy-role-trust-policy",
            "module.irsa_proxy_role2.aws_iam_policy.domino-irsa-proxy-policy",
            "module.irsa_proxy_role2.aws_iam_role.domino-irsa-proxy",
            "module.irsa_proxy_role2.aws_iam_role_policy_attachment.domino-irsa-proxy",
            "module.irsa_proxy_role2.data.aws_caller_identity.current",
            "module.irsa_proxy_role2.data.aws_eks_cluster.domino-cluster",
            "module.irsa_proxy_role2.data.aws_iam_openid_connect_provider.domino-cluster-provider",
            "module.irsa_proxy_role2.data.aws_iam_policy_document.domino-irsa-proxy-policy",
            "module.irsa_proxy_role2.data.aws_iam_policy_document.irsa-proxy-role-trust-policy",
            "module.irsa_proxy_role3.aws_iam_policy.domino-irsa-proxy-policy",
            "module.irsa_proxy_role3.aws_iam_role.domino-irsa-proxy",
            "module.irsa_proxy_role3.aws_iam_role_policy_attachment.domino-irsa-proxy",
            "module.irsa_proxy_role3.data.aws_caller_identity.current",
            "module.irsa_proxy_role3.data.aws_eks_cluster.domino-cluster",
            "module.irsa_proxy_role3.data.aws_iam_openid_connect_provider.domino-cluster-provider",
            "module.irsa_proxy_role3.data.aws_iam_policy_document.domino-irsa-proxy-policy",
            "module.irsa_proxy_role3.data.aws_iam_policy_document.irsa-proxy-role-trust-policy"
          ]
        }
      ]
    },
    {
      "module": "module.irsa_proxy_role1[0]",
      "mode": "data",
      "type": "aws_caller_identity",
      "name": "current",
      "provider": "provider[\"registry.terraform.io/hashicorp/aws\"]",
      "instances": [
        {
          "schema_version": 0,
          "attributes": {
            "account_id": "946429944765",
            "arn": "arn:aws:iam::946429944765:user/sameer.wadkar",
            "id": "946429944765",
            "user_id": "AIDA5YW464O65RDLJEBJ4"
          },
          "sensitive_attributes": []
        }
      ]
    },
    {
      "module": "module.irsa_proxy_role1[0]",
      "mode": "data",
      "type": "aws_eks_cluster",
      "name": "domino-cluster",
      "provider": "provider[\"registry.terraform.io/hashicorp/aws\"]",
      "instances": [
        {
          "schema_version": 0,
          "attributes": {
            "arn": "arn:aws:eks:us-west-2:946429944765:cluster/swdemo24499",
            "certificate_authority": [
              {
                "data": "LS0tLS1CRUdJTiBDRVJUSUZJQ0FURS0tLS0tCk1JSURCVENDQWUyZ0F3SUJBZ0lJQi9YdHhVTitpNHN3RFFZSktvWklodmNOQVFFTEJRQXdGVEVUTUJFR0ExVUUKQXhNS2EzVmlaWEp1WlhSbGN6QWVGdzB5TXpFd01UQXhOVEEwTlRWYUZ3MHpNekV3TURjeE5UQTBOVFZhTUJVeApFekFSQmdOVkJBTVRDbXQxWW1WeWJtVjBaWE13Z2dFaU1BMEdDU3FHU0liM0RRRUJBUVVBQTRJQkR3QXdnZ0VLCkFvSUJBUURIbVErK2FTZUhpMTJwTXpsdVRuNXBFTTJrL0Y1dnBCUmd6em92dUdFWnpNMUdsL2ovK0JOSG5Fb2kKeFNqS1JmVHlpVlorN0RwOWJWYS9EZERBWGhuanA4MzFYbkk4QmtOdE9mcXNjL1ZwVFBNdDVpVlNtdkFzMUdDTgovUnZxMlpqY2Y4YXpDaG1qMHJsVzdtejlQYzNUZFJWc1ZmNWtJK25XRzVpMFJId0V4TXRlSGhWT3ZJS0I4Z3hsCm5mcjdVdFMwTE1jQ0xCdnN2Qmd1MHgwbmZ0K3ZRZndZODBNWlBleEtPVHJ1UDF6VGdXLzBNMzVlRDA0am9SbVgKUDFhdXNjdVZNNmZhMHBBejZTZ2wvZGRTcU1uQkJFK1piNkVHR1VmR0RMT0RvcnhtSmJsVysyR1NiZDkxcUhjNgo3dXo4bFRLUEk0VkxjQXBHQjdpckhRMEVXaHJkQWdNQkFBR2pXVEJYTUE0R0ExVWREd0VCL3dRRUF3SUNwREFQCkJnTlZIUk1CQWY4RUJUQURBUUgvTUIwR0ExVWREZ1FXQkJRNlFpeE9ReFEwV3VrR1djR1ZDMHh2bkYzbkR6QVYKQmdOVkhSRUVEakFNZ2dwcmRXSmxjbTVsZEdWek1BMEdDU3FHU0liM0RRRUJDd1VBQTRJQkFRQWExNHRaZmJsQQphUVBNSnJVR2FDUHhZRDFkQXRoTkZnUlJrblBWYitzZnp0ZGpSZWE4cy9HN0hUVlVNb0ppdkZDOWxtZWJJSVpTCmdvWlZRVEtqQ295b0xLNFIwNnlYUy9zUWxsbGpmOUd4VjF6T2p4VTBxSEVPNzFjb2ViMWpIZ2ZsamRLOURJQkgKN2NkN000M2UyUDRXMXYzTHRPbm1lMHNLenBydXFNWnVlVUZxV3Y3enVTbjJ2NGY0alVscHcxTjdIMlRpdjhKMwpndksvTGN0L2dnYXBjT0VxVXZLRVg0RkZ5UFVYSmdYYURQQzJJNHphcDBNbEdYeHJpVTNYMHUwbTdRSEoxdXFQCitNUURndlR5cFdzNzRzL1JjNHpOUk9qZnFPaTBXaUtML1czM0RZY3pLakQyV0w1STNrdG9KWnZGM0dCaXVhZXMKQTB4VFBYWEc3S1RXCi0tLS0tRU5EIENFUlRJRklDQVRFLS0tLS0K"
              }
            ],
            "cluster_id": null,
            "created_at": "2023-10-10 15:00:37.805 +0000 UTC",
            "enabled_cluster_log_types": [
              "api",
              "audit",
              "authenticator",
              "controllerManager",
              "scheduler"
            ],
            "endpoint": "https://4AFE6A6675337E4A6530E68AC8137C0B.gr7.us-west-2.eks.amazonaws.com",
            "id": "swdemo24499",
            "identity": [
              {
                "oidc": [
                  {
                    "issuer": "https://oidc.eks.us-west-2.amazonaws.com/id/4AFE6A6675337E4A6530E68AC8137C0B"
                  }
                ]
              }
            ],
            "kubernetes_network_config": [
              {
                "ip_family": "ipv4",
                "service_ipv4_cidr": "172.20.0.0/16",
                "service_ipv6_cidr": ""
              }
            ],
            "name": "swdemo24499",
            "outpost_config": [],
            "platform_version": "eks.5",
            "role_arn": "arn:aws:iam::946429944765:role/swdemo24499-eks",
            "status": "ACTIVE",
            "tags": {
              "artifacts_image_tag": "dummy",
              "build_timestamp": "2023-10-10T14:55:51.635280",
              "deploy_id": "swdemo24499",
              "deploy_tag": "release-v65.latest",
              "deploy_type": "dev-aws-eks",
              "infosec_classification": "sensitive",
              "user_email": "sameer.wadkar@dominodatalab.com"
            },
            "version": "1.27",
            "vpc_config": [
              {
                "cluster_security_group_id": "sg-07fa72b2a62916d1a",
                "endpoint_private_access": true,
                "endpoint_public_access": false,
                "public_access_cidrs": [],
                "security_group_ids": [
                  "sg-05f7d460964f84bd8"
                ],
                "subnet_ids": [
                  "subnet-02e2b42d5697ee75f",
                  "subnet-0a28cf3146acec3cd"
                ],
                "vpc_id": "vpc-00ecad9101150feab"
              }
            ]
          },
          "sensitive_attributes": []
        }
      ]
    },
    {
      "module": "module.irsa_proxy_role1[0]",
      "mode": "data",
      "type": "aws_iam_openid_connect_provider",
      "name": "domino-cluster-provider",
      "provider": "provider[\"registry.terraform.io/hashicorp/aws\"]",
      "instances": [
        {
          "schema_version": 0,
          "attributes": {
            "arn": "arn:aws:iam::946429944765:oidc-provider/oidc.eks.us-west-2.amazonaws.com/id/4AFE6A6675337E4A6530E68AC8137C0B",
            "client_id_list": [
              "sts.amazonaws.com"
            ],
            "id": "arn:aws:iam::946429944765:oidc-provider/oidc.eks.us-west-2.amazonaws.com/id/4AFE6A6675337E4A6530E68AC8137C0B",
            "tags": {
              "artifacts_image_tag": "dummy",
              "build_timestamp": "2023-10-10T14:55:51.635280",
              "deploy_id": "swdemo24499",
              "deploy_tag": "release-v65.latest",
              "deploy_type": "dev-aws-eks",
              "infosec_classification": "sensitive",
              "user_email": "sameer.wadkar@dominodatalab.com"
            },
            "thumbprint_list": [
              "9e99a48a9960b14926bb7f3b02e22da2b0ab7280",
              "06b25927c42a721631c1efd9431e648fa62e1e39",
              "2ad974a775f73cbdbbd8f5ac3a49255fa8fb1f8c",
              "e1d31a1f94725daaef02dcf1c1bb0ff4a28a6060"
            ],
            "url": "oidc.eks.us-west-2.amazonaws.com/id/4AFE6A6675337E4A6530E68AC8137C0B"
          },
          "sensitive_attributes": []
        }
      ]
    },
    {
      "module": "module.irsa_proxy_role1[0]",
      "mode": "data",
      "type": "aws_iam_policy_document",
      "name": "domino-irsa-proxy-policy",
      "provider": "provider[\"registry.terraform.io/hashicorp/aws\"]",
      "instances": [
        {
          "schema_version": 0,
          "attributes": {
            "id": "909307615",
            "json": "{\n  \"Version\": \"2012-10-17\",\n  \"Statement\": [\n    {\n      \"Effect\": \"Allow\",\n      \"Action\": \"sts:AssumeRole\",\n      \"Resource\": \"arn:aws:iam::946429944765:role/jhu-domino-list-bucket-role\"\n    }\n  ]\n}",
            "override_policy_documents": null,
            "policy_id": null,
            "source_policy_documents": null,
            "statement": [
              {
                "actions": [
                  "sts:AssumeRole"
                ],
                "condition": [],
                "effect": "Allow",
                "not_actions": [],
                "not_principals": [],
                "not_resources": [],
                "principals": [],
                "resources": [
                  "arn:aws:iam::946429944765:role/jhu-domino-list-bucket-role"
                ],
                "sid": ""
              }
            ],
            "version": "2012-10-17"
          },
          "sensitive_attributes": []
        }
      ]
    },
    {
      "module": "module.irsa_proxy_role1[0]",
      "mode": "data",
      "type": "aws_iam_policy_document",
      "name": "irsa-proxy-role-trust-policy",
      "provider": "provider[\"registry.terraform.io/hashicorp/aws\"]",
      "instances": [
        {
          "schema_version": 0,
          "attributes": {
            "id": "3619858163",
            "json": "{\n  \"Version\": \"2012-10-17\",\n  \"Statement\": [\n    {\n      \"Effect\": \"Allow\",\n      \"Action\": \"sts:AssumeRoleWithWebIdentity\",\n      \"Principal\": {\n        \"Federated\": \"arn:aws:iam::946429944765:oidc-provider/oidc.eks.us-west-2.amazonaws.com/id/4AFE6A6675337E4A6530E68AC8137C0B\"\n      },\n      \"Condition\": {\n        \"StringLike\": {\n          \"oidc.eks.us-west-2.amazonaws.com/id/4AFE6A6675337E4A6530E68AC8137C0B:sub\": \"\"\n        }\n      }\n    }\n  ]\n}",
            "override_policy_documents": null,
            "policy_id": null,
            "source_policy_documents": null,
            "statement": [
              {
                "actions": [
                  "sts:AssumeRoleWithWebIdentity"
                ],
                "condition": [
                  {
                    "test": "StringLike",
                    "values": [
                      ""
                    ],
                    "variable": "oidc.eks.us-west-2.amazonaws.com/id/4AFE6A6675337E4A6530E68AC8137C0B:sub"
                  }
                ],
                "effect": "Allow",
                "not_actions": [],
                "not_principals": [],
                "not_resources": [],
                "principals": [
                  {
                    "identifiers": [
                      "arn:aws:iam::946429944765:oidc-provider/oidc.eks.us-west-2.amazonaws.com/id/4AFE6A6675337E4A6530E68AC8137C0B"
                    ],
                    "type": "Federated"
                  }
                ],
                "resources": [],
                "sid": ""
              }
            ],
            "version": "2012-10-17"
          },
          "sensitive_attributes": []
        }
      ]
    },
    {
      "module": "module.irsa_proxy_role1[0]",
      "mode": "managed",
      "type": "aws_iam_policy",
      "name": "domino-irsa-proxy-policy",
      "provider": "provider[\"registry.terraform.io/hashicorp/aws\"]",
      "instances": [
        {
          "schema_version": 0,
          "attributes": {
            "arn": "arn:aws:iam::946429944765:policy/jhu-domino-proxy-list-bucket-role-1-policy",
            "description": "",
            "id": "arn:aws:iam::946429944765:policy/jhu-domino-proxy-list-bucket-role-1-policy",
            "name": "jhu-domino-proxy-list-bucket-role-1-policy",
            "name_prefix": "",
            "path": "/",
            "policy": "{\"Statement\":[{\"Action\":\"sts:AssumeRole\",\"Effect\":\"Allow\",\"Resource\":\"arn:aws:iam::946429944765:role/jhu-domino-list-bucket-role\"}],\"Version\":\"2012-10-17\"}",
            "policy_id": "ANPA5YW464O6YERRC3QBZ",
            "tags": {},
            "tags_all": {}
          },
          "sensitive_attributes": [],
          "private": "bnVsbA==",
          "dependencies": [
            "module.irsa_proxy_role1.data.aws_caller_identity.current",
            "module.irsa_proxy_role1.data.aws_iam_policy_document.domino-irsa-proxy-policy"
          ]
        }
      ]
    },
    {
      "module": "module.irsa_proxy_role1[0]",
      "mode": "managed",
      "type": "aws_iam_role",
      "name": "domino-irsa-proxy",
      "provider": "provider[\"registry.terraform.io/hashicorp/aws\"]",
      "instances": [
        {
          "schema_version": 0,
          "attributes": {
            "arn": "arn:aws:iam::946429944765:role/jhu-domino-proxy-list-bucket-role-1",
            "assume_role_policy": "{\"Statement\":[{\"Action\":\"sts:AssumeRoleWithWebIdentity\",\"Condition\":{\"StringLike\":{\"oidc.eks.us-west-2.amazonaws.com/id/4AFE6A6675337E4A6530E68AC8137C0B:sub\":\"\"}},\"Effect\":\"Allow\",\"Principal\":{\"Federated\":\"arn:aws:iam::946429944765:oidc-provider/oidc.eks.us-west-2.amazonaws.com/id/4AFE6A6675337E4A6530E68AC8137C0B\"}}],\"Version\":\"2012-10-17\"}",
            "create_date": "2023-10-12T21:03:14Z",
            "description": "",
            "force_detach_policies": false,
            "id": "jhu-domino-proxy-list-bucket-role-1",
            "inline_policy": [],
            "managed_policy_arns": [
              "arn:aws:iam::946429944765:policy/jhu-domino-proxy-list-bucket-role-1-policy"
            ],
            "max_session_duration": 3600,
            "name": "jhu-domino-proxy-list-bucket-role-1",
            "name_prefix": "",
            "path": "/",
            "permissions_boundary": null,
            "tags": {},
            "tags_all": {},
            "unique_id": "AROA5YW464O65TI4BLPBQ"
          },
          "sensitive_attributes": [],
          "private": "bnVsbA==",
          "dependencies": [
            "module.irsa_proxy_role1.data.aws_eks_cluster.domino-cluster",
            "module.irsa_proxy_role1.data.aws_iam_openid_connect_provider.domino-cluster-provider",
            "module.irsa_proxy_role1.data.aws_iam_policy_document.irsa-proxy-role-trust-policy"
          ]
        }
      ]
    },
    {
      "module": "module.irsa_proxy_role1[0]",
      "mode": "managed",
      "type": "aws_iam_role_policy_attachment",
      "name": "domino-irsa-proxy",
      "provider": "provider[\"registry.terraform.io/hashicorp/aws\"]",
      "instances": [
        {
          "schema_version": 0,
          "attributes": {
            "id": "jhu-domino-proxy-list-bucket-role-1-20231012210314852400000002",
            "policy_arn": "arn:aws:iam::946429944765:policy/jhu-domino-proxy-list-bucket-role-1-policy",
            "role": "jhu-domino-proxy-list-bucket-role-1"
          },
          "sensitive_attributes": [],
          "private": "bnVsbA==",
          "dependencies": [
            "module.irsa_proxy_role1.aws_iam_policy.domino-irsa-proxy-policy",
            "module.irsa_proxy_role1.aws_iam_role.domino-irsa-proxy",
            "module.irsa_proxy_role1.data.aws_caller_identity.current",
            "module.irsa_proxy_role1.data.aws_eks_cluster.domino-cluster",
            "module.irsa_proxy_role1.data.aws_iam_openid_connect_provider.domino-cluster-provider",
            "module.irsa_proxy_role1.data.aws_iam_policy_document.domino-irsa-proxy-policy",
            "module.irsa_proxy_role1.data.aws_iam_policy_document.irsa-proxy-role-trust-policy"
          ]
        }
      ]
    },
    {
      "module": "module.irsa_proxy_role2[0]",
      "mode": "data",
      "type": "aws_caller_identity",
      "name": "current",
      "provider": "provider[\"registry.terraform.io/hashicorp/aws\"]",
      "instances": [
        {
          "schema_version": 0,
          "attributes": {
            "account_id": "946429944765",
            "arn": "arn:aws:iam::946429944765:user/sameer.wadkar",
            "id": "946429944765",
            "user_id": "AIDA5YW464O65RDLJEBJ4"
          },
          "sensitive_attributes": []
        }
      ]
    },
    {
      "module": "module.irsa_proxy_role2[0]",
      "mode": "data",
      "type": "aws_eks_cluster",
      "name": "domino-cluster",
      "provider": "provider[\"registry.terraform.io/hashicorp/aws\"]",
      "instances": [
        {
          "schema_version": 0,
          "attributes": {
            "arn": "arn:aws:eks:us-west-2:946429944765:cluster/swdemo24499",
            "certificate_authority": [
              {
                "data": "LS0tLS1CRUdJTiBDRVJUSUZJQ0FURS0tLS0tCk1JSURCVENDQWUyZ0F3SUJBZ0lJQi9YdHhVTitpNHN3RFFZSktvWklodmNOQVFFTEJRQXdGVEVUTUJFR0ExVUUKQXhNS2EzVmlaWEp1WlhSbGN6QWVGdzB5TXpFd01UQXhOVEEwTlRWYUZ3MHpNekV3TURjeE5UQTBOVFZhTUJVeApFekFSQmdOVkJBTVRDbXQxWW1WeWJtVjBaWE13Z2dFaU1BMEdDU3FHU0liM0RRRUJBUVVBQTRJQkR3QXdnZ0VLCkFvSUJBUURIbVErK2FTZUhpMTJwTXpsdVRuNXBFTTJrL0Y1dnBCUmd6em92dUdFWnpNMUdsL2ovK0JOSG5Fb2kKeFNqS1JmVHlpVlorN0RwOWJWYS9EZERBWGhuanA4MzFYbkk4QmtOdE9mcXNjL1ZwVFBNdDVpVlNtdkFzMUdDTgovUnZxMlpqY2Y4YXpDaG1qMHJsVzdtejlQYzNUZFJWc1ZmNWtJK25XRzVpMFJId0V4TXRlSGhWT3ZJS0I4Z3hsCm5mcjdVdFMwTE1jQ0xCdnN2Qmd1MHgwbmZ0K3ZRZndZODBNWlBleEtPVHJ1UDF6VGdXLzBNMzVlRDA0am9SbVgKUDFhdXNjdVZNNmZhMHBBejZTZ2wvZGRTcU1uQkJFK1piNkVHR1VmR0RMT0RvcnhtSmJsVysyR1NiZDkxcUhjNgo3dXo4bFRLUEk0VkxjQXBHQjdpckhRMEVXaHJkQWdNQkFBR2pXVEJYTUE0R0ExVWREd0VCL3dRRUF3SUNwREFQCkJnTlZIUk1CQWY4RUJUQURBUUgvTUIwR0ExVWREZ1FXQkJRNlFpeE9ReFEwV3VrR1djR1ZDMHh2bkYzbkR6QVYKQmdOVkhSRUVEakFNZ2dwcmRXSmxjbTVsZEdWek1BMEdDU3FHU0liM0RRRUJDd1VBQTRJQkFRQWExNHRaZmJsQQphUVBNSnJVR2FDUHhZRDFkQXRoTkZnUlJrblBWYitzZnp0ZGpSZWE4cy9HN0hUVlVNb0ppdkZDOWxtZWJJSVpTCmdvWlZRVEtqQ295b0xLNFIwNnlYUy9zUWxsbGpmOUd4VjF6T2p4VTBxSEVPNzFjb2ViMWpIZ2ZsamRLOURJQkgKN2NkN000M2UyUDRXMXYzTHRPbm1lMHNLenBydXFNWnVlVUZxV3Y3enVTbjJ2NGY0alVscHcxTjdIMlRpdjhKMwpndksvTGN0L2dnYXBjT0VxVXZLRVg0RkZ5UFVYSmdYYURQQzJJNHphcDBNbEdYeHJpVTNYMHUwbTdRSEoxdXFQCitNUURndlR5cFdzNzRzL1JjNHpOUk9qZnFPaTBXaUtML1czM0RZY3pLakQyV0w1STNrdG9KWnZGM0dCaXVhZXMKQTB4VFBYWEc3S1RXCi0tLS0tRU5EIENFUlRJRklDQVRFLS0tLS0K"
              }
            ],
            "cluster_id": null,
            "created_at": "2023-10-10 15:00:37.805 +0000 UTC",
            "enabled_cluster_log_types": [
              "api",
              "audit",
              "authenticator",
              "controllerManager",
              "scheduler"
            ],
            "endpoint": "https://4AFE6A6675337E4A6530E68AC8137C0B.gr7.us-west-2.eks.amazonaws.com",
            "id": "swdemo24499",
            "identity": [
              {
                "oidc": [
                  {
                    "issuer": "https://oidc.eks.us-west-2.amazonaws.com/id/4AFE6A6675337E4A6530E68AC8137C0B"
                  }
                ]
              }
            ],
            "kubernetes_network_config": [
              {
                "ip_family": "ipv4",
                "service_ipv4_cidr": "172.20.0.0/16",
                "service_ipv6_cidr": ""
              }
            ],
            "name": "swdemo24499",
            "outpost_config": [],
            "platform_version": "eks.5",
            "role_arn": "arn:aws:iam::946429944765:role/swdemo24499-eks",
            "status": "ACTIVE",
            "tags": {
              "artifacts_image_tag": "dummy",
              "build_timestamp": "2023-10-10T14:55:51.635280",
              "deploy_id": "swdemo24499",
              "deploy_tag": "release-v65.latest",
              "deploy_type": "dev-aws-eks",
              "infosec_classification": "sensitive",
              "user_email": "sameer.wadkar@dominodatalab.com"
            },
            "version": "1.27",
            "vpc_config": [
              {
                "cluster_security_group_id": "sg-07fa72b2a62916d1a",
                "endpoint_private_access": true,
                "endpoint_public_access": false,
                "public_access_cidrs": [],
                "security_group_ids": [
                  "sg-05f7d460964f84bd8"
                ],
                "subnet_ids": [
                  "subnet-02e2b42d5697ee75f",
                  "subnet-0a28cf3146acec3cd"
                ],
                "vpc_id": "vpc-00ecad9101150feab"
              }
            ]
          },
          "sensitive_attributes": []
        }
      ]
    },
    {
      "module": "module.irsa_proxy_role2[0]",
      "mode": "data",
      "type": "aws_iam_openid_connect_provider",
      "name": "domino-cluster-provider",
      "provider": "provider[\"registry.terraform.io/hashicorp/aws\"]",
      "instances": [
        {
          "schema_version": 0,
          "attributes": {
            "arn": "arn:aws:iam::946429944765:oidc-provider/oidc.eks.us-west-2.amazonaws.com/id/4AFE6A6675337E4A6530E68AC8137C0B",
            "client_id_list": [
              "sts.amazonaws.com"
            ],
            "id": "arn:aws:iam::946429944765:oidc-provider/oidc.eks.us-west-2.amazonaws.com/id/4AFE6A6675337E4A6530E68AC8137C0B",
            "tags": {
              "artifacts_image_tag": "dummy",
              "build_timestamp": "2023-10-10T14:55:51.635280",
              "deploy_id": "swdemo24499",
              "deploy_tag": "release-v65.latest",
              "deploy_type": "dev-aws-eks",
              "infosec_classification": "sensitive",
              "user_email": "sameer.wadkar@dominodatalab.com"
            },
            "thumbprint_list": [
              "9e99a48a9960b14926bb7f3b02e22da2b0ab7280",
              "06b25927c42a721631c1efd9431e648fa62e1e39",
              "2ad974a775f73cbdbbd8f5ac3a49255fa8fb1f8c",
              "e1d31a1f94725daaef02dcf1c1bb0ff4a28a6060"
            ],
            "url": "oidc.eks.us-west-2.amazonaws.com/id/4AFE6A6675337E4A6530E68AC8137C0B"
          },
          "sensitive_attributes": []
        }
      ]
    },
    {
      "module": "module.irsa_proxy_role2[0]",
      "mode": "data",
      "type": "aws_iam_policy_document",
      "name": "domino-irsa-proxy-policy",
      "provider": "provider[\"registry.terraform.io/hashicorp/aws\"]",
      "instances": [
        {
          "schema_version": 0,
          "attributes": {
            "id": "2902568146",
            "json": "{\n  \"Version\": \"2012-10-17\",\n  \"Statement\": [\n    {\n      \"Effect\": \"Allow\",\n      \"Action\": \"sts:AssumeRole\",\n      \"Resource\": \"arn:aws:iam::946429944765:role/jhu-domino-read-bucket-role\"\n    }\n  ]\n}",
            "override_policy_documents": null,
            "policy_id": null,
            "source_policy_documents": null,
            "statement": [
              {
                "actions": [
                  "sts:AssumeRole"
                ],
                "condition": [],
                "effect": "Allow",
                "not_actions": [],
                "not_principals": [],
                "not_resources": [],
                "principals": [],
                "resources": [
                  "arn:aws:iam::946429944765:role/jhu-domino-read-bucket-role"
                ],
                "sid": ""
              }
            ],
            "version": "2012-10-17"
          },
          "sensitive_attributes": []
        }
      ]
    },
    {
      "module": "module.irsa_proxy_role2[0]",
      "mode": "data",
      "type": "aws_iam_policy_document",
      "name": "irsa-proxy-role-trust-policy",
      "provider": "provider[\"registry.terraform.io/hashicorp/aws\"]",
      "instances": [
        {
          "schema_version": 0,
          "attributes": {
            "id": "3619858163",
            "json": "{\n  \"Version\": \"2012-10-17\",\n  \"Statement\": [\n    {\n      \"Effect\": \"Allow\",\n      \"Action\": \"sts:AssumeRoleWithWebIdentity\",\n      \"Principal\": {\n        \"Federated\": \"arn:aws:iam::946429944765:oidc-provider/oidc.eks.us-west-2.amazonaws.com/id/4AFE6A6675337E4A6530E68AC8137C0B\"\n      },\n      \"Condition\": {\n        \"StringLike\": {\n          \"oidc.eks.us-west-2.amazonaws.com/id/4AFE6A6675337E4A6530E68AC8137C0B:sub\": \"\"\n        }\n      }\n    }\n  ]\n}",
            "override_policy_documents": null,
            "policy_id": null,
            "source_policy_documents": null,
            "statement": [
              {
                "actions": [
                  "sts:AssumeRoleWithWebIdentity"
                ],
                "condition": [
                  {
                    "test": "StringLike",
                    "values": [
                      ""
                    ],
                    "variable": "oidc.eks.us-west-2.amazonaws.com/id/4AFE6A6675337E4A6530E68AC8137C0B:sub"
                  }
                ],
                "effect": "Allow",
                "not_actions": [],
                "not_principals": [],
                "not_resources": [],
                "principals": [
                  {
                    "identifiers": [
                      "arn:aws:iam::946429944765:oidc-provider/oidc.eks.us-west-2.amazonaws.com/id/4AFE6A6675337E4A6530E68AC8137C0B"
                    ],
                    "type": "Federated"
                  }
                ],
                "resources": [],
                "sid": ""
              }
            ],
            "version": "2012-10-17"
          },
          "sensitive_attributes": []
        }
      ]
    },
    {
      "module": "module.irsa_proxy_role2[0]",
      "mode": "managed",
      "type": "aws_iam_policy",
      "name": "domino-irsa-proxy-policy",
      "provider": "provider[\"registry.terraform.io/hashicorp/aws\"]",
      "instances": [
        {
          "schema_version": 0,
          "attributes": {
            "arn": "arn:aws:iam::946429944765:policy/jhu-domino-proxy-read-bucket-role-1-policy",
            "description": "",
            "id": "arn:aws:iam::946429944765:policy/jhu-domino-proxy-read-bucket-role-1-policy",
            "name": "jhu-domino-proxy-read-bucket-role-1-policy",
            "name_prefix": "",
            "path": "/",
            "policy": "{\"Statement\":[{\"Action\":\"sts:AssumeRole\",\"Effect\":\"Allow\",\"Resource\":\"arn:aws:iam::946429944765:role/jhu-domino-read-bucket-role\"}],\"Version\":\"2012-10-17\"}",
            "policy_id": "ANPA5YW464O6T4UA5DHT5",
            "tags": {},
            "tags_all": {}
          },
          "sensitive_attributes": [],
          "private": "bnVsbA==",
          "dependencies": [
            "module.irsa_proxy_role2.data.aws_caller_identity.current",
            "module.irsa_proxy_role2.data.aws_iam_policy_document.domino-irsa-proxy-policy"
          ]
        }
      ]
    },
    {
      "module": "module.irsa_proxy_role2[0]",
      "mode": "managed",
      "type": "aws_iam_role",
      "name": "domino-irsa-proxy",
      "provider": "provider[\"registry.terraform.io/hashicorp/aws\"]",
      "instances": [
        {
          "schema_version": 0,
          "attributes": {
            "arn": "arn:aws:iam::946429944765:role/jhu-domino-proxy-read-bucket-role-1",
            "assume_role_policy": "{\"Statement\":[{\"Action\":\"sts:AssumeRoleWithWebIdentity\",\"Condition\":{\"StringLike\":{\"oidc.eks.us-west-2.amazonaws.com/id/4AFE6A6675337E4A6530E68AC8137C0B:sub\":\"\"}},\"Effect\":\"Allow\",\"Principal\":{\"Federated\":\"arn:aws:iam::946429944765:oidc-provider/oidc.eks.us-west-2.amazonaws.com/id/4AFE6A6675337E4A6530E68AC8137C0B\"}}],\"Version\":\"2012-10-17\"}",
            "create_date": "2023-10-12T21:03:14Z",
            "description": "",
            "force_detach_policies": false,
            "id": "jhu-domino-proxy-read-bucket-role-1",
            "inline_policy": [],
            "managed_policy_arns": [
              "arn:aws:iam::946429944765:policy/jhu-domino-proxy-read-bucket-role-1-policy"
            ],
            "max_session_duration": 3600,
            "name": "jhu-domino-proxy-read-bucket-role-1",
            "name_prefix": "",
            "path": "/",
            "permissions_boundary": null,
            "tags": {},
            "tags_all": {},
            "unique_id": "AROA5YW464O67VCJO73IQ"
          },
          "sensitive_attributes": [],
          "private": "bnVsbA==",
          "dependencies": [
            "module.irsa_proxy_role2.data.aws_eks_cluster.domino-cluster",
            "module.irsa_proxy_role2.data.aws_iam_openid_connect_provider.domino-cluster-provider",
            "module.irsa_proxy_role2.data.aws_iam_policy_document.irsa-proxy-role-trust-policy"
          ]
        }
      ]
    },
    {
      "module": "module.irsa_proxy_role2[0]",
      "mode": "managed",
      "type": "aws_iam_role_policy_attachment",
      "name": "domino-irsa-proxy",
      "provider": "provider[\"registry.terraform.io/hashicorp/aws\"]",
      "instances": [
        {
          "schema_version": 0,
          "attributes": {
            "id": "jhu-domino-proxy-read-bucket-role-1-20231012210314903400000003",
            "policy_arn": "arn:aws:iam::946429944765:policy/jhu-domino-proxy-read-bucket-role-1-policy",
            "role": "jhu-domino-proxy-read-bucket-role-1"
          },
          "sensitive_attributes": [],
          "private": "bnVsbA==",
          "dependencies": [
            "module.irsa_proxy_role2.aws_iam_policy.domino-irsa-proxy-policy",
            "module.irsa_proxy_role2.aws_iam_role.domino-irsa-proxy",
            "module.irsa_proxy_role2.data.aws_caller_identity.current",
            "module.irsa_proxy_role2.data.aws_eks_cluster.domino-cluster",
            "module.irsa_proxy_role2.data.aws_iam_openid_connect_provider.domino-cluster-provider",
            "module.irsa_proxy_role2.data.aws_iam_policy_document.domino-irsa-proxy-policy",
            "module.irsa_proxy_role2.data.aws_iam_policy_document.irsa-proxy-role-trust-policy"
          ]
        }
      ]
    },
    {
      "module": "module.irsa_proxy_role3[0]",
      "mode": "data",
      "type": "aws_caller_identity",
      "name": "current",
      "provider": "provider[\"registry.terraform.io/hashicorp/aws\"]",
      "instances": [
        {
          "schema_version": 0,
          "attributes": {
            "account_id": "946429944765",
            "arn": "arn:aws:iam::946429944765:user/sameer.wadkar",
            "id": "946429944765",
            "user_id": "AIDA5YW464O65RDLJEBJ4"
          },
          "sensitive_attributes": []
        }
      ]
    },
    {
      "module": "module.irsa_proxy_role3[0]",
      "mode": "data",
      "type": "aws_eks_cluster",
      "name": "domino-cluster",
      "provider": "provider[\"registry.terraform.io/hashicorp/aws\"]",
      "instances": [
        {
          "schema_version": 0,
          "attributes": {
            "arn": "arn:aws:eks:us-west-2:946429944765:cluster/swdemo24499",
            "certificate_authority": [
              {
                "data": "LS0tLS1CRUdJTiBDRVJUSUZJQ0FURS0tLS0tCk1JSURCVENDQWUyZ0F3SUJBZ0lJQi9YdHhVTitpNHN3RFFZSktvWklodmNOQVFFTEJRQXdGVEVUTUJFR0ExVUUKQXhNS2EzVmlaWEp1WlhSbGN6QWVGdzB5TXpFd01UQXhOVEEwTlRWYUZ3MHpNekV3TURjeE5UQTBOVFZhTUJVeApFekFSQmdOVkJBTVRDbXQxWW1WeWJtVjBaWE13Z2dFaU1BMEdDU3FHU0liM0RRRUJBUVVBQTRJQkR3QXdnZ0VLCkFvSUJBUURIbVErK2FTZUhpMTJwTXpsdVRuNXBFTTJrL0Y1dnBCUmd6em92dUdFWnpNMUdsL2ovK0JOSG5Fb2kKeFNqS1JmVHlpVlorN0RwOWJWYS9EZERBWGhuanA4MzFYbkk4QmtOdE9mcXNjL1ZwVFBNdDVpVlNtdkFzMUdDTgovUnZxMlpqY2Y4YXpDaG1qMHJsVzdtejlQYzNUZFJWc1ZmNWtJK25XRzVpMFJId0V4TXRlSGhWT3ZJS0I4Z3hsCm5mcjdVdFMwTE1jQ0xCdnN2Qmd1MHgwbmZ0K3ZRZndZODBNWlBleEtPVHJ1UDF6VGdXLzBNMzVlRDA0am9SbVgKUDFhdXNjdVZNNmZhMHBBejZTZ2wvZGRTcU1uQkJFK1piNkVHR1VmR0RMT0RvcnhtSmJsVysyR1NiZDkxcUhjNgo3dXo4bFRLUEk0VkxjQXBHQjdpckhRMEVXaHJkQWdNQkFBR2pXVEJYTUE0R0ExVWREd0VCL3dRRUF3SUNwREFQCkJnTlZIUk1CQWY4RUJUQURBUUgvTUIwR0ExVWREZ1FXQkJRNlFpeE9ReFEwV3VrR1djR1ZDMHh2bkYzbkR6QVYKQmdOVkhSRUVEakFNZ2dwcmRXSmxjbTVsZEdWek1BMEdDU3FHU0liM0RRRUJDd1VBQTRJQkFRQWExNHRaZmJsQQphUVBNSnJVR2FDUHhZRDFkQXRoTkZnUlJrblBWYitzZnp0ZGpSZWE4cy9HN0hUVlVNb0ppdkZDOWxtZWJJSVpTCmdvWlZRVEtqQ295b0xLNFIwNnlYUy9zUWxsbGpmOUd4VjF6T2p4VTBxSEVPNzFjb2ViMWpIZ2ZsamRLOURJQkgKN2NkN000M2UyUDRXMXYzTHRPbm1lMHNLenBydXFNWnVlVUZxV3Y3enVTbjJ2NGY0alVscHcxTjdIMlRpdjhKMwpndksvTGN0L2dnYXBjT0VxVXZLRVg0RkZ5UFVYSmdYYURQQzJJNHphcDBNbEdYeHJpVTNYMHUwbTdRSEoxdXFQCitNUURndlR5cFdzNzRzL1JjNHpOUk9qZnFPaTBXaUtML1czM0RZY3pLakQyV0w1STNrdG9KWnZGM0dCaXVhZXMKQTB4VFBYWEc3S1RXCi0tLS0tRU5EIENFUlRJRklDQVRFLS0tLS0K"
              }
            ],
            "cluster_id": null,
            "created_at": "2023-10-10 15:00:37.805 +0000 UTC",
            "enabled_cluster_log_types": [
              "api",
              "audit",
              "authenticator",
              "controllerManager",
              "scheduler"
            ],
            "endpoint": "https://4AFE6A6675337E4A6530E68AC8137C0B.gr7.us-west-2.eks.amazonaws.com",
            "id": "swdemo24499",
            "identity": [
              {
                "oidc": [
                  {
                    "issuer": "https://oidc.eks.us-west-2.amazonaws.com/id/4AFE6A6675337E4A6530E68AC8137C0B"
                  }
                ]
              }
            ],
            "kubernetes_network_config": [
              {
                "ip_family": "ipv4",
                "service_ipv4_cidr": "172.20.0.0/16",
                "service_ipv6_cidr": ""
              }
            ],
            "name": "swdemo24499",
            "outpost_config": [],
            "platform_version": "eks.5",
            "role_arn": "arn:aws:iam::946429944765:role/swdemo24499-eks",
            "status": "ACTIVE",
            "tags": {
              "artifacts_image_tag": "dummy",
              "build_timestamp": "2023-10-10T14:55:51.635280",
              "deploy_id": "swdemo24499",
              "deploy_tag": "release-v65.latest",
              "deploy_type": "dev-aws-eks",
              "infosec_classification": "sensitive",
              "user_email": "sameer.wadkar@dominodatalab.com"
            },
            "version": "1.27",
            "vpc_config": [
              {
                "cluster_security_group_id": "sg-07fa72b2a62916d1a",
                "endpoint_private_access": true,
                "endpoint_public_access": false,
                "public_access_cidrs": [],
                "security_group_ids": [
                  "sg-05f7d460964f84bd8"
                ],
                "subnet_ids": [
                  "subnet-02e2b42d5697ee75f",
                  "subnet-0a28cf3146acec3cd"
                ],
                "vpc_id": "vpc-00ecad9101150feab"
              }
            ]
          },
          "sensitive_attributes": []
        }
      ]
    },
    {
      "module": "module.irsa_proxy_role3[0]",
      "mode": "data",
      "type": "aws_iam_openid_connect_provider",
      "name": "domino-cluster-provider",
      "provider": "provider[\"registry.terraform.io/hashicorp/aws\"]",
      "instances": [
        {
          "schema_version": 0,
          "attributes": {
            "arn": "arn:aws:iam::946429944765:oidc-provider/oidc.eks.us-west-2.amazonaws.com/id/4AFE6A6675337E4A6530E68AC8137C0B",
            "client_id_list": [
              "sts.amazonaws.com"
            ],
            "id": "arn:aws:iam::946429944765:oidc-provider/oidc.eks.us-west-2.amazonaws.com/id/4AFE6A6675337E4A6530E68AC8137C0B",
            "tags": {
              "artifacts_image_tag": "dummy",
              "build_timestamp": "2023-10-10T14:55:51.635280",
              "deploy_id": "swdemo24499",
              "deploy_tag": "release-v65.latest",
              "deploy_type": "dev-aws-eks",
              "infosec_classification": "sensitive",
              "user_email": "sameer.wadkar@dominodatalab.com"
            },
            "thumbprint_list": [
              "9e99a48a9960b14926bb7f3b02e22da2b0ab7280",
              "06b25927c42a721631c1efd9431e648fa62e1e39",
              "2ad974a775f73cbdbbd8f5ac3a49255fa8fb1f8c",
              "e1d31a1f94725daaef02dcf1c1bb0ff4a28a6060"
            ],
            "url": "oidc.eks.us-west-2.amazonaws.com/id/4AFE6A6675337E4A6530E68AC8137C0B"
          },
          "sensitive_attributes": []
        }
      ]
    },
    {
      "module": "module.irsa_proxy_role3[0]",
      "mode": "data",
      "type": "aws_iam_policy_document",
      "name": "domino-irsa-proxy-policy",
      "provider": "provider[\"registry.terraform.io/hashicorp/aws\"]",
      "instances": [
        {
          "schema_version": 0,
          "attributes": {
            "id": "2905762857",
            "json": "{\n  \"Version\": \"2012-10-17\",\n  \"Statement\": [\n    {\n      \"Effect\": \"Allow\",\n      \"Action\": \"sts:AssumeRole\",\n      \"Resource\": \"arn:aws:iam::946429944765:role/jhu-domino-write-bucket-role\"\n    }\n  ]\n}",
            "override_policy_documents": null,
            "policy_id": null,
            "source_policy_documents": null,
            "statement": [
              {
                "actions": [
                  "sts:AssumeRole"
                ],
                "condition": [],
                "effect": "Allow",
                "not_actions": [],
                "not_principals": [],
                "not_resources": [],
                "principals": [],
                "resources": [
                  "arn:aws:iam::946429944765:role/jhu-domino-write-bucket-role"
                ],
                "sid": ""
              }
            ],
            "version": "2012-10-17"
          },
          "sensitive_attributes": []
        }
      ]
    },
    {
      "module": "module.irsa_proxy_role3[0]",
      "mode": "data",
      "type": "aws_iam_policy_document",
      "name": "irsa-proxy-role-trust-policy",
      "provider": "provider[\"registry.terraform.io/hashicorp/aws\"]",
      "instances": [
        {
          "schema_version": 0,
          "attributes": {
            "id": "3619858163",
            "json": "{\n  \"Version\": \"2012-10-17\",\n  \"Statement\": [\n    {\n      \"Effect\": \"Allow\",\n      \"Action\": \"sts:AssumeRoleWithWebIdentity\",\n      \"Principal\": {\n        \"Federated\": \"arn:aws:iam::946429944765:oidc-provider/oidc.eks.us-west-2.amazonaws.com/id/4AFE6A6675337E4A6530E68AC8137C0B\"\n      },\n      \"Condition\": {\n        \"StringLike\": {\n          \"oidc.eks.us-west-2.amazonaws.com/id/4AFE6A6675337E4A6530E68AC8137C0B:sub\": \"\"\n        }\n      }\n    }\n  ]\n}",
            "override_policy_documents": null,
            "policy_id": null,
            "source_policy_documents": null,
            "statement": [
              {
                "actions": [
                  "sts:AssumeRoleWithWebIdentity"
                ],
                "condition": [
                  {
                    "test": "StringLike",
                    "values": [
                      ""
                    ],
                    "variable": "oidc.eks.us-west-2.amazonaws.com/id/4AFE6A6675337E4A6530E68AC8137C0B:sub"
                  }
                ],
                "effect": "Allow",
                "not_actions": [],
                "not_principals": [],
                "not_resources": [],
                "principals": [
                  {
                    "identifiers": [
                      "arn:aws:iam::946429944765:oidc-provider/oidc.eks.us-west-2.amazonaws.com/id/4AFE6A6675337E4A6530E68AC8137C0B"
                    ],
                    "type": "Federated"
                  }
                ],
                "resources": [],
                "sid": ""
              }
            ],
            "version": "2012-10-17"
          },
          "sensitive_attributes": []
        }
      ]
    },
    {
      "module": "module.irsa_proxy_role3[0]",
      "mode": "managed",
      "type": "aws_iam_policy",
      "name": "domino-irsa-proxy-policy",
      "provider": "provider[\"registry.terraform.io/hashicorp/aws\"]",
      "instances": [
        {
          "schema_version": 0,
          "attributes": {
            "arn": "arn:aws:iam::946429944765:policy/jhu-domino-proxy-write-bucket-role-1-policy",
            "description": "",
            "id": "arn:aws:iam::946429944765:policy/jhu-domino-proxy-write-bucket-role-1-policy",
            "name": "jhu-domino-proxy-write-bucket-role-1-policy",
            "name_prefix": "",
            "path": "/",
            "policy": "{\"Statement\":[{\"Action\":\"sts:AssumeRole\",\"Effect\":\"Allow\",\"Resource\":\"arn:aws:iam::946429944765:role/jhu-domino-write-bucket-role\"}],\"Version\":\"2012-10-17\"}",
            "policy_id": "ANPA5YW464O6ZCPHMXSCA",
            "tags": {},
            "tags_all": {}
          },
          "sensitive_attributes": [],
          "private": "bnVsbA==",
          "dependencies": [
            "module.irsa_proxy_role3.data.aws_caller_identity.current",
            "module.irsa_proxy_role3.data.aws_iam_policy_document.domino-irsa-proxy-policy"
          ]
        }
      ]
    },
    {
      "module": "module.irsa_proxy_role3[0]",
      "mode": "managed",
      "type": "aws_iam_role",
      "name": "domino-irsa-proxy",
      "provider": "provider[\"registry.terraform.io/hashicorp/aws\"]",
      "instances": [
        {
          "schema_version": 0,
          "attributes": {
            "arn": "arn:aws:iam::946429944765:role/jhu-domino-proxy-write-bucket-role-1",
            "assume_role_policy": "{\"Statement\":[{\"Action\":\"sts:AssumeRoleWithWebIdentity\",\"Condition\":{\"StringLike\":{\"oidc.eks.us-west-2.amazonaws.com/id/4AFE6A6675337E4A6530E68AC8137C0B:sub\":\"\"}},\"Effect\":\"Allow\",\"Principal\":{\"Federated\":\"arn:aws:iam::946429944765:oidc-provider/oidc.eks.us-west-2.amazonaws.com/id/4AFE6A6675337E4A6530E68AC8137C0B\"}}],\"Version\":\"2012-10-17\"}",
            "create_date": "2023-10-12T21:03:14Z",
            "description": "",
            "force_detach_policies": false,
            "id": "jhu-domino-proxy-write-bucket-role-1",
            "inline_policy": [],
            "managed_policy_arns": [
              "arn:aws:iam::946429944765:policy/jhu-domino-proxy-write-bucket-role-1-policy"
            ],
            "max_session_duration": 3600,
            "name": "jhu-domino-proxy-write-bucket-role-1",
            "name_prefix": "",
            "path": "/",
            "permissions_boundary": null,
            "tags": {},
            "tags_all": {},
            "unique_id": "AROA5YW464O67RKRCFW54"
          },
          "sensitive_attributes": [],
          "private": "bnVsbA==",
          "dependencies": [
            "module.irsa_proxy_role3.data.aws_eks_cluster.domino-cluster",
            "module.irsa_proxy_role3.data.aws_iam_openid_connect_provider.domino-cluster-provider",
            "module.irsa_proxy_role3.data.aws_iam_policy_document.irsa-proxy-role-trust-policy"
          ]
        }
      ]
    },
    {
      "module": "module.irsa_proxy_role3[0]",
      "mode": "managed",
      "type": "aws_iam_role_policy_attachment",
      "name": "domino-irsa-proxy",
      "provider": "provider[\"registry.terraform.io/hashicorp/aws\"]",
      "instances": [
        {
          "schema_version": 0,
          "attributes": {
            "id": "jhu-domino-proxy-write-bucket-role-1-20231012210314852400000001",
            "policy_arn": "arn:aws:iam::946429944765:policy/jhu-domino-proxy-write-bucket-role-1-policy",
            "role": "jhu-domino-proxy-write-bucket-role-1"
          },
          "sensitive_attributes": [],
          "private": "bnVsbA==",
          "dependencies": [
            "module.irsa_proxy_role3.aws_iam_policy.domino-irsa-proxy-policy",
            "module.irsa_proxy_role3.aws_iam_role.domino-irsa-proxy",
            "module.irsa_proxy_role3.data.aws_caller_identity.current",
            "module.irsa_proxy_role3.data.aws_eks_cluster.domino-cluster",
            "module.irsa_proxy_role3.data.aws_iam_openid_connect_provider.domino-cluster-provider",
            "module.irsa_proxy_role3.data.aws_iam_policy_document.domino-irsa-proxy-policy",
            "module.irsa_proxy_role3.data.aws_iam_policy_document.irsa-proxy-role-trust-policy"
          ]
        }
      ]
    },
    {
      "module": "module.irsa_workload_role1",
      "mode": "data",
      "type": "aws_caller_identity",
      "name": "current",
      "provider": "provider[\"registry.terraform.io/hashicorp/aws\"]",
      "instances": [
        {
          "schema_version": 0,
          "attributes": {
            "account_id": "946429944765",
            "arn": "arn:aws:iam::946429944765:user/sameer.wadkar",
            "id": "946429944765",
            "user_id": "AIDA5YW464O65RDLJEBJ4"
          },
          "sensitive_attributes": []
        }
      ]
    },
    {
      "module": "module.irsa_workload_role1",
      "mode": "data",
      "type": "aws_iam_policy",
      "name": "policy-to-attach-to-role",
      "provider": "provider[\"registry.terraform.io/hashicorp/aws\"]",
      "instances": [
        {
          "schema_version": 0,
          "attributes": {
            "arn": "arn:aws:iam::946429944765:policy/acme-list-bucket-policy",
            "description": "",
            "id": "arn:aws:iam::946429944765:policy/acme-list-bucket-policy",
            "name": "acme-list-bucket-policy",
            "path": "/",
            "path_prefix": null,
            "policy": "{\n\t\"Version\": \"2012-10-17\",\n\t\"Statement\": [\n\t\t{\n\t\t\t\"Effect\": \"Allow\",\n\t\t\t\"Action\": \"sts:AssumeRole\",\n\t\t\t\"Resource\": \"arn:aws:iam::524112250363:role/acme-list-bucket-role\"\n\t\t}\n\t]\n}",
            "policy_id": "ANPA5YW464O6YA3G3GEWC",
            "tags": {}
          },
          "sensitive_attributes": []
        }
      ]
    },
    {
      "module": "module.irsa_workload_role1",
      "mode": "data",
      "type": "aws_iam_policy_document",
      "name": "workload-role-trust-policy",
      "provider": "provider[\"registry.terraform.io/hashicorp/aws\"]",
      "instances": [
        {
          "schema_version": 0,
          "attributes": {
            "id": "2421916382",
            "json": "{\n  \"Version\": \"2012-10-17\",\n  \"Statement\": [\n    {\n      \"Effect\": \"Allow\",\n      \"Action\": \"sts:AssumeRole\",\n      \"Principal\": {\n        \"AWS\": \"arn:aws:iam::946429944765:role/jhu-domino-proxy-list-bucket-role-1\"\n      }\n    }\n  ]\n}",
            "override_policy_documents": null,
            "policy_id": null,
            "source_policy_documents": null,
            "statement": [
              {
                "actions": [
                  "sts:AssumeRole"
                ],
                "condition": [],
                "effect": "Allow",
                "not_actions": [],
                "not_principals": [],
                "not_resources": [],
                "principals": [
                  {
                    "identifiers": [
                      "arn:aws:iam::946429944765:role/jhu-domino-proxy-list-bucket-role-1"
                    ],
                    "type": "AWS"
                  }
                ],
                "resources": [],
                "sid": ""
              }
            ],
            "version": "2012-10-17"
          },
          "sensitive_attributes": []
        }
      ]
    },
    {
      "module": "module.irsa_workload_role1",
      "mode": "managed",
      "type": "aws_iam_role",
      "name": "irsa-workload-role",
      "provider": "provider[\"registry.terraform.io/hashicorp/aws\"]",
      "instances": [
        {
          "schema_version": 0,
          "attributes": {
            "arn": "arn:aws:iam::946429944765:role/jhu-domino-list-bucket-role",
            "assume_role_policy": "{\"Statement\":[{\"Action\":\"sts:AssumeRole\",\"Effect\":\"Allow\",\"Principal\":{\"AWS\":\"arn:aws:iam::946429944765:role/jhu-domino-proxy-list-bucket-role-1\"}}],\"Version\":\"2012-10-17\"}",
            "create_date": "2023-10-12T21:03:22Z",
            "description": "",
            "force_detach_policies": false,
            "id": "jhu-domino-list-bucket-role",
            "inline_policy": [],
            "managed_policy_arns": [
              "arn:aws:iam::946429944765:policy/acme-list-bucket-policy"
            ],
            "max_session_duration": 3600,
            "name": "jhu-domino-list-bucket-role",
            "name_prefix": "",
            "path": "/",
            "permissions_boundary": null,
            "tags": {},
            "tags_all": {},
            "unique_id": "AROA5YW464O667432WTT5"
          },
          "sensitive_attributes": [],
          "private": "bnVsbA==",
          "dependencies": [
            "module.irsa_proxy_role1.aws_iam_policy.domino-irsa-proxy-policy",
            "module.irsa_proxy_role1.aws_iam_role.domino-irsa-proxy",
            "module.irsa_proxy_role1.aws_iam_role_policy_attachment.domino-irsa-proxy",
            "module.irsa_proxy_role1.data.aws_caller_identity.current",
            "module.irsa_proxy_role1.data.aws_eks_cluster.domino-cluster",
            "module.irsa_proxy_role1.data.aws_iam_openid_connect_provider.domino-cluster-provider",
            "module.irsa_proxy_role1.data.aws_iam_policy_document.domino-irsa-proxy-policy",
            "module.irsa_proxy_role1.data.aws_iam_policy_document.irsa-proxy-role-trust-policy",
            "module.irsa_workload_role1.data.aws_iam_policy_document.workload-role-trust-policy"
          ]
        }
      ]
    },
    {
      "module": "module.irsa_workload_role1",
      "mode": "managed",
      "type": "aws_iam_role_policy_attachment",
      "name": "irsa-workload-example",
      "provider": "provider[\"registry.terraform.io/hashicorp/aws\"]",
      "instances": [
        {
          "index_key": 0,
          "schema_version": 0,
          "attributes": {
            "id": "jhu-domino-list-bucket-role-20231012210323341100000005",
            "policy_arn": "arn:aws:iam::946429944765:policy/acme-list-bucket-policy",
            "role": "jhu-domino-list-bucket-role"
          },
          "sensitive_attributes": [],
          "private": "bnVsbA==",
          "dependencies": [
            "module.irsa_proxy_role1.aws_iam_policy.domino-irsa-proxy-policy",
            "module.irsa_proxy_role1.aws_iam_role.domino-irsa-proxy",
            "module.irsa_proxy_role1.aws_iam_role_policy_attachment.domino-irsa-proxy",
            "module.irsa_proxy_role1.data.aws_caller_identity.current",
            "module.irsa_proxy_role1.data.aws_eks_cluster.domino-cluster",
            "module.irsa_proxy_role1.data.aws_iam_openid_connect_provider.domino-cluster-provider",
            "module.irsa_proxy_role1.data.aws_iam_policy_document.domino-irsa-proxy-policy",
            "module.irsa_proxy_role1.data.aws_iam_policy_document.irsa-proxy-role-trust-policy",
            "module.irsa_workload_role1.aws_iam_role.irsa-workload-role",
            "module.irsa_workload_role1.data.aws_iam_policy.policy-to-attach-to-role",
            "module.irsa_workload_role1.data.aws_iam_policy_document.workload-role-trust-policy"
          ]
        }
      ]
    },
    {
      "module": "module.irsa_workload_role2",
      "mode": "data",
      "type": "aws_caller_identity",
      "name": "current",
      "provider": "provider[\"registry.terraform.io/hashicorp/aws\"]",
      "instances": [
        {
          "schema_version": 0,
          "attributes": {
            "account_id": "946429944765",
            "arn": "arn:aws:iam::946429944765:user/sameer.wadkar",
            "id": "946429944765",
            "user_id": "AIDA5YW464O65RDLJEBJ4"
          },
          "sensitive_attributes": []
        }
      ]
    },
    {
      "module": "module.irsa_workload_role2",
      "mode": "data",
      "type": "aws_iam_policy",
      "name": "policy-to-attach-to-role",
      "provider": "provider[\"registry.terraform.io/hashicorp/aws\"]",
      "instances": [
        {
          "schema_version": 0,
          "attributes": {
            "arn": "arn:aws:iam::946429944765:policy/acme-read-bucket-policy",
            "description": "",
            "id": "arn:aws:iam::946429944765:policy/acme-read-bucket-policy",
            "name": "acme-read-bucket-policy",
            "path": "/",
            "path_prefix": null,
            "policy": "{\n    \"Version\": \"2012-10-17\",\n    \"Statement\": [\n        {\n            \"Effect\": \"Allow\",\n            \"Action\": \"sts:AssumeRole\",\n            \"Resource\": \"arn:aws:iam::524112250363:role/acme-read-bucket-role\"\n        }\n    ]\n}",
            "policy_id": "ANPA5YW464O66F4S4ZIKV",
            "tags": {
              "owner": "wadkars"
            }
          },
          "sensitive_attributes": []
        }
      ]
    },
    {
      "module": "module.irsa_workload_role2",
      "mode": "data",
      "type": "aws_iam_policy_document",
      "name": "workload-role-trust-policy",
      "provider": "provider[\"registry.terraform.io/hashicorp/aws\"]",
      "instances": [
        {
          "schema_version": 0,
          "attributes": {
            "id": "1934382263",
            "json": "{\n  \"Version\": \"2012-10-17\",\n  \"Statement\": [\n    {\n      \"Effect\": \"Allow\",\n      \"Action\": \"sts:AssumeRole\",\n      \"Principal\": {\n        \"AWS\": \"arn:aws:iam::946429944765:role/jhu-domino-proxy-read-bucket-role-1\"\n      }\n    }\n  ]\n}",
            "override_policy_documents": null,
            "policy_id": null,
            "source_policy_documents": null,
            "statement": [
              {
                "actions": [
                  "sts:AssumeRole"
                ],
                "condition": [],
                "effect": "Allow",
                "not_actions": [],
                "not_principals": [],
                "not_resources": [],
                "principals": [
                  {
                    "identifiers": [
                      "arn:aws:iam::946429944765:role/jhu-domino-proxy-read-bucket-role-1"
                    ],
                    "type": "AWS"
                  }
                ],
                "resources": [],
                "sid": ""
              }
            ],
            "version": "2012-10-17"
          },
          "sensitive_attributes": []
        }
      ]
    },
    {
      "module": "module.irsa_workload_role2",
      "mode": "managed",
      "type": "aws_iam_role",
      "name": "irsa-workload-role",
      "provider": "provider[\"registry.terraform.io/hashicorp/aws\"]",
      "instances": [
        {
          "schema_version": 0,
          "attributes": {
            "arn": "arn:aws:iam::946429944765:role/jhu-domino-read-bucket-role",
            "assume_role_policy": "{\"Statement\":[{\"Action\":\"sts:AssumeRole\",\"Effect\":\"Allow\",\"Principal\":{\"AWS\":\"arn:aws:iam::946429944765:role/jhu-domino-proxy-read-bucket-role-1\"}}],\"Version\":\"2012-10-17\"}",
            "create_date": "2023-10-12T21:03:23Z",
            "description": "",
            "force_detach_policies": false,
            "id": "jhu-domino-read-bucket-role",
            "inline_policy": [],
            "managed_policy_arns": [
              "arn:aws:iam::946429944765:policy/acme-read-bucket-policy"
            ],
            "max_session_duration": 3600,
            "name": "jhu-domino-read-bucket-role",
            "name_prefix": "",
            "path": "/",
            "permissions_boundary": null,
            "tags": {},
            "tags_all": {},
            "unique_id": "AROA5YW464O67H5PLEW7V"
          },
          "sensitive_attributes": [],
          "private": "bnVsbA==",
          "dependencies": [
            "module.irsa_proxy_role2.aws_iam_policy.domino-irsa-proxy-policy",
            "module.irsa_proxy_role2.aws_iam_role.domino-irsa-proxy",
            "module.irsa_proxy_role2.aws_iam_role_policy_attachment.domino-irsa-proxy",
            "module.irsa_proxy_role2.data.aws_caller_identity.current",
            "module.irsa_proxy_role2.data.aws_eks_cluster.domino-cluster",
            "module.irsa_proxy_role2.data.aws_iam_openid_connect_provider.domino-cluster-provider",
            "module.irsa_proxy_role2.data.aws_iam_policy_document.domino-irsa-proxy-policy",
            "module.irsa_proxy_role2.data.aws_iam_policy_document.irsa-proxy-role-trust-policy",
            "module.irsa_workload_role2.data.aws_iam_policy_document.workload-role-trust-policy"
          ]
        }
      ]
    },
    {
      "module": "module.irsa_workload_role2",
      "mode": "managed",
      "type": "aws_iam_role_policy_attachment",
      "name": "irsa-workload-example",
      "provider": "provider[\"registry.terraform.io/hashicorp/aws\"]",
      "instances": [
        {
          "index_key": 0,
          "schema_version": 0,
          "attributes": {
            "id": "jhu-domino-read-bucket-role-20231012210323347600000006",
            "policy_arn": "arn:aws:iam::946429944765:policy/acme-read-bucket-policy",
            "role": "jhu-domino-read-bucket-role"
          },
          "sensitive_attributes": [],
          "private": "bnVsbA==",
          "dependencies": [
            "module.irsa_proxy_role2.aws_iam_policy.domino-irsa-proxy-policy",
            "module.irsa_proxy_role2.aws_iam_role.domino-irsa-proxy",
            "module.irsa_proxy_role2.aws_iam_role_policy_attachment.domino-irsa-proxy",
            "module.irsa_proxy_role2.data.aws_caller_identity.current",
            "module.irsa_proxy_role2.data.aws_eks_cluster.domino-cluster",
            "module.irsa_proxy_role2.data.aws_iam_openid_connect_provider.domino-cluster-provider",
            "module.irsa_proxy_role2.data.aws_iam_policy_document.domino-irsa-proxy-policy",
            "module.irsa_proxy_role2.data.aws_iam_policy_document.irsa-proxy-role-trust-policy",
            "module.irsa_workload_role2.aws_iam_role.irsa-workload-role",
            "module.irsa_workload_role2.data.aws_iam_policy.policy-to-attach-to-role",
            "module.irsa_workload_role2.data.aws_iam_policy_document.workload-role-trust-policy"
          ]
        }
      ]
    },
    {
      "module": "module.irsa_workload_role3",
      "mode": "data",
      "type": "aws_caller_identity",
      "name": "current",
      "provider": "provider[\"registry.terraform.io/hashicorp/aws\"]",
      "instances": [
        {
          "schema_version": 0,
          "attributes": {
            "account_id": "946429944765",
            "arn": "arn:aws:iam::946429944765:user/sameer.wadkar",
            "id": "946429944765",
            "user_id": "AIDA5YW464O65RDLJEBJ4"
          },
          "sensitive_attributes": []
        }
      ]
    },
    {
      "module": "module.irsa_workload_role3",
      "mode": "data",
      "type": "aws_iam_policy",
      "name": "policy-to-attach-to-role",
      "provider": "provider[\"registry.terraform.io/hashicorp/aws\"]",
      "instances": [
        {
          "schema_version": 0,
          "attributes": {
            "arn": "arn:aws:iam::946429944765:policy/acme-read-bucket-policy",
            "description": "",
            "id": "arn:aws:iam::946429944765:policy/acme-read-bucket-policy",
            "name": "acme-read-bucket-policy",
            "path": "/",
            "path_prefix": null,
            "policy": "{\n    \"Version\": \"2012-10-17\",\n    \"Statement\": [\n        {\n            \"Effect\": \"Allow\",\n            \"Action\": \"sts:AssumeRole\",\n            \"Resource\": \"arn:aws:iam::524112250363:role/acme-read-bucket-role\"\n        }\n    ]\n}",
            "policy_id": "ANPA5YW464O66F4S4ZIKV",
            "tags": {
              "owner": "wadkars"
            }
          },
          "sensitive_attributes": []
        }
      ]
    },
    {
      "module": "module.irsa_workload_role3",
      "mode": "data",
      "type": "aws_iam_policy_document",
      "name": "workload-role-trust-policy",
      "provider": "provider[\"registry.terraform.io/hashicorp/aws\"]",
      "instances": [
        {
          "schema_version": 0,
          "attributes": {
            "id": "1934382263",
            "json": "{\n  \"Version\": \"2012-10-17\",\n  \"Statement\": [\n    {\n      \"Effect\": \"Allow\",\n      \"Action\": \"sts:AssumeRole\",\n      \"Principal\": {\n        \"AWS\": \"arn:aws:iam::946429944765:role/jhu-domino-proxy-read-bucket-role-1\"\n      }\n    }\n  ]\n}",
            "override_policy_documents": null,
            "policy_id": null,
            "source_policy_documents": null,
            "statement": [
              {
                "actions": [
                  "sts:AssumeRole"
                ],
                "condition": [],
                "effect": "Allow",
                "not_actions": [],
                "not_principals": [],
                "not_resources": [],
                "principals": [
                  {
                    "identifiers": [
                      "arn:aws:iam::946429944765:role/jhu-domino-proxy-read-bucket-role-1"
                    ],
                    "type": "AWS"
                  }
                ],
                "resources": [],
                "sid": ""
              }
            ],
            "version": "2012-10-17"
          },
          "sensitive_attributes": []
        }
      ]
    },
    {
      "module": "module.irsa_workload_role3",
      "mode": "managed",
      "type": "aws_iam_role",
      "name": "irsa-workload-role",
      "provider": "provider[\"registry.terraform.io/hashicorp/aws\"]",
      "instances": [
        {
          "schema_version": 0,
          "attributes": {
            "arn": "arn:aws:iam::946429944765:role/jhu-domino-write-bucket-role",
            "assume_role_policy": "{\"Statement\":[{\"Action\":\"sts:AssumeRole\",\"Effect\":\"Allow\",\"Principal\":{\"AWS\":\"arn:aws:iam::946429944765:role/jhu-domino-proxy-read-bucket-role-1\"}}],\"Version\":\"2012-10-17\"}",
            "create_date": "2023-10-12T21:03:23Z",
            "description": "",
            "force_detach_policies": false,
            "id": "jhu-domino-write-bucket-role",
            "inline_policy": [],
            "managed_policy_arns": [
              "arn:aws:iam::946429944765:policy/acme-read-bucket-policy"
            ],
            "max_session_duration": 3600,
            "name": "jhu-domino-write-bucket-role",
            "name_prefix": "",
            "path": "/",
            "permissions_boundary": null,
            "tags": {},
            "tags_all": {},
            "unique_id": "AROA5YW464O65U6XVWJTQ"
          },
          "sensitive_attributes": [],
          "private": "bnVsbA==",
          "dependencies": [
            "module.irsa_proxy_role2.aws_iam_policy.domino-irsa-proxy-policy",
            "module.irsa_proxy_role2.aws_iam_role.domino-irsa-proxy",
            "module.irsa_proxy_role2.aws_iam_role_policy_attachment.domino-irsa-proxy",
            "module.irsa_proxy_role2.data.aws_caller_identity.current",
            "module.irsa_proxy_role2.data.aws_eks_cluster.domino-cluster",
            "module.irsa_proxy_role2.data.aws_iam_openid_connect_provider.domino-cluster-provider",
            "module.irsa_proxy_role2.data.aws_iam_policy_document.domino-irsa-proxy-policy",
            "module.irsa_proxy_role2.data.aws_iam_policy_document.irsa-proxy-role-trust-policy",
            "module.irsa_workload_role3.data.aws_iam_policy_document.workload-role-trust-policy"
          ]
        }
      ]
    },
    {
      "module": "module.irsa_workload_role3",
      "mode": "managed",
      "type": "aws_iam_role_policy_attachment",
      "name": "irsa-workload-example",
      "provider": "provider[\"registry.terraform.io/hashicorp/aws\"]",
      "instances": [
        {
          "index_key": 0,
          "schema_version": 0,
          "attributes": {
            "id": "jhu-domino-write-bucket-role-20231012210323350000000007",
            "policy_arn": "arn:aws:iam::946429944765:policy/acme-read-bucket-policy",
            "role": "jhu-domino-write-bucket-role"
          },
          "sensitive_attributes": [],
          "private": "bnVsbA==",
          "dependencies": [
            "module.irsa_proxy_role2.aws_iam_policy.domino-irsa-proxy-policy",
            "module.irsa_proxy_role2.aws_iam_role.domino-irsa-proxy",
            "module.irsa_proxy_role2.aws_iam_role_policy_attachment.domino-irsa-proxy",
            "module.irsa_proxy_role2.data.aws_caller_identity.current",
            "module.irsa_proxy_role2.data.aws_eks_cluster.domino-cluster",
            "module.irsa_proxy_role2.data.aws_iam_openid_connect_provider.domino-cluster-provider",
            "module.irsa_proxy_role2.data.aws_iam_policy_document.domino-irsa-proxy-policy",
            "module.irsa_proxy_role2.data.aws_iam_policy_document.irsa-proxy-role-trust-policy",
            "module.irsa_workload_role3.aws_iam_role.irsa-workload-role",
            "module.irsa_workload_role3.data.aws_iam_policy.policy-to-attach-to-role",
            "module.irsa_workload_role3.data.aws_iam_policy_document.workload-role-trust-policy"
          ]
        }
      ]
    }
  ],
  "check_results": null
}
