{
  "version": 4,
  "terraform_version": "1.4.6",
  "serial": 136,
  "lineage": "9cc1198e-4a31-ae6e-7e4b-f31faeeee7c5",
  "outputs": {},
  "resources": [
    {
      "mode": "data",
      "type": "aws_caller_identity",
      "name": "aws-asset-acct",
      "provider": "provider[\"registry.terraform.io/hashicorp/aws\"].asset-acct",
      "instances": [
        {
          "schema_version": 0,
          "attributes": {
            "account_id": "946429944765",
            "arn": "arn:aws:iam::946429944765:user/sameer.wadkar",
            "id": "946429944765",
            "user_id": "AIDA5YW464O65RDLJEBJ4"
          },
          "sensitive_attributes": []
        }
      ]
    },
    {
      "mode": "data",
      "type": "aws_caller_identity",
      "name": "domino-eks-acct",
      "provider": "provider[\"registry.terraform.io/hashicorp/aws\"]",
      "instances": [
        {
          "schema_version": 0,
          "attributes": {
            "account_id": "946429944765",
            "arn": "arn:aws:iam::946429944765:user/sameer.wadkar",
            "id": "946429944765",
            "user_id": "AIDA5YW464O65RDLJEBJ4"
          },
          "sensitive_attributes": []
        }
      ]
    },
    {
      "mode": "data",
      "type": "aws_eks_cluster",
      "name": "domino-cluster",
      "provider": "provider[\"registry.terraform.io/hashicorp/aws\"]",
      "instances": [
        {
          "schema_version": 0,
          "attributes": {
            "arn": "arn:aws:eks:us-west-2:946429944765:cluster/marcdo27843",
            "certificate_authority": [
              {
                "data": "LS0tLS1CRUdJTiBDRVJUSUZJQ0FURS0tLS0tCk1JSURCVENDQWUyZ0F3SUJBZ0lJUWVRc2tZdGgwWjB3RFFZSktvWklodmNOQVFFTEJRQXdGVEVUTUJFR0ExVUUKQXhNS2EzVmlaWEp1WlhSbGN6QWVGdzB5TXpFeE1EZ3hPVE0xTVRkYUZ3MHpNekV4TURVeE9UUXdNVGRhTUJVeApFekFSQmdOVkJBTVRDbXQxWW1WeWJtVjBaWE13Z2dFaU1BMEdDU3FHU0liM0RRRUJBUVVBQTRJQkR3QXdnZ0VLCkFvSUJBUURSY01IZm5RWXVIaFEzRDJQdGtTaDBqL0NnRWM0UjIxQ0ljR2NPT3c2VmRqYjBUTEN0Z2Y4TmxSNWkKeXd5djV0ZndKVWdMTHgxRTdwMkl3Qzkyb01DbEdJMkZvTTh6MGxMS3Bma1pCalFpNEFmUDZzLzFjK1ZqTVZ3cQpiQW5hYnNBWU5lYmlxckd4UHN6NjAzWlo0dGg2ZCtjVEM4ZFp0N2dmajZlaHpsanVZRlNJNk5KYncwcFZWKzhiClJybWRXblBHdzc5YldGMHdzaTdNVHQ4eUZIeE81SDhlT0dBdFp4ZFlEZURrSStmWTVncGZBdk55cSttOFpPOVMKckRnczZCV1l0dUdYbXp0dVFYaUZzd0FTdHFOWXNCTk1LcHMraVBJMmtZYjR5c0VTY3BqejZvak9MYzgxNGtERwpYT01HbkExRkJUazM3Z0szNjJueGRLOElDUkdCQWdNQkFBR2pXVEJYTUE0R0ExVWREd0VCL3dRRUF3SUNwREFQCkJnTlZIUk1CQWY4RUJUQURBUUgvTUIwR0ExVWREZ1FXQkJTZXE0eUZlV3Z3c3RTeVhMN2ptVTJZZ1V2SXJqQVYKQmdOVkhSRUVEakFNZ2dwcmRXSmxjbTVsZEdWek1BMEdDU3FHU0liM0RRRUJDd1VBQTRJQkFRQ1BZMXA3TkRWZgpWM3pjKzhLby9aelAwMGZBcm5zLzdTdkZ5ZmZHZmRHREtuTlhTeGhsWlVTQit2UmQ3bDkvMlBhUksxT3h1bkpxCjJ0Ni95K2JoYWJqWmQyNTJSdkFxSWhtQkcvbjk1aVNSVngwVFFjTnNxdEw4K05rNXpYRElxdlVOYUlyR0dieHUKUUFWT2xwdzZwQnY5SDIvc0lDK0tQWmduaytzaXRwekJHc3VmZW81M3dhZXJTdW1LbU5COVk4TjlkQUtJTTZ3RQpQTVorcXRuWDFNYnRYUEgyb1Y4NjBleUFPRXRFR0EwU1VkL3RwSTV3WkJqWXlNc2U0MUppbjJxNnZDQ0N6TStTCnRPRUlTMnRXRjdNcHRhVlhPY0RMSko5NWp2bWJmaTdwcXllaEVoR2l4dWVzTzBEZVdoK2U3SnNncG5zTW4xT1AKUHdNSkhTaW1XOFdJCi0tLS0tRU5EIENFUlRJRklDQVRFLS0tLS0K"
              }
            ],
            "cluster_id": null,
            "created_at": "2023-11-08 19:36:19.552 +0000 UTC",
            "enabled_cluster_log_types": [
              "api",
              "audit",
              "authenticator",
              "controllerManager",
              "scheduler"
            ],
            "endpoint": "https://C7F107CAE94B194C9AF67A09A84B878B.gr7.us-west-2.eks.amazonaws.com",
            "id": "marcdo27843",
            "identity": [
              {
                "oidc": [
                  {
                    "issuer": "https://oidc.eks.us-west-2.amazonaws.com/id/C7F107CAE94B194C9AF67A09A84B878B"
                  }
                ]
              }
            ],
            "kubernetes_network_config": [
              {
                "ip_family": "ipv4",
                "service_ipv4_cidr": "172.20.0.0/16",
                "service_ipv6_cidr": ""
              }
            ],
            "name": "marcdo27843",
            "outpost_config": [],
            "platform_version": "eks.7",
            "role_arn": "arn:aws:iam::946429944765:role/marcdo27843-eks",
            "status": "ACTIVE",
            "tags": {
              "artifacts_image_tag": "dummy",
              "build_timestamp": "2023-11-08T19:31:15.643710",
              "deploy_id": "marcdo27843",
              "deploy_tag": "v65",
              "deploy_type": "prod-aws-eks",
              "infosec_classification": "sensitive",
              "user_email": "marc.doan@dominodatalab.com"
            },
            "version": "1.27",
            "vpc_config": [
              {
                "cluster_security_group_id": "sg-02afa89f4a7595187",
                "endpoint_private_access": true,
                "endpoint_public_access": false,
                "public_access_cidrs": [],
                "security_group_ids": [
                  "sg-0bd96def60190e10d"
                ],
                "subnet_ids": [
                  "subnet-0351e4e2906cfc9b1",
                  "subnet-03be079b2a3000750",
                  "subnet-068ea140cf8d2a54f"
                ],
                "vpc_id": "vpc-0763dc23fae319178"
              }
            ]
          },
          "sensitive_attributes": []
        }
      ]
    },
    {
      "mode": "data",
      "type": "aws_iam_openid_connect_provider",
      "name": "domino-cluster-provider",
      "provider": "provider[\"registry.terraform.io/hashicorp/aws\"]",
      "instances": [
        {
          "schema_version": 0,
          "attributes": {
            "arn": "arn:aws:iam::946429944765:oidc-provider/oidc.eks.us-west-2.amazonaws.com/id/C7F107CAE94B194C9AF67A09A84B878B",
            "client_id_list": [
              "sts.amazonaws.com"
            ],
            "id": "arn:aws:iam::946429944765:oidc-provider/oidc.eks.us-west-2.amazonaws.com/id/C7F107CAE94B194C9AF67A09A84B878B",
            "tags": {
              "artifacts_image_tag": "dummy",
              "build_timestamp": "2023-11-08T19:31:15.643710",
              "deploy_id": "marcdo27843",
              "deploy_tag": "v65",
              "deploy_type": "prod-aws-eks",
              "infosec_classification": "sensitive",
              "user_email": "marc.doan@dominodatalab.com"
            },
            "thumbprint_list": [
              "9e99a48a9960b14926bb7f3b02e22da2b0ab7280",
              "06b25927c42a721631c1efd9431e648fa62e1e39",
              "2ad974a775f73cbdbbd8f5ac3a49255fa8fb1f8c",
              "e1d31a1f94725daaef02dcf1c1bb0ff4a28a6060"
            ],
            "url": "oidc.eks.us-west-2.amazonaws.com/id/C7F107CAE94B194C9AF67A09A84B878B"
          },
          "sensitive_attributes": []
        }
      ]
    },
    {
      "mode": "data",
      "type": "aws_iam_policy_document",
      "name": "domino-eks-irsa-role-trust-policy",
      "provider": "provider[\"registry.terraform.io/hashicorp/aws\"]",
      "instances": [
        {
          "schema_version": 0,
          "attributes": {
            "id": "1029782549",
            "json": "{\n  \"Version\": \"2012-10-17\",\n  \"Statement\": [\n    {\n      \"Effect\": \"Allow\",\n      \"Action\": \"sts:AssumeRoleWithWebIdentity\",\n      \"Principal\": {\n        \"Federated\": \"arn:aws:iam::946429944765:oidc-provider/oidc.eks.us-west-2.amazonaws.com/id/C7F107CAE94B194C9AF67A09A84B878B\"\n      },\n      \"Condition\": {\n        \"StringEquals\": {\n          \"oidc.eks.us-west-2.amazonaws.com/id/C7F107CAE94B194C9AF67A09A84B878B:sub\": \"system:serviceaccount:domino-field:irsa\"\n        }\n      }\n    }\n  ]\n}",
            "override_policy_documents": null,
            "policy_id": null,
            "source_policy_documents": null,
            "statement": [
              {
                "actions": [
                  "sts:AssumeRoleWithWebIdentity"
                ],
                "condition": [
                  {
                    "test": "StringEquals",
                    "values": [
                      "system:serviceaccount:domino-field:irsa"
                    ],
                    "variable": "oidc.eks.us-west-2.amazonaws.com/id/C7F107CAE94B194C9AF67A09A84B878B:sub"
                  }
                ],
                "effect": "Allow",
                "not_actions": [],
                "not_principals": [],
                "not_resources": [],
                "principals": [
                  {
                    "identifiers": [
                      "arn:aws:iam::946429944765:oidc-provider/oidc.eks.us-west-2.amazonaws.com/id/C7F107CAE94B194C9AF67A09A84B878B"
                    ],
                    "type": "Federated"
                  }
                ],
                "resources": [],
                "sid": ""
              }
            ],
            "version": "2012-10-17"
          },
          "sensitive_attributes": []
        }
      ]
    },
    {
      "mode": "data",
      "type": "aws_iam_policy_document",
      "name": "domino-irsa-svc-policy",
      "provider": "provider[\"registry.terraform.io/hashicorp/aws\"]",
      "instances": [
        {
          "schema_version": 0,
          "attributes": {
            "id": "1336220789",
            "json": "{\n  \"Version\": \"2012-10-17\",\n  \"Statement\": [\n    {\n      \"Sid\": \"IRSAAdmin\",\n      \"Effect\": \"Allow\",\n      \"Action\": [\n        \"iam:UpdateAssumeRolePolicy\",\n        \"iam:PutRolePolicy\",\n        \"iam:ListRoles\",\n        \"iam:ListRolePolicies\",\n        \"iam:ListPolicyVersions\",\n        \"iam:ListPolicies\",\n        \"iam:GetRole\"\n      ],\n      \"Resource\": [\n        \"arn:aws:iam::946429944765:role/sw-domino-proxy-project4-role-1\",\n        \"arn:aws:iam::946429944765:role/sw-domino-proxy-project3-role-1\",\n        \"arn:aws:iam::946429944765:role/sw-domino-proxy-project2-role-1\",\n        \"arn:aws:iam::946429944765:role/sw-domino-proxy-project1-role-1\"\n      ]\n    }\n  ]\n}",
            "override_policy_documents": null,
            "policy_id": null,
            "source_policy_documents": null,
            "statement": [
              {
                "actions": [
                  "iam:GetRole",
                  "iam:ListPolicies",
                  "iam:ListPolicyVersions",
                  "iam:ListRolePolicies",
                  "iam:ListRoles",
                  "iam:PutRolePolicy",
                  "iam:UpdateAssumeRolePolicy"
                ],
                "condition": [],
                "effect": "Allow",
                "not_actions": [],
                "not_principals": [],
                "not_resources": [],
                "principals": [],
                "resources": [
                  "arn:aws:iam::946429944765:role/sw-domino-proxy-project1-role-1",
                  "arn:aws:iam::946429944765:role/sw-domino-proxy-project2-role-1",
                  "arn:aws:iam::946429944765:role/sw-domino-proxy-project3-role-1",
                  "arn:aws:iam::946429944765:role/sw-domino-proxy-project4-role-1"
                ],
                "sid": "IRSAAdmin"
              }
            ],
            "version": "2012-10-17"
          },
          "sensitive_attributes": []
        }
      ]
    },
    {
      "mode": "data",
      "type": "aws_iam_policy_document",
      "name": "workload-1-policy",
      "provider": "provider[\"registry.terraform.io/hashicorp/aws\"].asset-acct",
      "instances": [
        {
          "schema_version": 0,
          "attributes": {
            "id": "2134818338",
            "json": "{\n  \"Version\": \"2012-10-17\",\n  \"Statement\": [\n    {\n      \"Effect\": \"Allow\",\n      \"Action\": \"s3:ListBucket\",\n      \"Resource\": \"*\"\n    }\n  ]\n}",
            "override_policy_documents": null,
            "policy_id": null,
            "source_policy_documents": null,
            "statement": [
              {
                "actions": [
                  "s3:ListBucket"
                ],
                "condition": [],
                "effect": "Allow",
                "not_actions": [],
                "not_principals": [],
                "not_resources": [],
                "principals": [],
                "resources": [
                  "*"
                ],
                "sid": ""
              }
            ],
            "version": "2012-10-17"
          },
          "sensitive_attributes": []
        }
      ]
    },
    {
      "mode": "data",
      "type": "aws_iam_policy_document",
      "name": "workload-2-policy",
      "provider": "provider[\"registry.terraform.io/hashicorp/aws\"].asset-acct",
      "instances": [
        {
          "schema_version": 0,
          "attributes": {
            "id": "2134818338",
            "json": "{\n  \"Version\": \"2012-10-17\",\n  \"Statement\": [\n    {\n      \"Effect\": \"Allow\",\n      \"Action\": \"s3:ListBucket\",\n      \"Resource\": \"*\"\n    }\n  ]\n}",
            "override_policy_documents": null,
            "policy_id": null,
            "source_policy_documents": null,
            "statement": [
              {
                "actions": [
                  "s3:ListBucket"
                ],
                "condition": [],
                "effect": "Allow",
                "not_actions": [],
                "not_principals": [],
                "not_resources": [],
                "principals": [],
                "resources": [
                  "*"
                ],
                "sid": ""
              }
            ],
            "version": "2012-10-17"
          },
          "sensitive_attributes": []
        }
      ]
    },
    {
      "mode": "data",
      "type": "aws_iam_policy_document",
      "name": "workload-3-policy",
      "provider": "provider[\"registry.terraform.io/hashicorp/aws\"].asset-acct",
      "instances": [
        {
          "schema_version": 0,
          "attributes": {
            "id": "2134818338",
            "json": "{\n  \"Version\": \"2012-10-17\",\n  \"Statement\": [\n    {\n      \"Effect\": \"Allow\",\n      \"Action\": \"s3:ListBucket\",\n      \"Resource\": \"*\"\n    }\n  ]\n}",
            "override_policy_documents": null,
            "policy_id": null,
            "source_policy_documents": null,
            "statement": [
              {
                "actions": [
                  "s3:ListBucket"
                ],
                "condition": [],
                "effect": "Allow",
                "not_actions": [],
                "not_principals": [],
                "not_resources": [],
                "principals": [],
                "resources": [
                  "*"
                ],
                "sid": ""
              }
            ],
            "version": "2012-10-17"
          },
          "sensitive_attributes": []
        }
      ]
    },
    {
      "mode": "data",
      "type": "aws_iam_policy_document",
      "name": "workload-4-policy",
      "provider": "provider[\"registry.terraform.io/hashicorp/aws\"].asset-acct",
      "instances": [
        {
          "schema_version": 0,
          "attributes": {
            "id": "2134818338",
            "json": "{\n  \"Version\": \"2012-10-17\",\n  \"Statement\": [\n    {\n      \"Effect\": \"Allow\",\n      \"Action\": \"s3:ListBucket\",\n      \"Resource\": \"*\"\n    }\n  ]\n}",
            "override_policy_documents": null,
            "policy_id": null,
            "source_policy_documents": null,
            "statement": [
              {
                "actions": [
                  "s3:ListBucket"
                ],
                "condition": [],
                "effect": "Allow",
                "not_actions": [],
                "not_principals": [],
                "not_resources": [],
                "principals": [],
                "resources": [
                  "*"
                ],
                "sid": ""
              }
            ],
            "version": "2012-10-17"
          },
          "sensitive_attributes": []
        }
      ]
    },
    {
      "mode": "managed",
      "type": "aws_iam_policy",
      "name": "domino-irsa-svc-policy",
      "provider": "provider[\"registry.terraform.io/hashicorp/aws\"]",
      "instances": [
        {
          "schema_version": 0,
          "attributes": {
            "arn": "arn:aws:iam::946429944765:policy/sw-domino-irsa-svc-role-policy",
            "description": "",
            "id": "arn:aws:iam::946429944765:policy/sw-domino-irsa-svc-role-policy",
            "name": "sw-domino-irsa-svc-role-policy",
            "name_prefix": "",
            "path": "/",
            "policy": "{\"Statement\":[{\"Action\":[\"iam:UpdateAssumeRolePolicy\",\"iam:PutRolePolicy\",\"iam:ListRoles\",\"iam:ListRolePolicies\",\"iam:ListPolicyVersions\",\"iam:ListPolicies\",\"iam:GetRole\"],\"Effect\":\"Allow\",\"Resource\":[\"arn:aws:iam::946429944765:role/sw-domino-proxy-project4-role-1\",\"arn:aws:iam::946429944765:role/sw-domino-proxy-project3-role-1\",\"arn:aws:iam::946429944765:role/sw-domino-proxy-project2-role-1\",\"arn:aws:iam::946429944765:role/sw-domino-proxy-project1-role-1\"],\"Sid\":\"IRSAAdmin\"}],\"Version\":\"2012-10-17\"}",
            "policy_id": "ANPA5YW464O6WWIO5THQH",
            "tags": {},
            "tags_all": {}
          },
          "sensitive_attributes": [],
          "private": "bnVsbA==",
          "dependencies": [
            "data.aws_iam_policy_document.domino-irsa-svc-policy",
            "module.irsa_proxy_role1.aws_iam_policy.domino-irsa-proxy-policy",
            "module.irsa_proxy_role1.aws_iam_role.domino-irsa-proxy",
            "module.irsa_proxy_role1.aws_iam_role_policy_attachment.domino-irsa-proxy",
            "module.irsa_proxy_role1.data.aws_caller_identity.current",
            "module.irsa_proxy_role1.data.aws_eks_cluster.domino-cluster",
            "module.irsa_proxy_role1.data.aws_iam_openid_connect_provider.domino-cluster-provider",
            "module.irsa_proxy_role1.data.aws_iam_policy_document.domino-irsa-proxy-policy",
            "module.irsa_proxy_role1.data.aws_iam_policy_document.irsa-proxy-role-trust-policy",
            "module.irsa_proxy_role2.aws_iam_policy.domino-irsa-proxy-policy",
            "module.irsa_proxy_role2.aws_iam_role.domino-irsa-proxy",
            "module.irsa_proxy_role2.aws_iam_role_policy_attachment.domino-irsa-proxy",
            "module.irsa_proxy_role2.data.aws_caller_identity.current",
            "module.irsa_proxy_role2.data.aws_eks_cluster.domino-cluster",
            "module.irsa_proxy_role2.data.aws_iam_openid_connect_provider.domino-cluster-provider",
            "module.irsa_proxy_role2.data.aws_iam_policy_document.domino-irsa-proxy-policy",
            "module.irsa_proxy_role2.data.aws_iam_policy_document.irsa-proxy-role-trust-policy",
            "module.irsa_proxy_role3.aws_iam_policy.domino-irsa-proxy-policy",
            "module.irsa_proxy_role3.aws_iam_role.domino-irsa-proxy",
            "module.irsa_proxy_role3.aws_iam_role_policy_attachment.domino-irsa-proxy",
            "module.irsa_proxy_role3.data.aws_caller_identity.current",
            "module.irsa_proxy_role3.data.aws_eks_cluster.domino-cluster",
            "module.irsa_proxy_role3.data.aws_iam_openid_connect_provider.domino-cluster-provider",
            "module.irsa_proxy_role3.data.aws_iam_policy_document.domino-irsa-proxy-policy",
            "module.irsa_proxy_role3.data.aws_iam_policy_document.irsa-proxy-role-trust-policy",
            "module.irsa_proxy_role4.aws_iam_policy.domino-irsa-proxy-policy",
            "module.irsa_proxy_role4.aws_iam_role.domino-irsa-proxy",
            "module.irsa_proxy_role4.aws_iam_role_policy_attachment.domino-irsa-proxy",
            "module.irsa_proxy_role4.data.aws_caller_identity.current",
            "module.irsa_proxy_role4.data.aws_eks_cluster.domino-cluster",
            "module.irsa_proxy_role4.data.aws_iam_openid_connect_provider.domino-cluster-provider",
            "module.irsa_proxy_role4.data.aws_iam_policy_document.domino-irsa-proxy-policy",
            "module.irsa_proxy_role4.data.aws_iam_policy_document.irsa-proxy-role-trust-policy"
          ]
        }
      ]
    },
    {
      "mode": "managed",
      "type": "aws_iam_policy",
      "name": "irsa-workload-1-policy",
      "provider": "provider[\"registry.terraform.io/hashicorp/aws\"].asset-acct",
      "instances": [
        {
          "schema_version": 0,
          "attributes": {
            "arn": "arn:aws:iam::946429944765:policy/sw-domino-project1-policy",
            "description": "",
            "id": "arn:aws:iam::946429944765:policy/sw-domino-project1-policy",
            "name": "sw-domino-project1-policy",
            "name_prefix": "",
            "path": "/",
            "policy": "{\"Statement\":[{\"Action\":\"s3:ListBucket\",\"Effect\":\"Allow\",\"Resource\":\"*\"}],\"Version\":\"2012-10-17\"}",
            "policy_id": "ANPA5YW464O6234ZSJZZT",
            "tags": {},
            "tags_all": {}
          },
          "sensitive_attributes": [],
          "private": "bnVsbA==",
          "dependencies": [
            "data.aws_iam_policy_document.workload-1-policy"
          ]
        }
      ]
    },
    {
      "mode": "managed",
      "type": "aws_iam_policy",
      "name": "irsa-workload-2-policy",
      "provider": "provider[\"registry.terraform.io/hashicorp/aws\"].asset-acct",
      "instances": [
        {
          "schema_version": 0,
          "attributes": {
            "arn": "arn:aws:iam::946429944765:policy/sw-domino-project2-policy",
            "description": "",
            "id": "arn:aws:iam::946429944765:policy/sw-domino-project2-policy",
            "name": "sw-domino-project2-policy",
            "name_prefix": "",
            "path": "/",
            "policy": "{\"Statement\":[{\"Action\":\"s3:ListBucket\",\"Effect\":\"Allow\",\"Resource\":\"*\"}],\"Version\":\"2012-10-17\"}",
            "policy_id": "ANPA5YW464O623RT7DEAG",
            "tags": {},
            "tags_all": {}
          },
          "sensitive_attributes": [],
          "private": "bnVsbA==",
          "dependencies": [
            "data.aws_iam_policy_document.workload-2-policy"
          ]
        }
      ]
    },
    {
      "mode": "managed",
      "type": "aws_iam_policy",
      "name": "irsa-workload-3-policy",
      "provider": "provider[\"registry.terraform.io/hashicorp/aws\"].asset-acct",
      "instances": [
        {
          "schema_version": 0,
          "attributes": {
            "arn": "arn:aws:iam::946429944765:policy/sw-domino-project3-policy",
            "description": "",
            "id": "arn:aws:iam::946429944765:policy/sw-domino-project3-policy",
            "name": "sw-domino-project3-policy",
            "name_prefix": "",
            "path": "/",
            "policy": "{\"Statement\":[{\"Action\":\"s3:ListBucket\",\"Effect\":\"Allow\",\"Resource\":\"*\"}],\"Version\":\"2012-10-17\"}",
            "policy_id": "ANPA5YW464O6T6LX54V5E",
            "tags": {},
            "tags_all": {}
          },
          "sensitive_attributes": [],
          "private": "bnVsbA==",
          "dependencies": [
            "data.aws_iam_policy_document.workload-3-policy"
          ]
        }
      ]
    },
    {
      "mode": "managed",
      "type": "aws_iam_policy",
      "name": "irsa-workload-4-policy",
      "provider": "provider[\"registry.terraform.io/hashicorp/aws\"].asset-acct",
      "instances": [
        {
          "schema_version": 0,
          "attributes": {
            "arn": "arn:aws:iam::946429944765:policy/sw-domino-project4-policy",
            "description": "",
            "id": "arn:aws:iam::946429944765:policy/sw-domino-project4-policy",
            "name": "sw-domino-project4-policy",
            "name_prefix": "",
            "path": "/",
            "policy": "{\"Statement\":[{\"Action\":\"s3:ListBucket\",\"Effect\":\"Allow\",\"Resource\":\"*\"}],\"Version\":\"2012-10-17\"}",
            "policy_id": "ANPA5YW464O6XCSMXDSQJ",
            "tags": {},
            "tags_all": {}
          },
          "sensitive_attributes": [],
          "private": "bnVsbA==",
          "dependencies": [
            "data.aws_iam_policy_document.workload-4-policy"
          ]
        }
      ]
    },
    {
      "mode": "managed",
      "type": "aws_iam_role",
      "name": "domino-irsa-svc",
      "provider": "provider[\"registry.terraform.io/hashicorp/aws\"]",
      "instances": [
        {
          "schema_version": 0,
          "attributes": {
            "arn": "arn:aws:iam::946429944765:role/sw-domino-irsa-svc-role",
            "assume_role_policy": "{\"Statement\":[{\"Action\":\"sts:AssumeRoleWithWebIdentity\",\"Condition\":{\"StringEquals\":{\"oidc.eks.us-west-2.amazonaws.com/id/C7F107CAE94B194C9AF67A09A84B878B:sub\":\"system:serviceaccount:domino-field:irsa\"}},\"Effect\":\"Allow\",\"Principal\":{\"Federated\":\"arn:aws:iam::946429944765:oidc-provider/oidc.eks.us-west-2.amazonaws.com/id/C7F107CAE94B194C9AF67A09A84B878B\"}}],\"Version\":\"2012-10-17\"}",
            "create_date": "2023-11-09T18:00:56Z",
            "description": "",
            "force_detach_policies": false,
            "id": "sw-domino-irsa-svc-role",
            "inline_policy": [],
            "managed_policy_arns": [
              "arn:aws:iam::946429944765:policy/sw-domino-irsa-svc-role-policy"
            ],
            "max_session_duration": 3600,
            "name": "sw-domino-irsa-svc-role",
            "name_prefix": "",
            "path": "/",
            "permissions_boundary": "",
            "tags": {},
            "tags_all": {},
            "unique_id": "AROA5YW464O64PLZBS7LJ"
          },
          "sensitive_attributes": [],
          "private": "bnVsbA==",
          "dependencies": [
            "data.aws_eks_cluster.domino-cluster",
            "data.aws_iam_openid_connect_provider.domino-cluster-provider",
            "data.aws_iam_policy_document.domino-eks-irsa-role-trust-policy"
          ]
        }
      ]
    },
    {
      "mode": "managed",
      "type": "aws_iam_role_policy_attachment",
      "name": "domino-irsa-svc",
      "provider": "provider[\"registry.terraform.io/hashicorp/aws\"]",
      "instances": [
        {
          "schema_version": 0,
          "attributes": {
            "id": "sw-domino-irsa-svc-role-20231109180059374000000005",
            "policy_arn": "arn:aws:iam::946429944765:policy/sw-domino-irsa-svc-role-policy",
            "role": "sw-domino-irsa-svc-role"
          },
          "sensitive_attributes": [],
          "private": "bnVsbA==",
          "dependencies": [
            "aws_iam_policy.domino-irsa-svc-policy",
            "aws_iam_role.domino-irsa-svc",
            "data.aws_eks_cluster.domino-cluster",
            "data.aws_iam_openid_connect_provider.domino-cluster-provider",
            "data.aws_iam_policy_document.domino-eks-irsa-role-trust-policy",
            "data.aws_iam_policy_document.domino-irsa-svc-policy",
            "module.irsa_proxy_role1.aws_iam_policy.domino-irsa-proxy-policy",
            "module.irsa_proxy_role1.aws_iam_role.domino-irsa-proxy",
            "module.irsa_proxy_role1.aws_iam_role_policy_attachment.domino-irsa-proxy",
            "module.irsa_proxy_role1.data.aws_caller_identity.current",
            "module.irsa_proxy_role1.data.aws_eks_cluster.domino-cluster",
            "module.irsa_proxy_role1.data.aws_iam_openid_connect_provider.domino-cluster-provider",
            "module.irsa_proxy_role1.data.aws_iam_policy_document.domino-irsa-proxy-policy",
            "module.irsa_proxy_role1.data.aws_iam_policy_document.irsa-proxy-role-trust-policy",
            "module.irsa_proxy_role2.aws_iam_policy.domino-irsa-proxy-policy",
            "module.irsa_proxy_role2.aws_iam_role.domino-irsa-proxy",
            "module.irsa_proxy_role2.aws_iam_role_policy_attachment.domino-irsa-proxy",
            "module.irsa_proxy_role2.data.aws_caller_identity.current",
            "module.irsa_proxy_role2.data.aws_eks_cluster.domino-cluster",
            "module.irsa_proxy_role2.data.aws_iam_openid_connect_provider.domino-cluster-provider",
            "module.irsa_proxy_role2.data.aws_iam_policy_document.domino-irsa-proxy-policy",
            "module.irsa_proxy_role2.data.aws_iam_policy_document.irsa-proxy-role-trust-policy",
            "module.irsa_proxy_role3.aws_iam_policy.domino-irsa-proxy-policy",
            "module.irsa_proxy_role3.aws_iam_role.domino-irsa-proxy",
            "module.irsa_proxy_role3.aws_iam_role_policy_attachment.domino-irsa-proxy",
            "module.irsa_proxy_role3.data.aws_caller_identity.current",
            "module.irsa_proxy_role3.data.aws_eks_cluster.domino-cluster",
            "module.irsa_proxy_role3.data.aws_iam_openid_connect_provider.domino-cluster-provider",
            "module.irsa_proxy_role3.data.aws_iam_policy_document.domino-irsa-proxy-policy",
            "module.irsa_proxy_role3.data.aws_iam_policy_document.irsa-proxy-role-trust-policy",
            "module.irsa_proxy_role4.aws_iam_policy.domino-irsa-proxy-policy",
            "module.irsa_proxy_role4.aws_iam_role.domino-irsa-proxy",
            "module.irsa_proxy_role4.aws_iam_role_policy_attachment.domino-irsa-proxy",
            "module.irsa_proxy_role4.data.aws_caller_identity.current",
            "module.irsa_proxy_role4.data.aws_eks_cluster.domino-cluster",
            "module.irsa_proxy_role4.data.aws_iam_openid_connect_provider.domino-cluster-provider",
            "module.irsa_proxy_role4.data.aws_iam_policy_document.domino-irsa-proxy-policy",
            "module.irsa_proxy_role4.data.aws_iam_policy_document.irsa-proxy-role-trust-policy"
          ]
        }
      ]
    },
    {
      "mode": "managed",
      "type": "aws_iam_role_policy_attachment",
      "name": "irsa-workload-1",
      "provider": "provider[\"registry.terraform.io/hashicorp/aws\"].asset-acct",
      "instances": [
        {
          "schema_version": 0,
          "attributes": {
            "id": "sw-domino-project1-role-20231109180106719800000003",
            "policy_arn": "arn:aws:iam::946429944765:policy/sw-domino-project1-policy",
            "role": "sw-domino-project1-role"
          },
          "sensitive_attributes": [],
          "private": "bnVsbA==",
          "dependencies": [
            "aws_iam_policy.irsa-workload-1-policy",
            "data.aws_iam_policy_document.workload-1-policy",
            "module.irsa_proxy_role1.aws_iam_policy.domino-irsa-proxy-policy",
            "module.irsa_proxy_role1.aws_iam_role.domino-irsa-proxy",
            "module.irsa_proxy_role1.aws_iam_role_policy_attachment.domino-irsa-proxy",
            "module.irsa_proxy_role1.data.aws_caller_identity.current",
            "module.irsa_proxy_role1.data.aws_eks_cluster.domino-cluster",
            "module.irsa_proxy_role1.data.aws_iam_openid_connect_provider.domino-cluster-provider",
            "module.irsa_proxy_role1.data.aws_iam_policy_document.domino-irsa-proxy-policy",
            "module.irsa_proxy_role1.data.aws_iam_policy_document.irsa-proxy-role-trust-policy",
            "module.irsa_workload_role1.aws_iam_role.irsa-workload-role",
            "module.irsa_workload_role1.data.aws_iam_policy_document.workload-role-trust-policy"
          ]
        }
      ]
    },
    {
      "mode": "managed",
      "type": "aws_iam_role_policy_attachment",
      "name": "irsa-workload-2",
      "provider": "provider[\"registry.terraform.io/hashicorp/aws\"].asset-acct",
      "instances": [
        {
          "schema_version": 0,
          "attributes": {
            "id": "sw-domino-project2-role-20231109180108724900000004",
            "policy_arn": "arn:aws:iam::946429944765:policy/sw-domino-project2-policy",
            "role": "sw-domino-project2-role"
          },
          "sensitive_attributes": [],
          "private": "bnVsbA==",
          "dependencies": [
            "aws_iam_policy.irsa-workload-2-policy",
            "data.aws_iam_policy_document.workload-2-policy",
            "module.irsa_proxy_role2.aws_iam_policy.domino-irsa-proxy-policy",
            "module.irsa_proxy_role2.aws_iam_role.domino-irsa-proxy",
            "module.irsa_proxy_role2.aws_iam_role_policy_attachment.domino-irsa-proxy",
            "module.irsa_proxy_role2.data.aws_caller_identity.current",
            "module.irsa_proxy_role2.data.aws_eks_cluster.domino-cluster",
            "module.irsa_proxy_role2.data.aws_iam_openid_connect_provider.domino-cluster-provider",
            "module.irsa_proxy_role2.data.aws_iam_policy_document.domino-irsa-proxy-policy",
            "module.irsa_proxy_role2.data.aws_iam_policy_document.irsa-proxy-role-trust-policy",
            "module.irsa_workload_role2.aws_iam_role.irsa-workload-role",
            "module.irsa_workload_role2.data.aws_iam_policy_document.workload-role-trust-policy"
          ]
        }
      ]
    },
    {
      "mode": "managed",
      "type": "aws_iam_role_policy_attachment",
      "name": "irsa-workload-3",
      "provider": "provider[\"registry.terraform.io/hashicorp/aws\"].asset-acct",
      "instances": [
        {
          "schema_version": 0,
          "attributes": {
            "id": "sw-domino-project3-role-20231109180106583600000002",
            "policy_arn": "arn:aws:iam::946429944765:policy/sw-domino-project3-policy",
            "role": "sw-domino-project3-role"
          },
          "sensitive_attributes": [],
          "private": "bnVsbA==",
          "dependencies": [
            "aws_iam_policy.irsa-workload-3-policy",
            "data.aws_iam_policy_document.workload-3-policy",
            "module.irsa_proxy_role2.aws_iam_policy.domino-irsa-proxy-policy",
            "module.irsa_proxy_role2.aws_iam_role.domino-irsa-proxy",
            "module.irsa_proxy_role2.aws_iam_role_policy_attachment.domino-irsa-proxy",
            "module.irsa_proxy_role2.data.aws_caller_identity.current",
            "module.irsa_proxy_role2.data.aws_eks_cluster.domino-cluster",
            "module.irsa_proxy_role2.data.aws_iam_openid_connect_provider.domino-cluster-provider",
            "module.irsa_proxy_role2.data.aws_iam_policy_document.domino-irsa-proxy-policy",
            "module.irsa_proxy_role2.data.aws_iam_policy_document.irsa-proxy-role-trust-policy",
            "module.irsa_workload_role3.aws_iam_role.irsa-workload-role",
            "module.irsa_workload_role3.data.aws_iam_policy_document.workload-role-trust-policy"
          ]
        }
      ]
    },
    {
      "mode": "managed",
      "type": "aws_iam_role_policy_attachment",
      "name": "irsa-workload-4",
      "provider": "provider[\"registry.terraform.io/hashicorp/aws\"].asset-acct",
      "instances": [
        {
          "schema_version": 0,
          "attributes": {
            "id": "sw-domino-project4-role-20231109180106523700000001",
            "policy_arn": "arn:aws:iam::946429944765:policy/sw-domino-project4-policy",
            "role": "sw-domino-project4-role"
          },
          "sensitive_attributes": [],
          "private": "bnVsbA==",
          "dependencies": [
            "aws_iam_policy.irsa-workload-4-policy",
            "data.aws_iam_policy_document.workload-4-policy",
            "module.irsa_proxy_role2.aws_iam_policy.domino-irsa-proxy-policy",
            "module.irsa_proxy_role2.aws_iam_role.domino-irsa-proxy",
            "module.irsa_proxy_role2.aws_iam_role_policy_attachment.domino-irsa-proxy",
            "module.irsa_proxy_role2.data.aws_caller_identity.current",
            "module.irsa_proxy_role2.data.aws_eks_cluster.domino-cluster",
            "module.irsa_proxy_role2.data.aws_iam_openid_connect_provider.domino-cluster-provider",
            "module.irsa_proxy_role2.data.aws_iam_policy_document.domino-irsa-proxy-policy",
            "module.irsa_proxy_role2.data.aws_iam_policy_document.irsa-proxy-role-trust-policy",
            "module.irsa_workload_role4.aws_iam_role.irsa-workload-role",
            "module.irsa_workload_role4.data.aws_iam_policy_document.workload-role-trust-policy"
          ]
        }
      ]
    },
    {
      "module": "module.irsa_proxy_role1[0]",
      "mode": "data",
      "type": "aws_caller_identity",
      "name": "current",
      "provider": "provider[\"registry.terraform.io/hashicorp/aws\"]",
      "instances": [
        {
          "schema_version": 0,
          "attributes": {
            "account_id": "946429944765",
            "arn": "arn:aws:iam::946429944765:user/sameer.wadkar",
            "id": "946429944765",
            "user_id": "AIDA5YW464O65RDLJEBJ4"
          },
          "sensitive_attributes": []
        }
      ]
    },
    {
      "module": "module.irsa_proxy_role1[0]",
      "mode": "data",
      "type": "aws_eks_cluster",
      "name": "domino-cluster",
      "provider": "provider[\"registry.terraform.io/hashicorp/aws\"]",
      "instances": [
        {
          "schema_version": 0,
          "attributes": {
            "arn": "arn:aws:eks:us-west-2:946429944765:cluster/marcdo27843",
            "certificate_authority": [
              {
                "data": "LS0tLS1CRUdJTiBDRVJUSUZJQ0FURS0tLS0tCk1JSURCVENDQWUyZ0F3SUJBZ0lJUWVRc2tZdGgwWjB3RFFZSktvWklodmNOQVFFTEJRQXdGVEVUTUJFR0ExVUUKQXhNS2EzVmlaWEp1WlhSbGN6QWVGdzB5TXpFeE1EZ3hPVE0xTVRkYUZ3MHpNekV4TURVeE9UUXdNVGRhTUJVeApFekFSQmdOVkJBTVRDbXQxWW1WeWJtVjBaWE13Z2dFaU1BMEdDU3FHU0liM0RRRUJBUVVBQTRJQkR3QXdnZ0VLCkFvSUJBUURSY01IZm5RWXVIaFEzRDJQdGtTaDBqL0NnRWM0UjIxQ0ljR2NPT3c2VmRqYjBUTEN0Z2Y4TmxSNWkKeXd5djV0ZndKVWdMTHgxRTdwMkl3Qzkyb01DbEdJMkZvTTh6MGxMS3Bma1pCalFpNEFmUDZzLzFjK1ZqTVZ3cQpiQW5hYnNBWU5lYmlxckd4UHN6NjAzWlo0dGg2ZCtjVEM4ZFp0N2dmajZlaHpsanVZRlNJNk5KYncwcFZWKzhiClJybWRXblBHdzc5YldGMHdzaTdNVHQ4eUZIeE81SDhlT0dBdFp4ZFlEZURrSStmWTVncGZBdk55cSttOFpPOVMKckRnczZCV1l0dUdYbXp0dVFYaUZzd0FTdHFOWXNCTk1LcHMraVBJMmtZYjR5c0VTY3BqejZvak9MYzgxNGtERwpYT01HbkExRkJUazM3Z0szNjJueGRLOElDUkdCQWdNQkFBR2pXVEJYTUE0R0ExVWREd0VCL3dRRUF3SUNwREFQCkJnTlZIUk1CQWY4RUJUQURBUUgvTUIwR0ExVWREZ1FXQkJTZXE0eUZlV3Z3c3RTeVhMN2ptVTJZZ1V2SXJqQVYKQmdOVkhSRUVEakFNZ2dwcmRXSmxjbTVsZEdWek1BMEdDU3FHU0liM0RRRUJDd1VBQTRJQkFRQ1BZMXA3TkRWZgpWM3pjKzhLby9aelAwMGZBcm5zLzdTdkZ5ZmZHZmRHREtuTlhTeGhsWlVTQit2UmQ3bDkvMlBhUksxT3h1bkpxCjJ0Ni95K2JoYWJqWmQyNTJSdkFxSWhtQkcvbjk1aVNSVngwVFFjTnNxdEw4K05rNXpYRElxdlVOYUlyR0dieHUKUUFWT2xwdzZwQnY5SDIvc0lDK0tQWmduaytzaXRwekJHc3VmZW81M3dhZXJTdW1LbU5COVk4TjlkQUtJTTZ3RQpQTVorcXRuWDFNYnRYUEgyb1Y4NjBleUFPRXRFR0EwU1VkL3RwSTV3WkJqWXlNc2U0MUppbjJxNnZDQ0N6TStTCnRPRUlTMnRXRjdNcHRhVlhPY0RMSko5NWp2bWJmaTdwcXllaEVoR2l4dWVzTzBEZVdoK2U3SnNncG5zTW4xT1AKUHdNSkhTaW1XOFdJCi0tLS0tRU5EIENFUlRJRklDQVRFLS0tLS0K"
              }
            ],
            "cluster_id": null,
            "created_at": "2023-11-08 19:36:19.552 +0000 UTC",
            "enabled_cluster_log_types": [
              "api",
              "audit",
              "authenticator",
              "controllerManager",
              "scheduler"
            ],
            "endpoint": "https://C7F107CAE94B194C9AF67A09A84B878B.gr7.us-west-2.eks.amazonaws.com",
            "id": "marcdo27843",
            "identity": [
              {
                "oidc": [
                  {
                    "issuer": "https://oidc.eks.us-west-2.amazonaws.com/id/C7F107CAE94B194C9AF67A09A84B878B"
                  }
                ]
              }
            ],
            "kubernetes_network_config": [
              {
                "ip_family": "ipv4",
                "service_ipv4_cidr": "172.20.0.0/16",
                "service_ipv6_cidr": ""
              }
            ],
            "name": "marcdo27843",
            "outpost_config": [],
            "platform_version": "eks.7",
            "role_arn": "arn:aws:iam::946429944765:role/marcdo27843-eks",
            "status": "ACTIVE",
            "tags": {
              "artifacts_image_tag": "dummy",
              "build_timestamp": "2023-11-08T19:31:15.643710",
              "deploy_id": "marcdo27843",
              "deploy_tag": "v65",
              "deploy_type": "prod-aws-eks",
              "infosec_classification": "sensitive",
              "user_email": "marc.doan@dominodatalab.com"
            },
            "version": "1.27",
            "vpc_config": [
              {
                "cluster_security_group_id": "sg-02afa89f4a7595187",
                "endpoint_private_access": true,
                "endpoint_public_access": false,
                "public_access_cidrs": [],
                "security_group_ids": [
                  "sg-0bd96def60190e10d"
                ],
                "subnet_ids": [
                  "subnet-0351e4e2906cfc9b1",
                  "subnet-03be079b2a3000750",
                  "subnet-068ea140cf8d2a54f"
                ],
                "vpc_id": "vpc-0763dc23fae319178"
              }
            ]
          },
          "sensitive_attributes": []
        }
      ]
    },
    {
      "module": "module.irsa_proxy_role1[0]",
      "mode": "data",
      "type": "aws_iam_openid_connect_provider",
      "name": "domino-cluster-provider",
      "provider": "provider[\"registry.terraform.io/hashicorp/aws\"]",
      "instances": [
        {
          "schema_version": 0,
          "attributes": {
            "arn": "arn:aws:iam::946429944765:oidc-provider/oidc.eks.us-west-2.amazonaws.com/id/C7F107CAE94B194C9AF67A09A84B878B",
            "client_id_list": [
              "sts.amazonaws.com"
            ],
            "id": "arn:aws:iam::946429944765:oidc-provider/oidc.eks.us-west-2.amazonaws.com/id/C7F107CAE94B194C9AF67A09A84B878B",
            "tags": {
              "artifacts_image_tag": "dummy",
              "build_timestamp": "2023-11-08T19:31:15.643710",
              "deploy_id": "marcdo27843",
              "deploy_tag": "v65",
              "deploy_type": "prod-aws-eks",
              "infosec_classification": "sensitive",
              "user_email": "marc.doan@dominodatalab.com"
            },
            "thumbprint_list": [
              "9e99a48a9960b14926bb7f3b02e22da2b0ab7280",
              "06b25927c42a721631c1efd9431e648fa62e1e39",
              "2ad974a775f73cbdbbd8f5ac3a49255fa8fb1f8c",
              "e1d31a1f94725daaef02dcf1c1bb0ff4a28a6060"
            ],
            "url": "oidc.eks.us-west-2.amazonaws.com/id/C7F107CAE94B194C9AF67A09A84B878B"
          },
          "sensitive_attributes": []
        }
      ]
    },
    {
      "module": "module.irsa_proxy_role1[0]",
      "mode": "data",
      "type": "aws_iam_policy_document",
      "name": "domino-irsa-proxy-policy",
      "provider": "provider[\"registry.terraform.io/hashicorp/aws\"]",
      "instances": [
        {
          "schema_version": 0,
          "attributes": {
            "id": "4290911683",
            "json": "{\n  \"Version\": \"2012-10-17\",\n  \"Statement\": [\n    {\n      \"Effect\": \"Allow\",\n      \"Action\": \"sts:AssumeRole\",\n      \"Resource\": \"arn:aws:iam::946429944765:role/sw-domino-project1-role\"\n    }\n  ]\n}",
            "override_policy_documents": null,
            "policy_id": null,
            "source_policy_documents": null,
            "statement": [
              {
                "actions": [
                  "sts:AssumeRole"
                ],
                "condition": [],
                "effect": "Allow",
                "not_actions": [],
                "not_principals": [],
                "not_resources": [],
                "principals": [],
                "resources": [
                  "arn:aws:iam::946429944765:role/sw-domino-project1-role"
                ],
                "sid": ""
              }
            ],
            "version": "2012-10-17"
          },
          "sensitive_attributes": []
        }
      ]
    },
    {
      "module": "module.irsa_proxy_role1[0]",
      "mode": "data",
      "type": "aws_iam_policy_document",
      "name": "irsa-proxy-role-trust-policy",
      "provider": "provider[\"registry.terraform.io/hashicorp/aws\"]",
      "instances": [
        {
          "schema_version": 0,
          "attributes": {
            "id": "3955801978",
            "json": "{\n  \"Version\": \"2012-10-17\",\n  \"Statement\": [\n    {\n      \"Effect\": \"Allow\",\n      \"Action\": \"sts:AssumeRoleWithWebIdentity\",\n      \"Principal\": {\n        \"Federated\": \"arn:aws:iam::946429944765:oidc-provider/oidc.eks.us-west-2.amazonaws.com/id/C7F107CAE94B194C9AF67A09A84B878B\"\n      },\n      \"Condition\": {\n        \"StringLike\": {\n          \"oidc.eks.us-west-2.amazonaws.com/id/C7F107CAE94B194C9AF67A09A84B878B:sub\": \"\"\n        }\n      }\n    }\n  ]\n}",
            "override_policy_documents": null,
            "policy_id": null,
            "source_policy_documents": null,
            "statement": [
              {
                "actions": [
                  "sts:AssumeRoleWithWebIdentity"
                ],
                "condition": [
                  {
                    "test": "StringLike",
                    "values": [
                      ""
                    ],
                    "variable": "oidc.eks.us-west-2.amazonaws.com/id/C7F107CAE94B194C9AF67A09A84B878B:sub"
                  }
                ],
                "effect": "Allow",
                "not_actions": [],
                "not_principals": [],
                "not_resources": [],
                "principals": [
                  {
                    "identifiers": [
                      "arn:aws:iam::946429944765:oidc-provider/oidc.eks.us-west-2.amazonaws.com/id/C7F107CAE94B194C9AF67A09A84B878B"
                    ],
                    "type": "Federated"
                  }
                ],
                "resources": [],
                "sid": ""
              }
            ],
            "version": "2012-10-17"
          },
          "sensitive_attributes": []
        }
      ]
    },
    {
      "module": "module.irsa_proxy_role1[0]",
      "mode": "managed",
      "type": "aws_iam_policy",
      "name": "domino-irsa-proxy-policy",
      "provider": "provider[\"registry.terraform.io/hashicorp/aws\"]",
      "instances": [
        {
          "schema_version": 0,
          "attributes": {
            "arn": "arn:aws:iam::946429944765:policy/sw-domino-proxy-project1-role-1-policy",
            "description": "",
            "id": "arn:aws:iam::946429944765:policy/sw-domino-proxy-project1-role-1-policy",
            "name": "sw-domino-proxy-project1-role-1-policy",
            "name_prefix": "",
            "path": "/",
            "policy": "{\"Statement\":[{\"Action\":\"sts:AssumeRole\",\"Effect\":\"Allow\",\"Resource\":\"arn:aws:iam::946429944765:role/sw-domino-project1-role\"}],\"Version\":\"2012-10-17\"}",
            "policy_id": "ANPA5YW464O64HCL5QUAL",
            "tags": {},
            "tags_all": {}
          },
          "sensitive_attributes": [],
          "private": "bnVsbA==",
          "dependencies": [
            "module.irsa_proxy_role1.data.aws_caller_identity.current",
            "module.irsa_proxy_role1.data.aws_iam_policy_document.domino-irsa-proxy-policy"
          ]
        }
      ]
    },
    {
      "module": "module.irsa_proxy_role1[0]",
      "mode": "managed",
      "type": "aws_iam_role",
      "name": "domino-irsa-proxy",
      "provider": "provider[\"registry.terraform.io/hashicorp/aws\"]",
      "instances": [
        {
          "schema_version": 0,
          "attributes": {
            "arn": "arn:aws:iam::946429944765:role/sw-domino-proxy-project1-role-1",
            "assume_role_policy": "{\"Statement\":[{\"Action\":\"sts:AssumeRoleWithWebIdentity\",\"Condition\":{\"StringLike\":{\"oidc.eks.us-west-2.amazonaws.com/id/C7F107CAE94B194C9AF67A09A84B878B:sub\":\"\"}},\"Effect\":\"Allow\",\"Principal\":{\"Federated\":\"arn:aws:iam::946429944765:oidc-provider/oidc.eks.us-west-2.amazonaws.com/id/C7F107CAE94B194C9AF67A09A84B878B\"}}],\"Version\":\"2012-10-17\"}",
            "create_date": "2023-11-09T18:00:56Z",
            "description": "",
            "force_detach_policies": false,
            "id": "sw-domino-proxy-project1-role-1",
            "inline_policy": [],
            "managed_policy_arns": [
              "arn:aws:iam::946429944765:policy/sw-domino-proxy-project1-role-1-policy"
            ],
            "max_session_duration": 3600,
            "name": "sw-domino-proxy-project1-role-1",
            "name_prefix": "",
            "path": "/",
            "permissions_boundary": "",
            "tags": {},
            "tags_all": {},
            "unique_id": "AROA5YW464O6UP7F6GJU7"
          },
          "sensitive_attributes": [],
          "private": "bnVsbA==",
          "dependencies": [
            "module.irsa_proxy_role1.data.aws_iam_policy_document.irsa-proxy-role-trust-policy"
          ]
        }
      ]
    },
    {
      "module": "module.irsa_proxy_role1[0]",
      "mode": "managed",
      "type": "aws_iam_role_policy_attachment",
      "name": "domino-irsa-proxy",
      "provider": "provider[\"registry.terraform.io/hashicorp/aws\"]",
      "instances": [
        {
          "schema_version": 0,
          "attributes": {
            "id": "sw-domino-proxy-project1-role-1-20231109180056912900000004",
            "policy_arn": "arn:aws:iam::946429944765:policy/sw-domino-proxy-project1-role-1-policy",
            "role": "sw-domino-proxy-project1-role-1"
          },
          "sensitive_attributes": [],
          "private": "bnVsbA==",
          "dependencies": [
            "module.irsa_proxy_role1.aws_iam_policy.domino-irsa-proxy-policy",
            "module.irsa_proxy_role1.aws_iam_role.domino-irsa-proxy",
            "module.irsa_proxy_role1.data.aws_caller_identity.current",
            "module.irsa_proxy_role1.data.aws_eks_cluster.domino-cluster",
            "module.irsa_proxy_role1.data.aws_iam_openid_connect_provider.domino-cluster-provider",
            "module.irsa_proxy_role1.data.aws_iam_policy_document.domino-irsa-proxy-policy",
            "module.irsa_proxy_role1.data.aws_iam_policy_document.irsa-proxy-role-trust-policy"
          ]
        }
      ]
    },
    {
      "module": "module.irsa_proxy_role2[0]",
      "mode": "data",
      "type": "aws_caller_identity",
      "name": "current",
      "provider": "provider[\"registry.terraform.io/hashicorp/aws\"]",
      "instances": [
        {
          "schema_version": 0,
          "attributes": {
            "account_id": "946429944765",
            "arn": "arn:aws:iam::946429944765:user/sameer.wadkar",
            "id": "946429944765",
            "user_id": "AIDA5YW464O65RDLJEBJ4"
          },
          "sensitive_attributes": []
        }
      ]
    },
    {
      "module": "module.irsa_proxy_role2[0]",
      "mode": "data",
      "type": "aws_eks_cluster",
      "name": "domino-cluster",
      "provider": "provider[\"registry.terraform.io/hashicorp/aws\"]",
      "instances": [
        {
          "schema_version": 0,
          "attributes": {
            "arn": "arn:aws:eks:us-west-2:946429944765:cluster/marcdo27843",
            "certificate_authority": [
              {
                "data": "LS0tLS1CRUdJTiBDRVJUSUZJQ0FURS0tLS0tCk1JSURCVENDQWUyZ0F3SUJBZ0lJUWVRc2tZdGgwWjB3RFFZSktvWklodmNOQVFFTEJRQXdGVEVUTUJFR0ExVUUKQXhNS2EzVmlaWEp1WlhSbGN6QWVGdzB5TXpFeE1EZ3hPVE0xTVRkYUZ3MHpNekV4TURVeE9UUXdNVGRhTUJVeApFekFSQmdOVkJBTVRDbXQxWW1WeWJtVjBaWE13Z2dFaU1BMEdDU3FHU0liM0RRRUJBUVVBQTRJQkR3QXdnZ0VLCkFvSUJBUURSY01IZm5RWXVIaFEzRDJQdGtTaDBqL0NnRWM0UjIxQ0ljR2NPT3c2VmRqYjBUTEN0Z2Y4TmxSNWkKeXd5djV0ZndKVWdMTHgxRTdwMkl3Qzkyb01DbEdJMkZvTTh6MGxMS3Bma1pCalFpNEFmUDZzLzFjK1ZqTVZ3cQpiQW5hYnNBWU5lYmlxckd4UHN6NjAzWlo0dGg2ZCtjVEM4ZFp0N2dmajZlaHpsanVZRlNJNk5KYncwcFZWKzhiClJybWRXblBHdzc5YldGMHdzaTdNVHQ4eUZIeE81SDhlT0dBdFp4ZFlEZURrSStmWTVncGZBdk55cSttOFpPOVMKckRnczZCV1l0dUdYbXp0dVFYaUZzd0FTdHFOWXNCTk1LcHMraVBJMmtZYjR5c0VTY3BqejZvak9MYzgxNGtERwpYT01HbkExRkJUazM3Z0szNjJueGRLOElDUkdCQWdNQkFBR2pXVEJYTUE0R0ExVWREd0VCL3dRRUF3SUNwREFQCkJnTlZIUk1CQWY4RUJUQURBUUgvTUIwR0ExVWREZ1FXQkJTZXE0eUZlV3Z3c3RTeVhMN2ptVTJZZ1V2SXJqQVYKQmdOVkhSRUVEakFNZ2dwcmRXSmxjbTVsZEdWek1BMEdDU3FHU0liM0RRRUJDd1VBQTRJQkFRQ1BZMXA3TkRWZgpWM3pjKzhLby9aelAwMGZBcm5zLzdTdkZ5ZmZHZmRHREtuTlhTeGhsWlVTQit2UmQ3bDkvMlBhUksxT3h1bkpxCjJ0Ni95K2JoYWJqWmQyNTJSdkFxSWhtQkcvbjk1aVNSVngwVFFjTnNxdEw4K05rNXpYRElxdlVOYUlyR0dieHUKUUFWT2xwdzZwQnY5SDIvc0lDK0tQWmduaytzaXRwekJHc3VmZW81M3dhZXJTdW1LbU5COVk4TjlkQUtJTTZ3RQpQTVorcXRuWDFNYnRYUEgyb1Y4NjBleUFPRXRFR0EwU1VkL3RwSTV3WkJqWXlNc2U0MUppbjJxNnZDQ0N6TStTCnRPRUlTMnRXRjdNcHRhVlhPY0RMSko5NWp2bWJmaTdwcXllaEVoR2l4dWVzTzBEZVdoK2U3SnNncG5zTW4xT1AKUHdNSkhTaW1XOFdJCi0tLS0tRU5EIENFUlRJRklDQVRFLS0tLS0K"
              }
            ],
            "cluster_id": null,
            "created_at": "2023-11-08 19:36:19.552 +0000 UTC",
            "enabled_cluster_log_types": [
              "api",
              "audit",
              "authenticator",
              "controllerManager",
              "scheduler"
            ],
            "endpoint": "https://C7F107CAE94B194C9AF67A09A84B878B.gr7.us-west-2.eks.amazonaws.com",
            "id": "marcdo27843",
            "identity": [
              {
                "oidc": [
                  {
                    "issuer": "https://oidc.eks.us-west-2.amazonaws.com/id/C7F107CAE94B194C9AF67A09A84B878B"
                  }
                ]
              }
            ],
            "kubernetes_network_config": [
              {
                "ip_family": "ipv4",
                "service_ipv4_cidr": "172.20.0.0/16",
                "service_ipv6_cidr": ""
              }
            ],
            "name": "marcdo27843",
            "outpost_config": [],
            "platform_version": "eks.7",
            "role_arn": "arn:aws:iam::946429944765:role/marcdo27843-eks",
            "status": "ACTIVE",
            "tags": {
              "artifacts_image_tag": "dummy",
              "build_timestamp": "2023-11-08T19:31:15.643710",
              "deploy_id": "marcdo27843",
              "deploy_tag": "v65",
              "deploy_type": "prod-aws-eks",
              "infosec_classification": "sensitive",
              "user_email": "marc.doan@dominodatalab.com"
            },
            "version": "1.27",
            "vpc_config": [
              {
                "cluster_security_group_id": "sg-02afa89f4a7595187",
                "endpoint_private_access": true,
                "endpoint_public_access": false,
                "public_access_cidrs": [],
                "security_group_ids": [
                  "sg-0bd96def60190e10d"
                ],
                "subnet_ids": [
                  "subnet-0351e4e2906cfc9b1",
                  "subnet-03be079b2a3000750",
                  "subnet-068ea140cf8d2a54f"
                ],
                "vpc_id": "vpc-0763dc23fae319178"
              }
            ]
          },
          "sensitive_attributes": []
        }
      ]
    },
    {
      "module": "module.irsa_proxy_role2[0]",
      "mode": "data",
      "type": "aws_iam_openid_connect_provider",
      "name": "domino-cluster-provider",
      "provider": "provider[\"registry.terraform.io/hashicorp/aws\"]",
      "instances": [
        {
          "schema_version": 0,
          "attributes": {
            "arn": "arn:aws:iam::946429944765:oidc-provider/oidc.eks.us-west-2.amazonaws.com/id/C7F107CAE94B194C9AF67A09A84B878B",
            "client_id_list": [
              "sts.amazonaws.com"
            ],
            "id": "arn:aws:iam::946429944765:oidc-provider/oidc.eks.us-west-2.amazonaws.com/id/C7F107CAE94B194C9AF67A09A84B878B",
            "tags": {
              "artifacts_image_tag": "dummy",
              "build_timestamp": "2023-11-08T19:31:15.643710",
              "deploy_id": "marcdo27843",
              "deploy_tag": "v65",
              "deploy_type": "prod-aws-eks",
              "infosec_classification": "sensitive",
              "user_email": "marc.doan@dominodatalab.com"
            },
            "thumbprint_list": [
              "9e99a48a9960b14926bb7f3b02e22da2b0ab7280",
              "06b25927c42a721631c1efd9431e648fa62e1e39",
              "2ad974a775f73cbdbbd8f5ac3a49255fa8fb1f8c",
              "e1d31a1f94725daaef02dcf1c1bb0ff4a28a6060"
            ],
            "url": "oidc.eks.us-west-2.amazonaws.com/id/C7F107CAE94B194C9AF67A09A84B878B"
          },
          "sensitive_attributes": []
        }
      ]
    },
    {
      "module": "module.irsa_proxy_role2[0]",
      "mode": "data",
      "type": "aws_iam_policy_document",
      "name": "domino-irsa-proxy-policy",
      "provider": "provider[\"registry.terraform.io/hashicorp/aws\"]",
      "instances": [
        {
          "schema_version": 0,
          "attributes": {
            "id": "1553242986",
            "json": "{\n  \"Version\": \"2012-10-17\",\n  \"Statement\": [\n    {\n      \"Effect\": \"Allow\",\n      \"Action\": \"sts:AssumeRole\",\n      \"Resource\": \"arn:aws:iam::946429944765:role/sw-domino-project2-role\"\n    }\n  ]\n}",
            "override_policy_documents": null,
            "policy_id": null,
            "source_policy_documents": null,
            "statement": [
              {
                "actions": [
                  "sts:AssumeRole"
                ],
                "condition": [],
                "effect": "Allow",
                "not_actions": [],
                "not_principals": [],
                "not_resources": [],
                "principals": [],
                "resources": [
                  "arn:aws:iam::946429944765:role/sw-domino-project2-role"
                ],
                "sid": ""
              }
            ],
            "version": "2012-10-17"
          },
          "sensitive_attributes": []
        }
      ]
    },
    {
      "module": "module.irsa_proxy_role2[0]",
      "mode": "data",
      "type": "aws_iam_policy_document",
      "name": "irsa-proxy-role-trust-policy",
      "provider": "provider[\"registry.terraform.io/hashicorp/aws\"]",
      "instances": [
        {
          "schema_version": 0,
          "attributes": {
            "id": "3955801978",
            "json": "{\n  \"Version\": \"2012-10-17\",\n  \"Statement\": [\n    {\n      \"Effect\": \"Allow\",\n      \"Action\": \"sts:AssumeRoleWithWebIdentity\",\n      \"Principal\": {\n        \"Federated\": \"arn:aws:iam::946429944765:oidc-provider/oidc.eks.us-west-2.amazonaws.com/id/C7F107CAE94B194C9AF67A09A84B878B\"\n      },\n      \"Condition\": {\n        \"StringLike\": {\n          \"oidc.eks.us-west-2.amazonaws.com/id/C7F107CAE94B194C9AF67A09A84B878B:sub\": \"\"\n        }\n      }\n    }\n  ]\n}",
            "override_policy_documents": null,
            "policy_id": null,
            "source_policy_documents": null,
            "statement": [
              {
                "actions": [
                  "sts:AssumeRoleWithWebIdentity"
                ],
                "condition": [
                  {
                    "test": "StringLike",
                    "values": [
                      ""
                    ],
                    "variable": "oidc.eks.us-west-2.amazonaws.com/id/C7F107CAE94B194C9AF67A09A84B878B:sub"
                  }
                ],
                "effect": "Allow",
                "not_actions": [],
                "not_principals": [],
                "not_resources": [],
                "principals": [
                  {
                    "identifiers": [
                      "arn:aws:iam::946429944765:oidc-provider/oidc.eks.us-west-2.amazonaws.com/id/C7F107CAE94B194C9AF67A09A84B878B"
                    ],
                    "type": "Federated"
                  }
                ],
                "resources": [],
                "sid": ""
              }
            ],
            "version": "2012-10-17"
          },
          "sensitive_attributes": []
        }
      ]
    },
    {
      "module": "module.irsa_proxy_role2[0]",
      "mode": "managed",
      "type": "aws_iam_policy",
      "name": "domino-irsa-proxy-policy",
      "provider": "provider[\"registry.terraform.io/hashicorp/aws\"]",
      "instances": [
        {
          "schema_version": 0,
          "attributes": {
            "arn": "arn:aws:iam::946429944765:policy/sw-domino-proxy-project2-role-1-policy",
            "description": "",
            "id": "arn:aws:iam::946429944765:policy/sw-domino-proxy-project2-role-1-policy",
            "name": "sw-domino-proxy-project2-role-1-policy",
            "name_prefix": "",
            "path": "/",
            "policy": "{\"Statement\":[{\"Action\":\"sts:AssumeRole\",\"Effect\":\"Allow\",\"Resource\":\"arn:aws:iam::946429944765:role/sw-domino-project2-role\"}],\"Version\":\"2012-10-17\"}",
            "policy_id": "ANPA5YW464O67EE7456QJ",
            "tags": {},
            "tags_all": {}
          },
          "sensitive_attributes": [],
          "private": "bnVsbA==",
          "dependencies": [
            "module.irsa_proxy_role2.data.aws_caller_identity.current",
            "module.irsa_proxy_role2.data.aws_iam_policy_document.domino-irsa-proxy-policy"
          ]
        }
      ]
    },
    {
      "module": "module.irsa_proxy_role2[0]",
      "mode": "managed",
      "type": "aws_iam_role",
      "name": "domino-irsa-proxy",
      "provider": "provider[\"registry.terraform.io/hashicorp/aws\"]",
      "instances": [
        {
          "schema_version": 0,
          "attributes": {
            "arn": "arn:aws:iam::946429944765:role/sw-domino-proxy-project2-role-1",
            "assume_role_policy": "{\"Statement\":[{\"Action\":\"sts:AssumeRoleWithWebIdentity\",\"Condition\":{\"StringLike\":{\"oidc.eks.us-west-2.amazonaws.com/id/C7F107CAE94B194C9AF67A09A84B878B:sub\":\"\"}},\"Effect\":\"Allow\",\"Principal\":{\"Federated\":\"arn:aws:iam::946429944765:oidc-provider/oidc.eks.us-west-2.amazonaws.com/id/C7F107CAE94B194C9AF67A09A84B878B\"}}],\"Version\":\"2012-10-17\"}",
            "create_date": "2023-11-09T18:00:56Z",
            "description": "",
            "force_detach_policies": false,
            "id": "sw-domino-proxy-project2-role-1",
            "inline_policy": [],
            "managed_policy_arns": [
              "arn:aws:iam::946429944765:policy/sw-domino-proxy-project2-role-1-policy"
            ],
            "max_session_duration": 3600,
            "name": "sw-domino-proxy-project2-role-1",
            "name_prefix": "",
            "path": "/",
            "permissions_boundary": "",
            "tags": {},
            "tags_all": {},
            "unique_id": "AROA5YW464O64VQ3LG7JP"
          },
          "sensitive_attributes": [],
          "private": "bnVsbA==",
          "dependencies": [
            "module.irsa_proxy_role2.data.aws_iam_policy_document.irsa-proxy-role-trust-policy"
          ]
        }
      ]
    },
    {
      "module": "module.irsa_proxy_role2[0]",
      "mode": "managed",
      "type": "aws_iam_role_policy_attachment",
      "name": "domino-irsa-proxy",
      "provider": "provider[\"registry.terraform.io/hashicorp/aws\"]",
      "instances": [
        {
          "schema_version": 0,
          "attributes": {
            "id": "sw-domino-proxy-project2-role-1-20231109180056896400000003",
            "policy_arn": "arn:aws:iam::946429944765:policy/sw-domino-proxy-project2-role-1-policy",
            "role": "sw-domino-proxy-project2-role-1"
          },
          "sensitive_attributes": [],
          "private": "bnVsbA==",
          "dependencies": [
            "module.irsa_proxy_role2.aws_iam_policy.domino-irsa-proxy-policy",
            "module.irsa_proxy_role2.aws_iam_role.domino-irsa-proxy",
            "module.irsa_proxy_role2.data.aws_caller_identity.current",
            "module.irsa_proxy_role2.data.aws_eks_cluster.domino-cluster",
            "module.irsa_proxy_role2.data.aws_iam_openid_connect_provider.domino-cluster-provider",
            "module.irsa_proxy_role2.data.aws_iam_policy_document.domino-irsa-proxy-policy",
            "module.irsa_proxy_role2.data.aws_iam_policy_document.irsa-proxy-role-trust-policy"
          ]
        }
      ]
    },
    {
      "module": "module.irsa_proxy_role3[0]",
      "mode": "data",
      "type": "aws_caller_identity",
      "name": "current",
      "provider": "provider[\"registry.terraform.io/hashicorp/aws\"]",
      "instances": [
        {
          "schema_version": 0,
          "attributes": {
            "account_id": "946429944765",
            "arn": "arn:aws:iam::946429944765:user/sameer.wadkar",
            "id": "946429944765",
            "user_id": "AIDA5YW464O65RDLJEBJ4"
          },
          "sensitive_attributes": []
        }
      ]
    },
    {
      "module": "module.irsa_proxy_role3[0]",
      "mode": "data",
      "type": "aws_eks_cluster",
      "name": "domino-cluster",
      "provider": "provider[\"registry.terraform.io/hashicorp/aws\"]",
      "instances": [
        {
          "schema_version": 0,
          "attributes": {
            "arn": "arn:aws:eks:us-west-2:946429944765:cluster/marcdo27843",
            "certificate_authority": [
              {
                "data": "LS0tLS1CRUdJTiBDRVJUSUZJQ0FURS0tLS0tCk1JSURCVENDQWUyZ0F3SUJBZ0lJUWVRc2tZdGgwWjB3RFFZSktvWklodmNOQVFFTEJRQXdGVEVUTUJFR0ExVUUKQXhNS2EzVmlaWEp1WlhSbGN6QWVGdzB5TXpFeE1EZ3hPVE0xTVRkYUZ3MHpNekV4TURVeE9UUXdNVGRhTUJVeApFekFSQmdOVkJBTVRDbXQxWW1WeWJtVjBaWE13Z2dFaU1BMEdDU3FHU0liM0RRRUJBUVVBQTRJQkR3QXdnZ0VLCkFvSUJBUURSY01IZm5RWXVIaFEzRDJQdGtTaDBqL0NnRWM0UjIxQ0ljR2NPT3c2VmRqYjBUTEN0Z2Y4TmxSNWkKeXd5djV0ZndKVWdMTHgxRTdwMkl3Qzkyb01DbEdJMkZvTTh6MGxMS3Bma1pCalFpNEFmUDZzLzFjK1ZqTVZ3cQpiQW5hYnNBWU5lYmlxckd4UHN6NjAzWlo0dGg2ZCtjVEM4ZFp0N2dmajZlaHpsanVZRlNJNk5KYncwcFZWKzhiClJybWRXblBHdzc5YldGMHdzaTdNVHQ4eUZIeE81SDhlT0dBdFp4ZFlEZURrSStmWTVncGZBdk55cSttOFpPOVMKckRnczZCV1l0dUdYbXp0dVFYaUZzd0FTdHFOWXNCTk1LcHMraVBJMmtZYjR5c0VTY3BqejZvak9MYzgxNGtERwpYT01HbkExRkJUazM3Z0szNjJueGRLOElDUkdCQWdNQkFBR2pXVEJYTUE0R0ExVWREd0VCL3dRRUF3SUNwREFQCkJnTlZIUk1CQWY4RUJUQURBUUgvTUIwR0ExVWREZ1FXQkJTZXE0eUZlV3Z3c3RTeVhMN2ptVTJZZ1V2SXJqQVYKQmdOVkhSRUVEakFNZ2dwcmRXSmxjbTVsZEdWek1BMEdDU3FHU0liM0RRRUJDd1VBQTRJQkFRQ1BZMXA3TkRWZgpWM3pjKzhLby9aelAwMGZBcm5zLzdTdkZ5ZmZHZmRHREtuTlhTeGhsWlVTQit2UmQ3bDkvMlBhUksxT3h1bkpxCjJ0Ni95K2JoYWJqWmQyNTJSdkFxSWhtQkcvbjk1aVNSVngwVFFjTnNxdEw4K05rNXpYRElxdlVOYUlyR0dieHUKUUFWT2xwdzZwQnY5SDIvc0lDK0tQWmduaytzaXRwekJHc3VmZW81M3dhZXJTdW1LbU5COVk4TjlkQUtJTTZ3RQpQTVorcXRuWDFNYnRYUEgyb1Y4NjBleUFPRXRFR0EwU1VkL3RwSTV3WkJqWXlNc2U0MUppbjJxNnZDQ0N6TStTCnRPRUlTMnRXRjdNcHRhVlhPY0RMSko5NWp2bWJmaTdwcXllaEVoR2l4dWVzTzBEZVdoK2U3SnNncG5zTW4xT1AKUHdNSkhTaW1XOFdJCi0tLS0tRU5EIENFUlRJRklDQVRFLS0tLS0K"
              }
            ],
            "cluster_id": null,
            "created_at": "2023-11-08 19:36:19.552 +0000 UTC",
            "enabled_cluster_log_types": [
              "api",
              "audit",
              "authenticator",
              "controllerManager",
              "scheduler"
            ],
            "endpoint": "https://C7F107CAE94B194C9AF67A09A84B878B.gr7.us-west-2.eks.amazonaws.com",
            "id": "marcdo27843",
            "identity": [
              {
                "oidc": [
                  {
                    "issuer": "https://oidc.eks.us-west-2.amazonaws.com/id/C7F107CAE94B194C9AF67A09A84B878B"
                  }
                ]
              }
            ],
            "kubernetes_network_config": [
              {
                "ip_family": "ipv4",
                "service_ipv4_cidr": "172.20.0.0/16",
                "service_ipv6_cidr": ""
              }
            ],
            "name": "marcdo27843",
            "outpost_config": [],
            "platform_version": "eks.7",
            "role_arn": "arn:aws:iam::946429944765:role/marcdo27843-eks",
            "status": "ACTIVE",
            "tags": {
              "artifacts_image_tag": "dummy",
              "build_timestamp": "2023-11-08T19:31:15.643710",
              "deploy_id": "marcdo27843",
              "deploy_tag": "v65",
              "deploy_type": "prod-aws-eks",
              "infosec_classification": "sensitive",
              "user_email": "marc.doan@dominodatalab.com"
            },
            "version": "1.27",
            "vpc_config": [
              {
                "cluster_security_group_id": "sg-02afa89f4a7595187",
                "endpoint_private_access": true,
                "endpoint_public_access": false,
                "public_access_cidrs": [],
                "security_group_ids": [
                  "sg-0bd96def60190e10d"
                ],
                "subnet_ids": [
                  "subnet-0351e4e2906cfc9b1",
                  "subnet-03be079b2a3000750",
                  "subnet-068ea140cf8d2a54f"
                ],
                "vpc_id": "vpc-0763dc23fae319178"
              }
            ]
          },
          "sensitive_attributes": []
        }
      ]
    },
    {
      "module": "module.irsa_proxy_role3[0]",
      "mode": "data",
      "type": "aws_iam_openid_connect_provider",
      "name": "domino-cluster-provider",
      "provider": "provider[\"registry.terraform.io/hashicorp/aws\"]",
      "instances": [
        {
          "schema_version": 0,
          "attributes": {
            "arn": "arn:aws:iam::946429944765:oidc-provider/oidc.eks.us-west-2.amazonaws.com/id/C7F107CAE94B194C9AF67A09A84B878B",
            "client_id_list": [
              "sts.amazonaws.com"
            ],
            "id": "arn:aws:iam::946429944765:oidc-provider/oidc.eks.us-west-2.amazonaws.com/id/C7F107CAE94B194C9AF67A09A84B878B",
            "tags": {
              "artifacts_image_tag": "dummy",
              "build_timestamp": "2023-11-08T19:31:15.643710",
              "deploy_id": "marcdo27843",
              "deploy_tag": "v65",
              "deploy_type": "prod-aws-eks",
              "infosec_classification": "sensitive",
              "user_email": "marc.doan@dominodatalab.com"
            },
            "thumbprint_list": [
              "9e99a48a9960b14926bb7f3b02e22da2b0ab7280",
              "06b25927c42a721631c1efd9431e648fa62e1e39",
              "2ad974a775f73cbdbbd8f5ac3a49255fa8fb1f8c",
              "e1d31a1f94725daaef02dcf1c1bb0ff4a28a6060"
            ],
            "url": "oidc.eks.us-west-2.amazonaws.com/id/C7F107CAE94B194C9AF67A09A84B878B"
          },
          "sensitive_attributes": []
        }
      ]
    },
    {
      "module": "module.irsa_proxy_role3[0]",
      "mode": "data",
      "type": "aws_iam_policy_document",
      "name": "domino-irsa-proxy-policy",
      "provider": "provider[\"registry.terraform.io/hashicorp/aws\"]",
      "instances": [
        {
          "schema_version": 0,
          "attributes": {
            "id": "2339773234",
            "json": "{\n  \"Version\": \"2012-10-17\",\n  \"Statement\": [\n    {\n      \"Effect\": \"Allow\",\n      \"Action\": \"sts:AssumeRole\",\n      \"Resource\": \"arn:aws:iam::946429944765:role/sw-domino-project3-role\"\n    }\n  ]\n}",
            "override_policy_documents": null,
            "policy_id": null,
            "source_policy_documents": null,
            "statement": [
              {
                "actions": [
                  "sts:AssumeRole"
                ],
                "condition": [],
                "effect": "Allow",
                "not_actions": [],
                "not_principals": [],
                "not_resources": [],
                "principals": [],
                "resources": [
                  "arn:aws:iam::946429944765:role/sw-domino-project3-role"
                ],
                "sid": ""
              }
            ],
            "version": "2012-10-17"
          },
          "sensitive_attributes": []
        }
      ]
    },
    {
      "module": "module.irsa_proxy_role3[0]",
      "mode": "data",
      "type": "aws_iam_policy_document",
      "name": "irsa-proxy-role-trust-policy",
      "provider": "provider[\"registry.terraform.io/hashicorp/aws\"]",
      "instances": [
        {
          "schema_version": 0,
          "attributes": {
            "id": "3955801978",
            "json": "{\n  \"Version\": \"2012-10-17\",\n  \"Statement\": [\n    {\n      \"Effect\": \"Allow\",\n      \"Action\": \"sts:AssumeRoleWithWebIdentity\",\n      \"Principal\": {\n        \"Federated\": \"arn:aws:iam::946429944765:oidc-provider/oidc.eks.us-west-2.amazonaws.com/id/C7F107CAE94B194C9AF67A09A84B878B\"\n      },\n      \"Condition\": {\n        \"StringLike\": {\n          \"oidc.eks.us-west-2.amazonaws.com/id/C7F107CAE94B194C9AF67A09A84B878B:sub\": \"\"\n        }\n      }\n    }\n  ]\n}",
            "override_policy_documents": null,
            "policy_id": null,
            "source_policy_documents": null,
            "statement": [
              {
                "actions": [
                  "sts:AssumeRoleWithWebIdentity"
                ],
                "condition": [
                  {
                    "test": "StringLike",
                    "values": [
                      ""
                    ],
                    "variable": "oidc.eks.us-west-2.amazonaws.com/id/C7F107CAE94B194C9AF67A09A84B878B:sub"
                  }
                ],
                "effect": "Allow",
                "not_actions": [],
                "not_principals": [],
                "not_resources": [],
                "principals": [
                  {
                    "identifiers": [
                      "arn:aws:iam::946429944765:oidc-provider/oidc.eks.us-west-2.amazonaws.com/id/C7F107CAE94B194C9AF67A09A84B878B"
                    ],
                    "type": "Federated"
                  }
                ],
                "resources": [],
                "sid": ""
              }
            ],
            "version": "2012-10-17"
          },
          "sensitive_attributes": []
        }
      ]
    },
    {
      "module": "module.irsa_proxy_role3[0]",
      "mode": "managed",
      "type": "aws_iam_policy",
      "name": "domino-irsa-proxy-policy",
      "provider": "provider[\"registry.terraform.io/hashicorp/aws\"]",
      "instances": [
        {
          "schema_version": 0,
          "attributes": {
            "arn": "arn:aws:iam::946429944765:policy/sw-domino-proxy-project3-role-1-policy",
            "description": "",
            "id": "arn:aws:iam::946429944765:policy/sw-domino-proxy-project3-role-1-policy",
            "name": "sw-domino-proxy-project3-role-1-policy",
            "name_prefix": "",
            "path": "/",
            "policy": "{\"Statement\":[{\"Action\":\"sts:AssumeRole\",\"Effect\":\"Allow\",\"Resource\":\"arn:aws:iam::946429944765:role/sw-domino-project3-role\"}],\"Version\":\"2012-10-17\"}",
            "policy_id": "ANPA5YW464O6WPNZPO3IF",
            "tags": {},
            "tags_all": {}
          },
          "sensitive_attributes": [],
          "private": "bnVsbA==",
          "dependencies": [
            "module.irsa_proxy_role3.data.aws_caller_identity.current",
            "module.irsa_proxy_role3.data.aws_iam_policy_document.domino-irsa-proxy-policy"
          ]
        }
      ]
    },
    {
      "module": "module.irsa_proxy_role3[0]",
      "mode": "managed",
      "type": "aws_iam_role",
      "name": "domino-irsa-proxy",
      "provider": "provider[\"registry.terraform.io/hashicorp/aws\"]",
      "instances": [
        {
          "schema_version": 0,
          "attributes": {
            "arn": "arn:aws:iam::946429944765:role/sw-domino-proxy-project3-role-1",
            "assume_role_policy": "{\"Statement\":[{\"Action\":\"sts:AssumeRoleWithWebIdentity\",\"Condition\":{\"StringLike\":{\"oidc.eks.us-west-2.amazonaws.com/id/C7F107CAE94B194C9AF67A09A84B878B:sub\":\"\"}},\"Effect\":\"Allow\",\"Principal\":{\"Federated\":\"arn:aws:iam::946429944765:oidc-provider/oidc.eks.us-west-2.amazonaws.com/id/C7F107CAE94B194C9AF67A09A84B878B\"}}],\"Version\":\"2012-10-17\"}",
            "create_date": "2023-11-09T18:00:56Z",
            "description": "",
            "force_detach_policies": false,
            "id": "sw-domino-proxy-project3-role-1",
            "inline_policy": [],
            "managed_policy_arns": [
              "arn:aws:iam::946429944765:policy/sw-domino-proxy-project3-role-1-policy"
            ],
            "max_session_duration": 3600,
            "name": "sw-domino-proxy-project3-role-1",
            "name_prefix": "",
            "path": "/",
            "permissions_boundary": "",
            "tags": {},
            "tags_all": {},
            "unique_id": "AROA5YW464O6X2AF4POXK"
          },
          "sensitive_attributes": [],
          "private": "bnVsbA==",
          "dependencies": [
            "module.irsa_proxy_role3.data.aws_iam_policy_document.irsa-proxy-role-trust-policy"
          ]
        }
      ]
    },
    {
      "module": "module.irsa_proxy_role3[0]",
      "mode": "managed",
      "type": "aws_iam_role_policy_attachment",
      "name": "domino-irsa-proxy",
      "provider": "provider[\"registry.terraform.io/hashicorp/aws\"]",
      "instances": [
        {
          "schema_version": 0,
          "attributes": {
            "id": "sw-domino-proxy-project3-role-1-20231109180056770300000001",
            "policy_arn": "arn:aws:iam::946429944765:policy/sw-domino-proxy-project3-role-1-policy",
            "role": "sw-domino-proxy-project3-role-1"
          },
          "sensitive_attributes": [],
          "private": "bnVsbA==",
          "dependencies": [
            "module.irsa_proxy_role3.aws_iam_policy.domino-irsa-proxy-policy",
            "module.irsa_proxy_role3.aws_iam_role.domino-irsa-proxy",
            "module.irsa_proxy_role3.data.aws_caller_identity.current",
            "module.irsa_proxy_role3.data.aws_eks_cluster.domino-cluster",
            "module.irsa_proxy_role3.data.aws_iam_openid_connect_provider.domino-cluster-provider",
            "module.irsa_proxy_role3.data.aws_iam_policy_document.domino-irsa-proxy-policy",
            "module.irsa_proxy_role3.data.aws_iam_policy_document.irsa-proxy-role-trust-policy"
          ]
        }
      ]
    },
    {
      "module": "module.irsa_proxy_role4[0]",
      "mode": "data",
      "type": "aws_caller_identity",
      "name": "current",
      "provider": "provider[\"registry.terraform.io/hashicorp/aws\"]",
      "instances": [
        {
          "schema_version": 0,
          "attributes": {
            "account_id": "946429944765",
            "arn": "arn:aws:iam::946429944765:user/sameer.wadkar",
            "id": "946429944765",
            "user_id": "AIDA5YW464O65RDLJEBJ4"
          },
          "sensitive_attributes": []
        }
      ]
    },
    {
      "module": "module.irsa_proxy_role4[0]",
      "mode": "data",
      "type": "aws_eks_cluster",
      "name": "domino-cluster",
      "provider": "provider[\"registry.terraform.io/hashicorp/aws\"]",
      "instances": [
        {
          "schema_version": 0,
          "attributes": {
            "arn": "arn:aws:eks:us-west-2:946429944765:cluster/marcdo27843",
            "certificate_authority": [
              {
                "data": "LS0tLS1CRUdJTiBDRVJUSUZJQ0FURS0tLS0tCk1JSURCVENDQWUyZ0F3SUJBZ0lJUWVRc2tZdGgwWjB3RFFZSktvWklodmNOQVFFTEJRQXdGVEVUTUJFR0ExVUUKQXhNS2EzVmlaWEp1WlhSbGN6QWVGdzB5TXpFeE1EZ3hPVE0xTVRkYUZ3MHpNekV4TURVeE9UUXdNVGRhTUJVeApFekFSQmdOVkJBTVRDbXQxWW1WeWJtVjBaWE13Z2dFaU1BMEdDU3FHU0liM0RRRUJBUVVBQTRJQkR3QXdnZ0VLCkFvSUJBUURSY01IZm5RWXVIaFEzRDJQdGtTaDBqL0NnRWM0UjIxQ0ljR2NPT3c2VmRqYjBUTEN0Z2Y4TmxSNWkKeXd5djV0ZndKVWdMTHgxRTdwMkl3Qzkyb01DbEdJMkZvTTh6MGxMS3Bma1pCalFpNEFmUDZzLzFjK1ZqTVZ3cQpiQW5hYnNBWU5lYmlxckd4UHN6NjAzWlo0dGg2ZCtjVEM4ZFp0N2dmajZlaHpsanVZRlNJNk5KYncwcFZWKzhiClJybWRXblBHdzc5YldGMHdzaTdNVHQ4eUZIeE81SDhlT0dBdFp4ZFlEZURrSStmWTVncGZBdk55cSttOFpPOVMKckRnczZCV1l0dUdYbXp0dVFYaUZzd0FTdHFOWXNCTk1LcHMraVBJMmtZYjR5c0VTY3BqejZvak9MYzgxNGtERwpYT01HbkExRkJUazM3Z0szNjJueGRLOElDUkdCQWdNQkFBR2pXVEJYTUE0R0ExVWREd0VCL3dRRUF3SUNwREFQCkJnTlZIUk1CQWY4RUJUQURBUUgvTUIwR0ExVWREZ1FXQkJTZXE0eUZlV3Z3c3RTeVhMN2ptVTJZZ1V2SXJqQVYKQmdOVkhSRUVEakFNZ2dwcmRXSmxjbTVsZEdWek1BMEdDU3FHU0liM0RRRUJDd1VBQTRJQkFRQ1BZMXA3TkRWZgpWM3pjKzhLby9aelAwMGZBcm5zLzdTdkZ5ZmZHZmRHREtuTlhTeGhsWlVTQit2UmQ3bDkvMlBhUksxT3h1bkpxCjJ0Ni95K2JoYWJqWmQyNTJSdkFxSWhtQkcvbjk1aVNSVngwVFFjTnNxdEw4K05rNXpYRElxdlVOYUlyR0dieHUKUUFWT2xwdzZwQnY5SDIvc0lDK0tQWmduaytzaXRwekJHc3VmZW81M3dhZXJTdW1LbU5COVk4TjlkQUtJTTZ3RQpQTVorcXRuWDFNYnRYUEgyb1Y4NjBleUFPRXRFR0EwU1VkL3RwSTV3WkJqWXlNc2U0MUppbjJxNnZDQ0N6TStTCnRPRUlTMnRXRjdNcHRhVlhPY0RMSko5NWp2bWJmaTdwcXllaEVoR2l4dWVzTzBEZVdoK2U3SnNncG5zTW4xT1AKUHdNSkhTaW1XOFdJCi0tLS0tRU5EIENFUlRJRklDQVRFLS0tLS0K"
              }
            ],
            "cluster_id": null,
            "created_at": "2023-11-08 19:36:19.552 +0000 UTC",
            "enabled_cluster_log_types": [
              "api",
              "audit",
              "authenticator",
              "controllerManager",
              "scheduler"
            ],
            "endpoint": "https://C7F107CAE94B194C9AF67A09A84B878B.gr7.us-west-2.eks.amazonaws.com",
            "id": "marcdo27843",
            "identity": [
              {
                "oidc": [
                  {
                    "issuer": "https://oidc.eks.us-west-2.amazonaws.com/id/C7F107CAE94B194C9AF67A09A84B878B"
                  }
                ]
              }
            ],
            "kubernetes_network_config": [
              {
                "ip_family": "ipv4",
                "service_ipv4_cidr": "172.20.0.0/16",
                "service_ipv6_cidr": ""
              }
            ],
            "name": "marcdo27843",
            "outpost_config": [],
            "platform_version": "eks.7",
            "role_arn": "arn:aws:iam::946429944765:role/marcdo27843-eks",
            "status": "ACTIVE",
            "tags": {
              "artifacts_image_tag": "dummy",
              "build_timestamp": "2023-11-08T19:31:15.643710",
              "deploy_id": "marcdo27843",
              "deploy_tag": "v65",
              "deploy_type": "prod-aws-eks",
              "infosec_classification": "sensitive",
              "user_email": "marc.doan@dominodatalab.com"
            },
            "version": "1.27",
            "vpc_config": [
              {
                "cluster_security_group_id": "sg-02afa89f4a7595187",
                "endpoint_private_access": true,
                "endpoint_public_access": false,
                "public_access_cidrs": [],
                "security_group_ids": [
                  "sg-0bd96def60190e10d"
                ],
                "subnet_ids": [
                  "subnet-0351e4e2906cfc9b1",
                  "subnet-03be079b2a3000750",
                  "subnet-068ea140cf8d2a54f"
                ],
                "vpc_id": "vpc-0763dc23fae319178"
              }
            ]
          },
          "sensitive_attributes": []
        }
      ]
    },
    {
      "module": "module.irsa_proxy_role4[0]",
      "mode": "data",
      "type": "aws_iam_openid_connect_provider",
      "name": "domino-cluster-provider",
      "provider": "provider[\"registry.terraform.io/hashicorp/aws\"]",
      "instances": [
        {
          "schema_version": 0,
          "attributes": {
            "arn": "arn:aws:iam::946429944765:oidc-provider/oidc.eks.us-west-2.amazonaws.com/id/C7F107CAE94B194C9AF67A09A84B878B",
            "client_id_list": [
              "sts.amazonaws.com"
            ],
            "id": "arn:aws:iam::946429944765:oidc-provider/oidc.eks.us-west-2.amazonaws.com/id/C7F107CAE94B194C9AF67A09A84B878B",
            "tags": {
              "artifacts_image_tag": "dummy",
              "build_timestamp": "2023-11-08T19:31:15.643710",
              "deploy_id": "marcdo27843",
              "deploy_tag": "v65",
              "deploy_type": "prod-aws-eks",
              "infosec_classification": "sensitive",
              "user_email": "marc.doan@dominodatalab.com"
            },
            "thumbprint_list": [
              "9e99a48a9960b14926bb7f3b02e22da2b0ab7280",
              "06b25927c42a721631c1efd9431e648fa62e1e39",
              "2ad974a775f73cbdbbd8f5ac3a49255fa8fb1f8c",
              "e1d31a1f94725daaef02dcf1c1bb0ff4a28a6060"
            ],
            "url": "oidc.eks.us-west-2.amazonaws.com/id/C7F107CAE94B194C9AF67A09A84B878B"
          },
          "sensitive_attributes": []
        }
      ]
    },
    {
      "module": "module.irsa_proxy_role4[0]",
      "mode": "data",
      "type": "aws_iam_policy_document",
      "name": "domino-irsa-proxy-policy",
      "provider": "provider[\"registry.terraform.io/hashicorp/aws\"]",
      "instances": [
        {
          "schema_version": 0,
          "attributes": {
            "id": "3242758265",
            "json": "{\n  \"Version\": \"2012-10-17\",\n  \"Statement\": [\n    {\n      \"Effect\": \"Allow\",\n      \"Action\": \"sts:AssumeRole\",\n      \"Resource\": \"arn:aws:iam::946429944765:role/sw-domino-project4-role\"\n    }\n  ]\n}",
            "override_policy_documents": null,
            "policy_id": null,
            "source_policy_documents": null,
            "statement": [
              {
                "actions": [
                  "sts:AssumeRole"
                ],
                "condition": [],
                "effect": "Allow",
                "not_actions": [],
                "not_principals": [],
                "not_resources": [],
                "principals": [],
                "resources": [
                  "arn:aws:iam::946429944765:role/sw-domino-project4-role"
                ],
                "sid": ""
              }
            ],
            "version": "2012-10-17"
          },
          "sensitive_attributes": []
        }
      ]
    },
    {
      "module": "module.irsa_proxy_role4[0]",
      "mode": "data",
      "type": "aws_iam_policy_document",
      "name": "irsa-proxy-role-trust-policy",
      "provider": "provider[\"registry.terraform.io/hashicorp/aws\"]",
      "instances": [
        {
          "schema_version": 0,
          "attributes": {
            "id": "3955801978",
            "json": "{\n  \"Version\": \"2012-10-17\",\n  \"Statement\": [\n    {\n      \"Effect\": \"Allow\",\n      \"Action\": \"sts:AssumeRoleWithWebIdentity\",\n      \"Principal\": {\n        \"Federated\": \"arn:aws:iam::946429944765:oidc-provider/oidc.eks.us-west-2.amazonaws.com/id/C7F107CAE94B194C9AF67A09A84B878B\"\n      },\n      \"Condition\": {\n        \"StringLike\": {\n          \"oidc.eks.us-west-2.amazonaws.com/id/C7F107CAE94B194C9AF67A09A84B878B:sub\": \"\"\n        }\n      }\n    }\n  ]\n}",
            "override_policy_documents": null,
            "policy_id": null,
            "source_policy_documents": null,
            "statement": [
              {
                "actions": [
                  "sts:AssumeRoleWithWebIdentity"
                ],
                "condition": [
                  {
                    "test": "StringLike",
                    "values": [
                      ""
                    ],
                    "variable": "oidc.eks.us-west-2.amazonaws.com/id/C7F107CAE94B194C9AF67A09A84B878B:sub"
                  }
                ],
                "effect": "Allow",
                "not_actions": [],
                "not_principals": [],
                "not_resources": [],
                "principals": [
                  {
                    "identifiers": [
                      "arn:aws:iam::946429944765:oidc-provider/oidc.eks.us-west-2.amazonaws.com/id/C7F107CAE94B194C9AF67A09A84B878B"
                    ],
                    "type": "Federated"
                  }
                ],
                "resources": [],
                "sid": ""
              }
            ],
            "version": "2012-10-17"
          },
          "sensitive_attributes": []
        }
      ]
    },
    {
      "module": "module.irsa_proxy_role4[0]",
      "mode": "managed",
      "type": "aws_iam_policy",
      "name": "domino-irsa-proxy-policy",
      "provider": "provider[\"registry.terraform.io/hashicorp/aws\"]",
      "instances": [
        {
          "schema_version": 0,
          "attributes": {
            "arn": "arn:aws:iam::946429944765:policy/sw-domino-proxy-project4-role-1-policy",
            "description": "",
            "id": "arn:aws:iam::946429944765:policy/sw-domino-proxy-project4-role-1-policy",
            "name": "sw-domino-proxy-project4-role-1-policy",
            "name_prefix": "",
            "path": "/",
            "policy": "{\"Statement\":[{\"Action\":\"sts:AssumeRole\",\"Effect\":\"Allow\",\"Resource\":\"arn:aws:iam::946429944765:role/sw-domino-project4-role\"}],\"Version\":\"2012-10-17\"}",
            "policy_id": "ANPA5YW464O6Y7WNDFCF7",
            "tags": {},
            "tags_all": {}
          },
          "sensitive_attributes": [],
          "private": "bnVsbA==",
          "dependencies": [
            "module.irsa_proxy_role4.data.aws_caller_identity.current",
            "module.irsa_proxy_role4.data.aws_iam_policy_document.domino-irsa-proxy-policy"
          ]
        }
      ]
    },
    {
      "module": "module.irsa_proxy_role4[0]",
      "mode": "managed",
      "type": "aws_iam_role",
      "name": "domino-irsa-proxy",
      "provider": "provider[\"registry.terraform.io/hashicorp/aws\"]",
      "instances": [
        {
          "schema_version": 0,
          "attributes": {
            "arn": "arn:aws:iam::946429944765:role/sw-domino-proxy-project4-role-1",
            "assume_role_policy": "{\"Statement\":[{\"Action\":\"sts:AssumeRoleWithWebIdentity\",\"Condition\":{\"StringLike\":{\"oidc.eks.us-west-2.amazonaws.com/id/C7F107CAE94B194C9AF67A09A84B878B:sub\":\"\"}},\"Effect\":\"Allow\",\"Principal\":{\"Federated\":\"arn:aws:iam::946429944765:oidc-provider/oidc.eks.us-west-2.amazonaws.com/id/C7F107CAE94B194C9AF67A09A84B878B\"}}],\"Version\":\"2012-10-17\"}",
            "create_date": "2023-11-09T18:00:56Z",
            "description": "",
            "force_detach_policies": false,
            "id": "sw-domino-proxy-project4-role-1",
            "inline_policy": [],
            "managed_policy_arns": [
              "arn:aws:iam::946429944765:policy/sw-domino-proxy-project4-role-1-policy"
            ],
            "max_session_duration": 3600,
            "name": "sw-domino-proxy-project4-role-1",
            "name_prefix": "",
            "path": "/",
            "permissions_boundary": "",
            "tags": {},
            "tags_all": {},
            "unique_id": "AROA5YW464O6RQJDMUFJG"
          },
          "sensitive_attributes": [],
          "private": "bnVsbA==",
          "dependencies": [
            "module.irsa_proxy_role4.data.aws_iam_policy_document.irsa-proxy-role-trust-policy"
          ]
        }
      ]
    },
    {
      "module": "module.irsa_proxy_role4[0]",
      "mode": "managed",
      "type": "aws_iam_role_policy_attachment",
      "name": "domino-irsa-proxy",
      "provider": "provider[\"registry.terraform.io/hashicorp/aws\"]",
      "instances": [
        {
          "schema_version": 0,
          "attributes": {
            "id": "sw-domino-proxy-project4-role-1-20231109180056896200000002",
            "policy_arn": "arn:aws:iam::946429944765:policy/sw-domino-proxy-project4-role-1-policy",
            "role": "sw-domino-proxy-project4-role-1"
          },
          "sensitive_attributes": [],
          "private": "bnVsbA==",
          "dependencies": [
            "module.irsa_proxy_role4.aws_iam_policy.domino-irsa-proxy-policy",
            "module.irsa_proxy_role4.aws_iam_role.domino-irsa-proxy",
            "module.irsa_proxy_role4.data.aws_caller_identity.current",
            "module.irsa_proxy_role4.data.aws_eks_cluster.domino-cluster",
            "module.irsa_proxy_role4.data.aws_iam_openid_connect_provider.domino-cluster-provider",
            "module.irsa_proxy_role4.data.aws_iam_policy_document.domino-irsa-proxy-policy",
            "module.irsa_proxy_role4.data.aws_iam_policy_document.irsa-proxy-role-trust-policy"
          ]
        }
      ]
    },
    {
      "module": "module.irsa_workload_role1",
      "mode": "data",
      "type": "aws_iam_policy_document",
      "name": "workload-role-trust-policy",
      "provider": "provider[\"registry.terraform.io/hashicorp/aws\"]",
      "instances": [
        {
          "schema_version": 0,
          "attributes": {
            "id": "3077913299",
            "json": "{\n  \"Version\": \"2012-10-17\",\n  \"Statement\": [\n    {\n      \"Effect\": \"Allow\",\n      \"Action\": \"sts:AssumeRole\",\n      \"Principal\": {\n        \"AWS\": \"arn:aws:iam::946429944765:role/sw-domino-proxy-project1-role-1\"\n      }\n    }\n  ]\n}",
            "override_policy_documents": null,
            "policy_id": null,
            "source_policy_documents": null,
            "statement": [
              {
                "actions": [
                  "sts:AssumeRole"
                ],
                "condition": [],
                "effect": "Allow",
                "not_actions": [],
                "not_principals": [],
                "not_resources": [],
                "principals": [
                  {
                    "identifiers": [
                      "arn:aws:iam::946429944765:role/sw-domino-proxy-project1-role-1"
                    ],
                    "type": "AWS"
                  }
                ],
                "resources": [],
                "sid": ""
              }
            ],
            "version": "2012-10-17"
          },
          "sensitive_attributes": []
        }
      ]
    },
    {
      "module": "module.irsa_workload_role1",
      "mode": "managed",
      "type": "aws_iam_role",
      "name": "irsa-workload-role",
      "provider": "provider[\"registry.terraform.io/hashicorp/aws\"]",
      "instances": [
        {
          "schema_version": 0,
          "attributes": {
            "arn": "arn:aws:iam::946429944765:role/sw-domino-project1-role",
            "assume_role_policy": "{\"Statement\":[{\"Action\":\"sts:AssumeRole\",\"Effect\":\"Allow\",\"Principal\":{\"AWS\":\"arn:aws:iam::946429944765:role/sw-domino-proxy-project1-role-1\"}}],\"Version\":\"2012-10-17\"}",
            "create_date": "2023-11-09T18:01:06Z",
            "description": "",
            "force_detach_policies": false,
            "id": "sw-domino-project1-role",
            "inline_policy": [],
            "managed_policy_arns": [
              "arn:aws:iam::946429944765:policy/sw-domino-project1-policy"
            ],
            "max_session_duration": 3600,
            "name": "sw-domino-project1-role",
            "name_prefix": "",
            "path": "/",
            "permissions_boundary": "",
            "tags": {},
            "tags_all": {},
            "unique_id": "AROA5YW464O66XCZ45TB6"
          },
          "sensitive_attributes": [],
          "private": "bnVsbA==",
          "dependencies": [
            "module.irsa_proxy_role1.aws_iam_policy.domino-irsa-proxy-policy",
            "module.irsa_proxy_role1.aws_iam_role.domino-irsa-proxy",
            "module.irsa_proxy_role1.aws_iam_role_policy_attachment.domino-irsa-proxy",
            "module.irsa_proxy_role1.data.aws_caller_identity.current",
            "module.irsa_proxy_role1.data.aws_eks_cluster.domino-cluster",
            "module.irsa_proxy_role1.data.aws_iam_openid_connect_provider.domino-cluster-provider",
            "module.irsa_proxy_role1.data.aws_iam_policy_document.domino-irsa-proxy-policy",
            "module.irsa_proxy_role1.data.aws_iam_policy_document.irsa-proxy-role-trust-policy",
            "module.irsa_workload_role1.data.aws_iam_policy_document.workload-role-trust-policy"
          ]
        }
      ]
    },
    {
      "module": "module.irsa_workload_role2",
      "mode": "data",
      "type": "aws_iam_policy_document",
      "name": "workload-role-trust-policy",
      "provider": "provider[\"registry.terraform.io/hashicorp/aws\"]",
      "instances": [
        {
          "schema_version": 0,
          "attributes": {
            "id": "310202815",
            "json": "{\n  \"Version\": \"2012-10-17\",\n  \"Statement\": [\n    {\n      \"Effect\": \"Allow\",\n      \"Action\": \"sts:AssumeRole\",\n      \"Principal\": {\n        \"AWS\": \"arn:aws:iam::946429944765:role/sw-domino-proxy-project2-role-1\"\n      }\n    }\n  ]\n}",
            "override_policy_documents": null,
            "policy_id": null,
            "source_policy_documents": null,
            "statement": [
              {
                "actions": [
                  "sts:AssumeRole"
                ],
                "condition": [],
                "effect": "Allow",
                "not_actions": [],
                "not_principals": [],
                "not_resources": [],
                "principals": [
                  {
                    "identifiers": [
                      "arn:aws:iam::946429944765:role/sw-domino-proxy-project2-role-1"
                    ],
                    "type": "AWS"
                  }
                ],
                "resources": [],
                "sid": ""
              }
            ],
            "version": "2012-10-17"
          },
          "sensitive_attributes": []
        }
      ]
    },
    {
      "module": "module.irsa_workload_role2",
      "mode": "managed",
      "type": "aws_iam_role",
      "name": "irsa-workload-role",
      "provider": "provider[\"registry.terraform.io/hashicorp/aws\"]",
      "instances": [
        {
          "schema_version": 0,
          "attributes": {
            "arn": "arn:aws:iam::946429944765:role/sw-domino-project2-role",
            "assume_role_policy": "{\"Statement\":[{\"Action\":\"sts:AssumeRole\",\"Effect\":\"Allow\",\"Principal\":{\"AWS\":\"arn:aws:iam::946429944765:role/sw-domino-proxy-project2-role-1\"}}],\"Version\":\"2012-10-17\"}",
            "create_date": "2023-11-09T18:01:08Z",
            "description": "",
            "force_detach_policies": false,
            "id": "sw-domino-project2-role",
            "inline_policy": [],
            "managed_policy_arns": [
              "arn:aws:iam::946429944765:policy/sw-domino-project2-policy"
            ],
            "max_session_duration": 3600,
            "name": "sw-domino-project2-role",
            "name_prefix": "",
            "path": "/",
            "permissions_boundary": "",
            "tags": {},
            "tags_all": {},
            "unique_id": "AROA5YW464O6X5SHVPTTH"
          },
          "sensitive_attributes": [],
          "private": "bnVsbA==",
          "dependencies": [
            "module.irsa_proxy_role2.aws_iam_policy.domino-irsa-proxy-policy",
            "module.irsa_proxy_role2.aws_iam_role.domino-irsa-proxy",
            "module.irsa_proxy_role2.aws_iam_role_policy_attachment.domino-irsa-proxy",
            "module.irsa_proxy_role2.data.aws_caller_identity.current",
            "module.irsa_proxy_role2.data.aws_eks_cluster.domino-cluster",
            "module.irsa_proxy_role2.data.aws_iam_openid_connect_provider.domino-cluster-provider",
            "module.irsa_proxy_role2.data.aws_iam_policy_document.domino-irsa-proxy-policy",
            "module.irsa_proxy_role2.data.aws_iam_policy_document.irsa-proxy-role-trust-policy",
            "module.irsa_workload_role2.data.aws_iam_policy_document.workload-role-trust-policy"
          ]
        }
      ]
    },
    {
      "module": "module.irsa_workload_role3",
      "mode": "data",
      "type": "aws_iam_policy_document",
      "name": "workload-role-trust-policy",
      "provider": "provider[\"registry.terraform.io/hashicorp/aws\"]",
      "instances": [
        {
          "schema_version": 0,
          "attributes": {
            "id": "310202815",
            "json": "{\n  \"Version\": \"2012-10-17\",\n  \"Statement\": [\n    {\n      \"Effect\": \"Allow\",\n      \"Action\": \"sts:AssumeRole\",\n      \"Principal\": {\n        \"AWS\": \"arn:aws:iam::946429944765:role/sw-domino-proxy-project2-role-1\"\n      }\n    }\n  ]\n}",
            "override_policy_documents": null,
            "policy_id": null,
            "source_policy_documents": null,
            "statement": [
              {
                "actions": [
                  "sts:AssumeRole"
                ],
                "condition": [],
                "effect": "Allow",
                "not_actions": [],
                "not_principals": [],
                "not_resources": [],
                "principals": [
                  {
                    "identifiers": [
                      "arn:aws:iam::946429944765:role/sw-domino-proxy-project2-role-1"
                    ],
                    "type": "AWS"
                  }
                ],
                "resources": [],
                "sid": ""
              }
            ],
            "version": "2012-10-17"
          },
          "sensitive_attributes": []
        }
      ]
    },
    {
      "module": "module.irsa_workload_role3",
      "mode": "managed",
      "type": "aws_iam_role",
      "name": "irsa-workload-role",
      "provider": "provider[\"registry.terraform.io/hashicorp/aws\"]",
      "instances": [
        {
          "schema_version": 0,
          "attributes": {
            "arn": "arn:aws:iam::946429944765:role/sw-domino-project3-role",
            "assume_role_policy": "{\"Statement\":[{\"Action\":\"sts:AssumeRole\",\"Effect\":\"Allow\",\"Principal\":{\"AWS\":\"arn:aws:iam::946429944765:role/sw-domino-proxy-project2-role-1\"}}],\"Version\":\"2012-10-17\"}",
            "create_date": "2023-11-09T18:01:06Z",
            "description": "",
            "force_detach_policies": false,
            "id": "sw-domino-project3-role",
            "inline_policy": [],
            "managed_policy_arns": [
              "arn:aws:iam::946429944765:policy/sw-domino-project3-policy"
            ],
            "max_session_duration": 3600,
            "name": "sw-domino-project3-role",
            "name_prefix": "",
            "path": "/",
            "permissions_boundary": "",
            "tags": {},
            "tags_all": {},
            "unique_id": "AROA5YW464O62USTPWWRG"
          },
          "sensitive_attributes": [],
          "private": "bnVsbA==",
          "dependencies": [
            "module.irsa_workload_role3.data.aws_iam_policy_document.workload-role-trust-policy"
          ]
        }
      ]
    },
    {
      "module": "module.irsa_workload_role4",
      "mode": "data",
      "type": "aws_iam_policy_document",
      "name": "workload-role-trust-policy",
      "provider": "provider[\"registry.terraform.io/hashicorp/aws\"]",
      "instances": [
        {
          "schema_version": 0,
          "attributes": {
            "id": "310202815",
            "json": "{\n  \"Version\": \"2012-10-17\",\n  \"Statement\": [\n    {\n      \"Effect\": \"Allow\",\n      \"Action\": \"sts:AssumeRole\",\n      \"Principal\": {\n        \"AWS\": \"arn:aws:iam::946429944765:role/sw-domino-proxy-project2-role-1\"\n      }\n    }\n  ]\n}",
            "override_policy_documents": null,
            "policy_id": null,
            "source_policy_documents": null,
            "statement": [
              {
                "actions": [
                  "sts:AssumeRole"
                ],
                "condition": [],
                "effect": "Allow",
                "not_actions": [],
                "not_principals": [],
                "not_resources": [],
                "principals": [
                  {
                    "identifiers": [
                      "arn:aws:iam::946429944765:role/sw-domino-proxy-project2-role-1"
                    ],
                    "type": "AWS"
                  }
                ],
                "resources": [],
                "sid": ""
              }
            ],
            "version": "2012-10-17"
          },
          "sensitive_attributes": []
        }
      ]
    },
    {
      "module": "module.irsa_workload_role4",
      "mode": "managed",
      "type": "aws_iam_role",
      "name": "irsa-workload-role",
      "provider": "provider[\"registry.terraform.io/hashicorp/aws\"]",
      "instances": [
        {
          "schema_version": 0,
          "attributes": {
            "arn": "arn:aws:iam::946429944765:role/sw-domino-project4-role",
            "assume_role_policy": "{\"Statement\":[{\"Action\":\"sts:AssumeRole\",\"Effect\":\"Allow\",\"Principal\":{\"AWS\":\"arn:aws:iam::946429944765:role/sw-domino-proxy-project2-role-1\"}}],\"Version\":\"2012-10-17\"}",
            "create_date": "2023-11-09T18:01:06Z",
            "description": "",
            "force_detach_policies": false,
            "id": "sw-domino-project4-role",
            "inline_policy": [],
            "managed_policy_arns": [
              "arn:aws:iam::946429944765:policy/sw-domino-project4-policy"
            ],
            "max_session_duration": 3600,
            "name": "sw-domino-project4-role",
            "name_prefix": "",
            "path": "/",
            "permissions_boundary": "",
            "tags": {},
            "tags_all": {},
            "unique_id": "AROA5YW464O62ZB5YFNRP"
          },
          "sensitive_attributes": [],
          "private": "bnVsbA==",
          "dependencies": [
            "module.irsa_workload_role4.data.aws_iam_policy_document.workload-role-trust-policy"
          ]
        }
      ]
    }
  ],
  "check_results": null
}
